{
  "version": 4,
  "terraform_version": "1.0.6",
  "serial": 599,
  "lineage": "495a0811-f6b9-e9bc-5cd8-232cff26c90c",
  "outputs": {
    "debugger": {
      "value": {
        "cms-lb-target-group": {
          "arn": "arn:aws:elasticloadbalancing:ap-northeast-1:718286959245:targetgroup/tf-20211027084003412800000003/3e23d1263280c816",
          "arn_suffix": "targetgroup/tf-20211027084003412800000003/3e23d1263280c816",
          "id": "arn:aws:elasticloadbalancing:ap-northeast-1:718286959245:targetgroup/tf-20211027084003412800000003/3e23d1263280c816",
          "name": "tf-20211027084003412800000003"
        }
      },
      "type": [
        "object",
        {
          "cms-lb-target-group": [
            "object",
            {
              "arn": "string",
              "arn_suffix": "string",
              "id": "string",
              "name": "string"
            }
          ]
        }
      ]
    }
  },
  "resources": [
    {
      "mode": "managed",
      "type": "aws_ecs_cluster",
      "name": "cluster",
      "provider": "provider[\"registry.terraform.io/hashicorp/aws\"]",
      "instances": [
        {
          "schema_version": 0,
          "attributes": {
            "arn": "arn:aws:ecs:ap-northeast-1:718286959245:cluster/cms-cluster",
            "capacity_providers": [],
            "configuration": [],
            "default_capacity_provider_strategy": [],
            "id": "arn:aws:ecs:ap-northeast-1:718286959245:cluster/cms-cluster",
            "name": "cms-cluster",
            "setting": [
              {
                "name": "containerInsights",
                "value": "disabled"
              }
            ],
            "tags": {
              "Enviroment": "dev",
              "Name": "cms-cluster"
            },
            "tags_all": {
              "Enviroment": "dev",
              "Name": "cms-cluster"
            }
          },
          "sensitive_attributes": [],
          "private": "bnVsbA=="
        }
      ]
    },
    {
      "mode": "managed",
      "type": "aws_ecs_service",
      "name": "service",
      "provider": "provider[\"registry.terraform.io/hashicorp/aws\"]",
      "instances": [
        {
          "schema_version": 0,
          "attributes": {
            "capacity_provider_strategy": [],
            "cluster": "arn:aws:ecs:ap-northeast-1:718286959245:cluster/cms-cluster",
            "deployment_circuit_breaker": [
              {
                "enable": false,
                "rollback": false
              }
            ],
            "deployment_controller": [
              {
                "type": "ECS"
              }
            ],
            "deployment_maximum_percent": 200,
            "deployment_minimum_healthy_percent": 100,
            "desired_count": 2,
            "enable_ecs_managed_tags": false,
            "enable_execute_command": false,
            "force_new_deployment": null,
            "health_check_grace_period_seconds": 0,
            "iam_role": "aws-service-role",
            "id": "arn:aws:ecs:ap-northeast-1:718286959245:service/cms-cluster/cms-ecs-service",
            "launch_type": "FARGATE",
            "load_balancer": [
              {
                "container_name": "cms-api",
                "container_port": 80,
                "elb_name": "",
                "target_group_arn": "arn:aws:elasticloadbalancing:ap-northeast-1:718286959245:targetgroup/tf-20211027084003412800000003/3e23d1263280c816"
              }
            ],
            "name": "cms-ecs-service",
            "network_configuration": [
              {
                "assign_public_ip": false,
                "security_groups": [
                  "sg-0f6e644bdd7b5e285"
                ],
                "subnets": [
                  "subnet-0258b9f9e472dd47f",
                  "subnet-07c9d129f3316bf5f"
                ]
              }
            ],
            "ordered_placement_strategy": [],
            "placement_constraints": [],
            "platform_version": "LATEST",
            "propagate_tags": "NONE",
            "scheduling_strategy": "REPLICA",
            "service_registries": [],
            "tags": null,
            "tags_all": {},
            "task_definition": "arn:aws:ecs:ap-northeast-1:718286959245:task-definition/cms-api-task-definition:2",
            "timeouts": null,
            "wait_for_steady_state": false
          },
          "sensitive_attributes": [],
          "private": "eyJlMmJmYjczMC1lY2FhLTExZTYtOGY4OC0zNDM2M2JjN2M0YzAiOnsiZGVsZXRlIjoxMjAwMDAwMDAwMDAwfX0=",
          "dependencies": [
            "aws_ecs_cluster.cluster",
            "aws_ecs_task_definition.task_definition",
            "aws_security_group.sg_ecs_service",
            "aws_security_group.sg_endpoint",
            "module.alb.aws_lb.load_balancer",
            "module.alb.aws_lb_listener.listener",
            "module.alb.aws_lb_target_group.target_group",
            "module.alb.aws_route53_record.load_balancer",
            "module.alb.aws_security_group.default",
            "module.alb.aws_security_group_rule.default_egress",
            "module.alb.aws_security_group_rule.default_ingress",
            "module.alb.data.aws_vpc.vpc",
            "module.endpoints.aws_vpc_endpoint.this",
            "module.endpoints.data.aws_vpc_endpoint_service.this",
            "module.vpc.aws_cloudwatch_log_group.flow_log",
            "module.vpc.aws_customer_gateway.this",
            "module.vpc.aws_db_subnet_group.database",
            "module.vpc.aws_default_network_acl.this",
            "module.vpc.aws_default_route_table.default",
            "module.vpc.aws_default_security_group.this",
            "module.vpc.aws_default_vpc.this",
            "module.vpc.aws_egress_only_internet_gateway.this",
            "module.vpc.aws_eip.nat",
            "module.vpc.aws_elasticache_subnet_group.elasticache",
            "module.vpc.aws_flow_log.this",
            "module.vpc.aws_iam_policy.vpc_flow_log_cloudwatch",
            "module.vpc.aws_iam_role.vpc_flow_log_cloudwatch",
            "module.vpc.aws_iam_role_policy_attachment.vpc_flow_log_cloudwatch",
            "module.vpc.aws_internet_gateway.this",
            "module.vpc.aws_nat_gateway.this",
            "module.vpc.aws_network_acl.database",
            "module.vpc.aws_network_acl.elasticache",
            "module.vpc.aws_network_acl.intra",
            "module.vpc.aws_network_acl.outpost",
            "module.vpc.aws_network_acl.private",
            "module.vpc.aws_network_acl.public",
            "module.vpc.aws_network_acl.redshift",
            "module.vpc.aws_network_acl_rule.database_inbound",
            "module.vpc.aws_network_acl_rule.database_outbound",
            "module.vpc.aws_network_acl_rule.elasticache_inbound",
            "module.vpc.aws_network_acl_rule.elasticache_outbound",
            "module.vpc.aws_network_acl_rule.intra_inbound",
            "module.vpc.aws_network_acl_rule.intra_outbound",
            "module.vpc.aws_network_acl_rule.outpost_inbound",
            "module.vpc.aws_network_acl_rule.outpost_outbound",
            "module.vpc.aws_network_acl_rule.private_inbound",
            "module.vpc.aws_network_acl_rule.private_outbound",
            "module.vpc.aws_network_acl_rule.public_inbound",
            "module.vpc.aws_network_acl_rule.public_outbound",
            "module.vpc.aws_network_acl_rule.redshift_inbound",
            "module.vpc.aws_network_acl_rule.redshift_outbound",
            "module.vpc.aws_redshift_subnet_group.redshift",
            "module.vpc.aws_route.database_internet_gateway",
            "module.vpc.aws_route.database_ipv6_egress",
            "module.vpc.aws_route.database_nat_gateway",
            "module.vpc.aws_route.private_ipv6_egress",
            "module.vpc.aws_route.private_nat_gateway",
            "module.vpc.aws_route.public_internet_gateway",
            "module.vpc.aws_route.public_internet_gateway_ipv6",
            "module.vpc.aws_route_table.database",
            "module.vpc.aws_route_table.elasticache",
            "module.vpc.aws_route_table.intra",
            "module.vpc.aws_route_table.private",
            "module.vpc.aws_route_table.public",
            "module.vpc.aws_route_table.redshift",
            "module.vpc.aws_route_table_association.database",
            "module.vpc.aws_route_table_association.elasticache",
            "module.vpc.aws_route_table_association.intra",
            "module.vpc.aws_route_table_association.outpost",
            "module.vpc.aws_route_table_association.private",
            "module.vpc.aws_route_table_association.public",
            "module.vpc.aws_route_table_association.redshift",
            "module.vpc.aws_route_table_association.redshift_public",
            "module.vpc.aws_subnet.database",
            "module.vpc.aws_subnet.elasticache",
            "module.vpc.aws_subnet.intra",
            "module.vpc.aws_subnet.outpost",
            "module.vpc.aws_subnet.private",
            "module.vpc.aws_subnet.public",
            "module.vpc.aws_subnet.redshift",
            "module.vpc.aws_vpc.this",
            "module.vpc.aws_vpc_dhcp_options.this",
            "module.vpc.aws_vpc_dhcp_options_association.this",
            "module.vpc.aws_vpc_ipv4_cidr_block_association.this",
            "module.vpc.aws_vpn_gateway.this",
            "module.vpc.aws_vpn_gateway_attachment.this",
            "module.vpc.aws_vpn_gateway_route_propagation.intra",
            "module.vpc.aws_vpn_gateway_route_propagation.private",
            "module.vpc.aws_vpn_gateway_route_propagation.public",
            "module.vpc.data.aws_iam_policy_document.flow_log_cloudwatch_assume_role",
            "module.vpc.data.aws_iam_policy_document.vpc_flow_log_cloudwatch"
          ]
        }
      ]
    },
    {
      "mode": "managed",
      "type": "aws_ecs_task_definition",
      "name": "hello_world_task_definition",
      "provider": "provider[\"registry.terraform.io/hashicorp/aws\"]",
      "instances": [
        {
          "schema_version": 1,
          "attributes": {
            "arn": "arn:aws:ecs:ap-northeast-1:718286959245:task-definition/cms-task-definition:5",
            "container_definitions": "[{\"cpu\":256,\"environment\":[],\"essential\":true,\"image\":\"718286959245.dkr.ecr.ap-northeast-1.amazonaws.com/deploy-demo:latest\",\"memory\":512,\"mountPoints\":[],\"name\":\"hello-world\",\"portMappings\":[{\"containerPort\":80,\"hostPort\":80,\"protocol\":\"tcp\"}],\"volumesFrom\":[]}]",
            "cpu": "1024",
            "ephemeral_storage": [],
            "execution_role_arn": "arn:aws:iam::718286959245:role/cms-task-execution-role",
            "family": "cms-task-definition",
            "id": "cms-task-definition",
            "inference_accelerator": [],
            "ipc_mode": "",
            "memory": "2048",
            "network_mode": "awsvpc",
            "pid_mode": "",
            "placement_constraints": [],
            "proxy_configuration": [],
            "requires_compatibilities": [
              "FARGATE"
            ],
            "revision": 5,
            "tags": null,
            "tags_all": {},
            "task_role_arn": "arn:aws:iam::718286959245:role/cms-task-role",
            "volume": []
          },
          "sensitive_attributes": [],
          "private": "eyJzY2hlbWFfdmVyc2lvbiI6IjEifQ==",
          "dependencies": [
            "aws_iam_role.task_execution_role",
            "aws_iam_role.task_role",
            "aws_iam_role_policy_attachment.ecs_execution_policy_attachment"
          ]
        }
      ]
    },
    {
      "mode": "managed",
      "type": "aws_ecs_task_definition",
      "name": "task_definition",
      "provider": "provider[\"registry.terraform.io/hashicorp/aws\"]",
      "instances": [
        {
          "schema_version": 1,
          "attributes": {
            "arn": "arn:aws:ecs:ap-northeast-1:718286959245:task-definition/cms-api-task-definition:2",
            "container_definitions": "[{\"cpu\":256,\"environment\":[],\"essential\":true,\"image\":\"718286959245.dkr.ecr.ap-northeast-1.amazonaws.com/cms-api:latest\",\"memory\":512,\"mountPoints\":[],\"name\":\"cms-api\",\"portMappings\":[{\"containerPort\":80,\"hostPort\":80,\"protocol\":\"tcp\"}],\"volumesFrom\":[]}]",
            "cpu": "1024",
            "ephemeral_storage": [],
            "execution_role_arn": "arn:aws:iam::718286959245:role/cms-task-execution-role",
            "family": "cms-api-task-definition",
            "id": "cms-api-task-definition",
            "inference_accelerator": [],
            "ipc_mode": "",
            "memory": "2048",
            "network_mode": "awsvpc",
            "pid_mode": "",
            "placement_constraints": [],
            "proxy_configuration": [],
            "requires_compatibilities": [
              "FARGATE"
            ],
            "revision": 2,
            "tags": {},
            "tags_all": {},
            "task_role_arn": "arn:aws:iam::718286959245:role/cms-task-role",
            "volume": []
          },
          "sensitive_attributes": [],
          "private": "eyJzY2hlbWFfdmVyc2lvbiI6IjEifQ==",
          "dependencies": [
            "aws_iam_role.task_execution_role",
            "aws_iam_role.task_role",
            "aws_iam_role_policy_attachment.ecs_execution_policy_attachment"
          ]
        }
      ]
    },
    {
      "mode": "managed",
      "type": "aws_iam_role",
      "name": "lambda_role",
      "provider": "provider[\"registry.terraform.io/hashicorp/aws\"]",
      "instances": [
        {
          "schema_version": 0,
          "attributes": {
            "arn": "arn:aws:iam::718286959245:role/cms-lambda-role",
            "assume_role_policy": "{\"Version\":\"2012-10-17\",\"Statement\":[{\"Sid\":\"\",\"Effect\":\"Allow\",\"Principal\":{\"Service\":\"lambda.amazonaws.com\"},\"Action\":\"sts:AssumeRole\"}]}",
            "create_date": "2021-10-26T02:50:15Z",
            "description": "",
            "force_detach_policies": false,
            "id": "cms-lambda-role",
            "inline_policy": [
              {
                "name": "cms-lambda-role-policy",
                "policy": "{\"Statement\":[{\"Action\":[\"logs:CreateLogGroup\",\"logs:CreateLogStream\",\"logs:PutLogEvents\",\"logs:DescribeLogGroups\",\"ses:SendEmail\",\"mediaconvert:CreateJob\",\"iam:PassRole\"],\"Effect\":\"Allow\",\"Resource\":\"*\"}],\"Version\":\"2012-10-17\"}"
              }
            ],
            "managed_policy_arns": [],
            "max_session_duration": 3600,
            "name": "cms-lambda-role",
            "name_prefix": "",
            "path": "/",
            "permissions_boundary": null,
            "tags": {},
            "tags_all": {},
            "unique_id": "AROA2OPJ5GKGVQJGX4UQR"
          },
          "sensitive_attributes": [],
          "private": "bnVsbA=="
        }
      ]
    },
    {
      "mode": "managed",
      "type": "aws_iam_role",
      "name": "task_execution_role",
      "provider": "provider[\"registry.terraform.io/hashicorp/aws\"]",
      "instances": [
        {
          "schema_version": 0,
          "attributes": {
            "arn": "arn:aws:iam::718286959245:role/cms-task-execution-role",
            "assume_role_policy": "{\"Version\":\"2012-10-17\",\"Statement\":[{\"Sid\":\"\",\"Effect\":\"Allow\",\"Principal\":{\"Service\":\"ecs-tasks.amazonaws.com\"},\"Action\":\"sts:AssumeRole\"}]}",
            "create_date": "2021-10-27T08:36:31Z",
            "description": "",
            "force_detach_policies": false,
            "id": "cms-task-execution-role",
            "inline_policy": [
              {
                "name": "",
                "policy": ""
              }
            ],
            "managed_policy_arns": [
              "arn:aws:iam::aws:policy/service-role/AmazonECSTaskExecutionRolePolicy"
            ],
            "max_session_duration": 3600,
            "name": "cms-task-execution-role",
            "name_prefix": "",
            "path": "/",
            "permissions_boundary": null,
            "tags": {},
            "tags_all": {},
            "unique_id": "AROA2OPJ5GKG5YQTXUZAM"
          },
          "sensitive_attributes": [],
          "private": "bnVsbA=="
        }
      ]
    },
    {
      "mode": "managed",
      "type": "aws_iam_role",
      "name": "task_role",
      "provider": "provider[\"registry.terraform.io/hashicorp/aws\"]",
      "instances": [
        {
          "schema_version": 0,
          "attributes": {
            "arn": "arn:aws:iam::718286959245:role/cms-task-role",
            "assume_role_policy": "{\"Version\":\"2012-10-17\",\"Statement\":[{\"Sid\":\"\",\"Effect\":\"Allow\",\"Principal\":{\"Service\":\"ecs-tasks.amazonaws.com\"},\"Action\":\"sts:AssumeRole\"}]}",
            "create_date": "2021-10-27T08:36:31Z",
            "description": "",
            "force_detach_policies": false,
            "id": "cms-task-role",
            "inline_policy": [
              {
                "name": "cms-task-role-policy",
                "policy": "{\"Statement\":[{\"Action\":[\"s3:PutObject\"],\"Effect\":\"Allow\",\"Resource\":\"arn:aws:s3:::cms-server-bucket/*\"},{\"Action\":[\"logs:CreateLogGroup\",\"logs:CreateLogStream\",\"logs:PutLogEvents\",\"logs:DescribeLogGroups\"],\"Effect\":\"Allow\",\"Resource\":\"*\"},{\"Action\":[\"lambda:InvokeFunction\",\"lambda:InvokeAsync\"],\"Effect\":\"Allow\",\"Resource\":\"arn:aws:lambda:ap-northeast-1:718286959245:function:*\"}],\"Version\":\"2012-10-17\"}"
              }
            ],
            "managed_policy_arns": [],
            "max_session_duration": 3600,
            "name": "cms-task-role",
            "name_prefix": "",
            "path": "/",
            "permissions_boundary": null,
            "tags": {},
            "tags_all": {},
            "unique_id": "AROA2OPJ5GKG4WTDDEHHP"
          },
          "sensitive_attributes": [],
          "private": "bnVsbA=="
        }
      ]
    },
    {
      "mode": "managed",
      "type": "aws_iam_role_policy_attachment",
      "name": "ecs_execution_policy_attachment",
      "provider": "provider[\"registry.terraform.io/hashicorp/aws\"]",
      "instances": [
        {
          "schema_version": 0,
          "attributes": {
            "id": "cms-task-execution-role-20211027083634997900000001",
            "policy_arn": "arn:aws:iam::aws:policy/service-role/AmazonECSTaskExecutionRolePolicy",
            "role": "cms-task-execution-role"
          },
          "sensitive_attributes": [],
          "private": "bnVsbA==",
          "dependencies": [
            "aws_iam_role.task_execution_role"
          ]
        }
      ]
    },
    {
      "mode": "managed",
      "type": "aws_lambda_function",
      "name": "cloudwatch_media_convert",
      "provider": "provider[\"registry.terraform.io/hashicorp/aws\"]",
      "instances": [
        {
          "schema_version": 0,
          "attributes": {
            "architectures": [
              "x86_64"
            ],
            "arn": "arn:aws:lambda:ap-northeast-1:718286959245:function:CloudWatchMediaConvert",
            "code_signing_config_arn": "",
            "dead_letter_config": [],
            "description": "",
            "environment": [],
            "file_system_config": [],
            "filename": "./src/out/Pumpkin.VR_CMS.CloudWatch.MediaConvert.Lambda.zip",
            "function_name": "CloudWatchMediaConvert",
            "handler": "Pumpkin.VR_CMS.CloudWatch.MediaConvert.Lambda::Pumpkin.VR_CMS.CloudWatch.MediaConvert.Lambda.Function::Handler",
            "id": "CloudWatchMediaConvert",
            "image_config": [],
            "image_uri": "",
            "invoke_arn": "arn:aws:apigateway:ap-northeast-1:lambda:path/2015-03-31/functions/arn:aws:lambda:ap-northeast-1:718286959245:function:CloudWatchMediaConvert/invocations",
            "kms_key_arn": "",
            "last_modified": "2021-11-03T06:29:21.881+0000",
            "layers": [],
            "memory_size": 256,
            "package_type": "Zip",
            "publish": true,
            "qualified_arn": "arn:aws:lambda:ap-northeast-1:718286959245:function:CloudWatchMediaConvert:4",
            "reserved_concurrent_executions": -1,
            "role": "arn:aws:iam::718286959245:role/cms-lambda-role",
            "runtime": "dotnetcore3.1",
            "s3_bucket": null,
            "s3_key": null,
            "s3_object_version": null,
            "signing_job_arn": "",
            "signing_profile_version_arn": "",
            "source_code_hash": "kkJvCXO5jWu8OXrlPV7jcRgvRPj7jUaj6pdTbl9ZOSg=",
            "source_code_size": 726580,
            "tags": {},
            "tags_all": {},
            "timeout": 30,
            "timeouts": null,
            "tracing_config": [
              {
                "mode": "PassThrough"
              }
            ],
            "version": "4",
            "vpc_config": []
          },
          "sensitive_attributes": [],
          "private": "eyJlMmJmYjczMC1lY2FhLTExZTYtOGY4OC0zNDM2M2JjN2M0YzAiOnsiY3JlYXRlIjo2MDAwMDAwMDAwMDB9fQ==",
          "dependencies": [
            "aws_iam_role.lambda_role"
          ]
        }
      ]
    },
    {
      "mode": "managed",
      "type": "aws_lambda_function",
      "name": "media_convert",
      "provider": "provider[\"registry.terraform.io/hashicorp/aws\"]",
      "instances": [
        {
          "schema_version": 0,
          "attributes": {
            "architectures": [
              "x86_64"
            ],
            "arn": "arn:aws:lambda:ap-northeast-1:718286959245:function:MediaConvert",
            "code_signing_config_arn": "",
            "dead_letter_config": [],
            "description": "",
            "environment": [],
            "file_system_config": [],
            "filename": "./src/out/Pumpkin.VR_CMS.MediaConvert.Lambda.zip",
            "function_name": "MediaConvert",
            "handler": "Pumpkin.VR_CMS.MediaConvert.Lambda::Pumpkin.VR_CMS.MediaConvert.Lambda.Function::Handler",
            "id": "MediaConvert",
            "image_config": [],
            "image_uri": "",
            "invoke_arn": "arn:aws:apigateway:ap-northeast-1:lambda:path/2015-03-31/functions/arn:aws:lambda:ap-northeast-1:718286959245:function:MediaConvert/invocations",
            "kms_key_arn": "",
            "last_modified": "2021-11-02T06:47:10.047+0000",
            "layers": null,
            "memory_size": 256,
            "package_type": "Zip",
            "publish": true,
            "qualified_arn": "arn:aws:lambda:ap-northeast-1:718286959245:function:MediaConvert:10",
            "reserved_concurrent_executions": -1,
            "role": "arn:aws:iam::718286959245:role/cms-lambda-role",
            "runtime": "dotnetcore3.1",
            "s3_bucket": null,
            "s3_key": null,
            "s3_object_version": null,
            "signing_job_arn": "",
            "signing_profile_version_arn": "",
            "source_code_hash": "G9PsIjo8Enc4QEktRRI39sHb6UJ1gFwEeYgF7Ty6YjA=",
            "source_code_size": 546095,
            "tags": null,
            "tags_all": {},
            "timeout": 30,
            "timeouts": null,
            "tracing_config": [
              {
                "mode": "PassThrough"
              }
            ],
            "version": "10",
            "vpc_config": []
          },
          "sensitive_attributes": [],
          "private": "eyJlMmJmYjczMC1lY2FhLTExZTYtOGY4OC0zNDM2M2JjN2M0YzAiOnsiY3JlYXRlIjo2MDAwMDAwMDAwMDB9fQ==",
          "dependencies": [
            "aws_iam_role.lambda_role"
          ]
        }
      ]
    },
    {
      "mode": "managed",
      "type": "aws_lambda_function",
      "name": "sendemail",
      "provider": "provider[\"registry.terraform.io/hashicorp/aws\"]",
      "instances": [
        {
          "schema_version": 0,
          "attributes": {
            "architectures": [
              "x86_64"
            ],
            "arn": "arn:aws:lambda:ap-northeast-1:718286959245:function:SendEmail",
            "code_signing_config_arn": "",
            "dead_letter_config": [],
            "description": "",
            "environment": [],
            "file_system_config": [],
            "filename": "./src/out/Pumpkin.VR_CMS.SendEmail.Lambda.zip",
            "function_name": "SendEmail",
            "handler": "Pumpkin.VR_CMS.SendEmail.Lambda::Pumpkin.VR_CMS.SendEmail.Lambda.Function::Handler",
            "id": "SendEmail",
            "image_config": [],
            "image_uri": "",
            "invoke_arn": "arn:aws:apigateway:ap-northeast-1:lambda:path/2015-03-31/functions/arn:aws:lambda:ap-northeast-1:718286959245:function:SendEmail/invocations",
            "kms_key_arn": "",
            "last_modified": "2021-10-27T06:12:48.751+0000",
            "layers": [],
            "memory_size": 256,
            "package_type": "Zip",
            "publish": true,
            "qualified_arn": "arn:aws:lambda:ap-northeast-1:718286959245:function:SendEmail:9",
            "reserved_concurrent_executions": -1,
            "role": "arn:aws:iam::718286959245:role/cms-lambda-role",
            "runtime": "dotnetcore3.1",
            "s3_bucket": null,
            "s3_key": null,
            "s3_object_version": null,
            "signing_job_arn": "",
            "signing_profile_version_arn": "",
            "source_code_hash": "BjVrkxvzb5uIbVvvFU3CHT4qyqOC6a0wIfjTxL/ilrI=",
            "source_code_size": 436552,
            "tags": {},
            "tags_all": {},
            "timeout": 30,
            "timeouts": null,
            "tracing_config": [
              {
                "mode": "PassThrough"
              }
            ],
            "version": "9",
            "vpc_config": []
          },
          "sensitive_attributes": [],
          "private": "eyJlMmJmYjczMC1lY2FhLTExZTYtOGY4OC0zNDM2M2JjN2M0YzAiOnsiY3JlYXRlIjo2MDAwMDAwMDAwMDB9fQ==",
          "dependencies": [
            "aws_iam_role.lambda_role"
          ]
        }
      ]
    },
    {
      "mode": "managed",
      "type": "aws_security_group",
      "name": "sg_ecs_service",
      "provider": "provider[\"registry.terraform.io/hashicorp/aws\"]",
      "instances": [
        {
          "schema_version": 1,
          "attributes": {
            "arn": "arn:aws:ec2:ap-northeast-1:718286959245:security-group/sg-0f6e644bdd7b5e285",
            "description": "Managed by Terraform",
            "egress": [
              {
                "cidr_blocks": [
                  "0.0.0.0/0"
                ],
                "description": "Allow all",
                "from_port": 0,
                "ipv6_cidr_blocks": [
                  "::/0"
                ],
                "prefix_list_ids": [],
                "protocol": "-1",
                "security_groups": [],
                "self": false,
                "to_port": 0
              }
            ],
            "id": "sg-0f6e644bdd7b5e285",
            "ingress": [
              {
                "cidr_blocks": [
                  "0.0.0.0/0"
                ],
                "description": "Only allow http 80 port",
                "from_port": 80,
                "ipv6_cidr_blocks": [],
                "prefix_list_ids": [],
                "protocol": "tcp",
                "security_groups": [],
                "self": false,
                "to_port": 80
              }
            ],
            "name": "cms-sg-ecs-service",
            "name_prefix": "",
            "owner_id": "718286959245",
            "revoke_rules_on_delete": false,
            "tags": {
              "Name": "cms-sg-ecs-service"
            },
            "tags_all": {
              "Name": "cms-sg-ecs-service"
            },
            "timeouts": null,
            "vpc_id": "vpc-068a7b6b25bf2c661"
          },
          "sensitive_attributes": [],
          "private": "eyJlMmJmYjczMC1lY2FhLTExZTYtOGY4OC0zNDM2M2JjN2M0YzAiOnsiY3JlYXRlIjo2MDAwMDAwMDAwMDAsImRlbGV0ZSI6OTAwMDAwMDAwMDAwfSwic2NoZW1hX3ZlcnNpb24iOiIxIn0=",
          "dependencies": [
            "module.vpc.aws_elasticache_subnet_group.elasticache",
            "module.vpc.aws_network_acl_rule.elasticache_outbound",
            "module.vpc.aws_network_acl_rule.private_inbound",
            "module.vpc.aws_route.private_ipv6_egress",
            "module.vpc.aws_route_table.database",
            "module.vpc.aws_subnet.redshift",
            "module.vpc.aws_network_acl_rule.redshift_inbound",
            "module.vpc.aws_route_table_association.redshift",
            "module.vpc.aws_egress_only_internet_gateway.this",
            "module.vpc.aws_iam_role_policy_attachment.vpc_flow_log_cloudwatch",
            "module.vpc.aws_network_acl.elasticache",
            "module.vpc.aws_network_acl_rule.database_outbound",
            "module.vpc.aws_network_acl_rule.intra_inbound",
            "module.vpc.aws_network_acl_rule.public_outbound",
            "module.vpc.aws_vpc_dhcp_options.this",
            "module.vpc.aws_vpc_dhcp_options_association.this",
            "module.vpc.aws_iam_policy.vpc_flow_log_cloudwatch",
            "module.vpc.aws_network_acl.intra",
            "module.vpc.aws_network_acl.public",
            "module.vpc.aws_route_table_association.elasticache",
            "module.vpc.aws_route_table_association.redshift_public",
            "module.vpc.aws_internet_gateway.this",
            "module.vpc.aws_network_acl_rule.redshift_outbound",
            "module.vpc.aws_route.public_internet_gateway_ipv6",
            "module.vpc.aws_vpn_gateway_attachment.this",
            "module.vpc.aws_vpn_gateway_route_propagation.intra",
            "module.vpc.aws_default_security_group.this",
            "module.vpc.aws_eip.nat",
            "module.vpc.aws_flow_log.this",
            "module.vpc.aws_network_acl_rule.database_inbound",
            "module.vpc.aws_redshift_subnet_group.redshift",
            "module.vpc.aws_route_table_association.private",
            "module.vpc.aws_db_subnet_group.database",
            "module.vpc.aws_route_table.elasticache",
            "module.vpc.aws_nat_gateway.this",
            "module.vpc.aws_vpn_gateway.this",
            "module.vpc.aws_subnet.outpost",
            "module.vpc.aws_vpc.this",
            "module.vpc.aws_subnet.intra",
            "module.vpc.aws_network_acl.database",
            "module.vpc.aws_network_acl.outpost",
            "module.vpc.aws_network_acl.private",
            "module.vpc.aws_route.database_ipv6_egress",
            "module.vpc.aws_subnet.database",
            "module.vpc.aws_subnet.elasticache",
            "module.vpc.aws_route_table.public",
            "module.vpc.aws_vpc_ipv4_cidr_block_association.this",
            "module.vpc.aws_cloudwatch_log_group.flow_log",
            "module.vpc.aws_default_network_acl.this",
            "module.vpc.aws_default_route_table.default",
            "module.vpc.aws_network_acl_rule.private_outbound",
            "module.vpc.aws_route.database_nat_gateway",
            "module.vpc.aws_route.private_nat_gateway",
            "module.vpc.aws_customer_gateway.this",
            "module.vpc.aws_iam_role.vpc_flow_log_cloudwatch",
            "module.vpc.aws_network_acl_rule.intra_outbound",
            "module.vpc.aws_route_table.private",
            "module.vpc.aws_route_table_association.intra",
            "module.vpc.data.aws_iam_policy_document.vpc_flow_log_cloudwatch",
            "module.vpc.aws_network_acl.redshift",
            "module.vpc.aws_route_table.redshift",
            "module.vpc.aws_route_table_association.public",
            "module.vpc.aws_default_vpc.this",
            "module.vpc.aws_network_acl_rule.elasticache_inbound",
            "module.vpc.aws_network_acl_rule.public_inbound",
            "module.vpc.aws_route_table.intra",
            "module.vpc.aws_route_table_association.outpost",
            "module.vpc.data.aws_iam_policy_document.flow_log_cloudwatch_assume_role",
            "module.vpc.aws_network_acl_rule.outpost_outbound",
            "module.vpc.aws_subnet.private",
            "module.vpc.aws_subnet.public",
            "module.vpc.aws_vpn_gateway_route_propagation.public",
            "module.vpc.aws_network_acl_rule.outpost_inbound",
            "module.vpc.aws_route.database_internet_gateway",
            "module.vpc.aws_route.public_internet_gateway",
            "module.vpc.aws_route_table_association.database",
            "module.vpc.aws_vpn_gateway_route_propagation.private"
          ]
        }
      ]
    },
    {
      "mode": "managed",
      "type": "aws_security_group",
      "name": "sg_endpoint",
      "provider": "provider[\"registry.terraform.io/hashicorp/aws\"]",
      "instances": [
        {
          "schema_version": 1,
          "attributes": {
            "arn": "arn:aws:ec2:ap-northeast-1:718286959245:security-group/sg-027fa1195c83b63bd",
            "description": "Managed by Terraform",
            "egress": [
              {
                "cidr_blocks": [
                  "0.0.0.0/0"
                ],
                "description": "Allow all",
                "from_port": 0,
                "ipv6_cidr_blocks": [
                  "::/0"
                ],
                "prefix_list_ids": [],
                "protocol": "-1",
                "security_groups": [],
                "self": false,
                "to_port": 0
              }
            ],
            "id": "sg-027fa1195c83b63bd",
            "ingress": [
              {
                "cidr_blocks": [
                  "10.0.0.0/16"
                ],
                "description": "Only allow cms-vpc cidr",
                "from_port": 0,
                "ipv6_cidr_blocks": [],
                "prefix_list_ids": [],
                "protocol": "-1",
                "security_groups": [],
                "self": false,
                "to_port": 0
              }
            ],
            "name": "cms-sg-endpoint",
            "name_prefix": "",
            "owner_id": "718286959245",
            "revoke_rules_on_delete": false,
            "tags": {
              "Name": "cms-sg-endpoint"
            },
            "tags_all": {
              "Name": "cms-sg-endpoint"
            },
            "timeouts": null,
            "vpc_id": "vpc-068a7b6b25bf2c661"
          },
          "sensitive_attributes": [],
          "private": "eyJlMmJmYjczMC1lY2FhLTExZTYtOGY4OC0zNDM2M2JjN2M0YzAiOnsiY3JlYXRlIjo2MDAwMDAwMDAwMDAsImRlbGV0ZSI6OTAwMDAwMDAwMDAwfSwic2NoZW1hX3ZlcnNpb24iOiIxIn0=",
          "dependencies": [
            "module.vpc.aws_subnet.outpost",
            "module.vpc.aws_vpc_dhcp_options_association.this",
            "module.vpc.aws_network_acl.public",
            "module.vpc.aws_route_table.database",
            "module.vpc.aws_network_acl_rule.public_inbound",
            "module.vpc.aws_route.database_ipv6_egress",
            "module.vpc.aws_route.database_nat_gateway",
            "module.vpc.aws_route.public_internet_gateway_ipv6",
            "module.vpc.aws_subnet.elasticache",
            "module.vpc.aws_vpc.this",
            "module.vpc.aws_customer_gateway.this",
            "module.vpc.aws_network_acl_rule.intra_inbound",
            "module.vpc.aws_vpc_ipv4_cidr_block_association.this",
            "module.vpc.aws_network_acl.redshift",
            "module.vpc.aws_network_acl_rule.outpost_outbound",
            "module.vpc.aws_route.private_ipv6_egress",
            "module.vpc.aws_route_table.redshift",
            "module.vpc.aws_default_security_group.this",
            "module.vpc.aws_network_acl.outpost",
            "module.vpc.aws_network_acl_rule.public_outbound",
            "module.vpc.aws_route_table_association.private",
            "module.vpc.aws_network_acl_rule.private_inbound",
            "module.vpc.aws_route_table.private",
            "module.vpc.aws_iam_role_policy_attachment.vpc_flow_log_cloudwatch",
            "module.vpc.aws_nat_gateway.this",
            "module.vpc.aws_route_table.elasticache",
            "module.vpc.aws_route_table.public",
            "module.vpc.aws_subnet.redshift",
            "module.vpc.aws_default_route_table.default",
            "module.vpc.aws_elasticache_subnet_group.elasticache",
            "module.vpc.aws_network_acl_rule.elasticache_inbound",
            "module.vpc.aws_redshift_subnet_group.redshift",
            "module.vpc.aws_vpc_dhcp_options.this",
            "module.vpc.aws_vpn_gateway_route_propagation.intra",
            "module.vpc.aws_iam_policy.vpc_flow_log_cloudwatch",
            "module.vpc.aws_internet_gateway.this",
            "module.vpc.aws_flow_log.this",
            "module.vpc.aws_network_acl_rule.database_inbound",
            "module.vpc.aws_route_table_association.intra",
            "module.vpc.aws_db_subnet_group.database",
            "module.vpc.aws_egress_only_internet_gateway.this",
            "module.vpc.aws_network_acl_rule.private_outbound",
            "module.vpc.aws_route.private_nat_gateway",
            "module.vpc.aws_subnet.intra",
            "module.vpc.data.aws_iam_policy_document.vpc_flow_log_cloudwatch",
            "module.vpc.aws_default_network_acl.this",
            "module.vpc.aws_network_acl.database",
            "module.vpc.aws_network_acl_rule.elasticache_outbound",
            "module.vpc.aws_route_table.intra",
            "module.vpc.aws_route_table_association.elasticache",
            "module.vpc.aws_route_table_association.redshift",
            "module.vpc.aws_default_vpc.this",
            "module.vpc.aws_network_acl.private",
            "module.vpc.aws_network_acl_rule.redshift_outbound",
            "module.vpc.aws_vpn_gateway.this",
            "module.vpc.aws_route_table_association.database",
            "module.vpc.aws_route.database_internet_gateway",
            "module.vpc.aws_route_table_association.outpost",
            "module.vpc.aws_subnet.public",
            "module.vpc.aws_vpn_gateway_attachment.this",
            "module.vpc.aws_eip.nat",
            "module.vpc.aws_network_acl_rule.redshift_inbound",
            "module.vpc.aws_route.public_internet_gateway",
            "module.vpc.aws_route_table_association.public",
            "module.vpc.aws_route_table_association.redshift_public",
            "module.vpc.aws_subnet.database",
            "module.vpc.aws_vpn_gateway_route_propagation.public",
            "module.vpc.aws_cloudwatch_log_group.flow_log",
            "module.vpc.aws_network_acl_rule.outpost_inbound",
            "module.vpc.aws_network_acl.intra",
            "module.vpc.aws_network_acl_rule.database_outbound",
            "module.vpc.aws_network_acl_rule.intra_outbound",
            "module.vpc.aws_subnet.private",
            "module.vpc.aws_vpn_gateway_route_propagation.private",
            "module.vpc.data.aws_iam_policy_document.flow_log_cloudwatch_assume_role",
            "module.vpc.aws_iam_role.vpc_flow_log_cloudwatch",
            "module.vpc.aws_network_acl.elasticache"
          ]
        }
      ]
    },
    {
      "module": "module.alb",
      "mode": "data",
      "type": "aws_vpc",
      "name": "vpc",
      "provider": "provider[\"registry.terraform.io/hashicorp/aws\"]",
      "instances": [
        {
          "schema_version": 0,
          "attributes": {
            "arn": "arn:aws:ec2:ap-northeast-1:718286959245:vpc/vpc-068a7b6b25bf2c661",
            "cidr_block": "10.0.0.0/16",
            "cidr_block_associations": [
              {
                "association_id": "vpc-cidr-assoc-0706c6ca493d34278",
                "cidr_block": "10.0.0.0/16",
                "state": "associated"
              }
            ],
            "default": false,
            "dhcp_options_id": "dopt-0ff03709bb0b71417",
            "enable_dns_hostnames": true,
            "enable_dns_support": true,
            "filter": null,
            "id": "vpc-068a7b6b25bf2c661",
            "instance_tenancy": "default",
            "ipv6_association_id": null,
            "ipv6_cidr_block": null,
            "main_route_table_id": "rtb-00bf0e51bb7a01447",
            "owner_id": "718286959245",
            "state": "available",
            "tags": {
              "Environment": "dev",
              "Name": "cms-vpc",
              "Terraform": "true"
            }
          },
          "sensitive_attributes": []
        }
      ]
    },
    {
      "module": "module.alb",
      "mode": "managed",
      "type": "aws_lb",
      "name": "load_balancer",
      "provider": "provider[\"registry.terraform.io/hashicorp/aws\"]",
      "instances": [
        {
          "schema_version": 0,
          "attributes": {
            "access_logs": [
              {
                "bucket": "",
                "enabled": false,
                "prefix": ""
              }
            ],
            "arn": "arn:aws:elasticloadbalancing:ap-northeast-1:718286959245:loadbalancer/app/tf-lb-20211027083636768500000002/f3875a7c1ffad954",
            "arn_suffix": "app/tf-lb-20211027083636768500000002/f3875a7c1ffad954",
            "customer_owned_ipv4_pool": "",
            "dns_name": "tf-lb-20211027083636768500000002-509948876.ap-northeast-1.elb.amazonaws.com",
            "drop_invalid_header_fields": false,
            "enable_cross_zone_load_balancing": null,
            "enable_deletion_protection": false,
            "enable_http2": true,
            "id": "arn:aws:elasticloadbalancing:ap-northeast-1:718286959245:loadbalancer/app/tf-lb-20211027083636768500000002/f3875a7c1ffad954",
            "idle_timeout": 60,
            "internal": false,
            "ip_address_type": "ipv4",
            "load_balancer_type": "application",
            "name": "tf-lb-20211027083636768500000002",
            "name_prefix": null,
            "security_groups": [
              "sg-0f0b63aa5760ad672"
            ],
            "subnet_mapping": [
              {
                "allocation_id": "",
                "ipv6_address": "",
                "outpost_id": "",
                "private_ipv4_address": "",
                "subnet_id": "subnet-0c0381e5e01e1c8a2"
              },
              {
                "allocation_id": "",
                "ipv6_address": "",
                "outpost_id": "",
                "private_ipv4_address": "",
                "subnet_id": "subnet-0d7603d0148f8fd57"
              }
            ],
            "subnets": [
              "subnet-0c0381e5e01e1c8a2",
              "subnet-0d7603d0148f8fd57"
            ],
            "tags": {
              "Component": "cms",
              "DeploymentIdentifier": "production",
              "Name": "cms-production"
            },
            "tags_all": {
              "Component": "cms",
              "DeploymentIdentifier": "production",
              "Name": "cms-production"
            },
            "timeouts": null,
            "vpc_id": "vpc-068a7b6b25bf2c661",
            "zone_id": "Z14GRHDCWA56QT"
          },
          "sensitive_attributes": [],
          "private": "eyJlMmJmYjczMC1lY2FhLTExZTYtOGY4OC0zNDM2M2JjN2M0YzAiOnsiY3JlYXRlIjo2MDAwMDAwMDAwMDAsImRlbGV0ZSI6NjAwMDAwMDAwMDAwLCJ1cGRhdGUiOjYwMDAwMDAwMDAwMH19",
          "dependencies": [
            "module.vpc.aws_default_route_table.default",
            "module.vpc.aws_vpn_gateway_route_propagation.intra",
            "module.vpc.aws_route_table.elasticache",
            "module.vpc.aws_network_acl_rule.elasticache_outbound",
            "module.vpc.aws_network_acl_rule.intra_outbound",
            "module.vpc.aws_network_acl.database",
            "module.vpc.aws_network_acl_rule.private_inbound",
            "module.vpc.aws_route_table.private",
            "module.vpc.aws_subnet.private",
            "module.vpc.data.aws_iam_policy_document.flow_log_cloudwatch_assume_role",
            "module.vpc.aws_default_vpc.this",
            "module.vpc.aws_iam_role_policy_attachment.vpc_flow_log_cloudwatch",
            "module.vpc.aws_network_acl.private",
            "module.vpc.aws_route_table_association.public",
            "module.vpc.aws_vpc.this",
            "module.vpc.aws_vpc_dhcp_options.this",
            "module.vpc.aws_vpc_dhcp_options_association.this",
            "module.vpc.aws_vpn_gateway_route_propagation.private",
            "module.vpc.aws_flow_log.this",
            "module.vpc.aws_network_acl.intra",
            "module.vpc.aws_route_table_association.intra",
            "module.vpc.aws_vpc_ipv4_cidr_block_association.this",
            "module.vpc.data.aws_iam_policy_document.vpc_flow_log_cloudwatch",
            "module.vpc.aws_network_acl_rule.elasticache_inbound",
            "module.vpc.aws_network_acl_rule.private_outbound",
            "module.vpc.aws_network_acl_rule.database_outbound",
            "module.vpc.aws_network_acl_rule.intra_inbound",
            "module.vpc.aws_route_table_association.redshift",
            "module.vpc.aws_route_table_association.redshift_public",
            "module.vpc.aws_subnet.redshift",
            "module.alb.aws_security_group.default",
            "module.vpc.aws_network_acl.redshift",
            "module.vpc.aws_nat_gateway.this",
            "module.vpc.aws_network_acl_rule.public_outbound",
            "module.vpc.aws_route_table_association.outpost",
            "module.vpc.aws_subnet.intra",
            "module.vpc.aws_cloudwatch_log_group.flow_log",
            "module.vpc.aws_db_subnet_group.database",
            "module.vpc.aws_iam_role.vpc_flow_log_cloudwatch",
            "module.vpc.aws_network_acl.public",
            "module.vpc.aws_route_table_association.elasticache",
            "module.alb.data.aws_vpc.vpc",
            "module.vpc.aws_eip.nat",
            "module.vpc.aws_network_acl.elasticache",
            "module.vpc.aws_network_acl_rule.outpost_outbound",
            "module.vpc.aws_route_table.public",
            "module.vpc.aws_route_table_association.private",
            "module.vpc.aws_subnet.elasticache",
            "module.vpc.aws_vpn_gateway_route_propagation.public",
            "module.vpc.aws_elasticache_subnet_group.elasticache",
            "module.vpc.aws_iam_policy.vpc_flow_log_cloudwatch",
            "module.vpc.aws_network_acl_rule.outpost_inbound",
            "module.vpc.aws_route_table.database",
            "module.vpc.aws_route.private_nat_gateway",
            "module.vpc.aws_route_table.intra",
            "module.vpc.aws_route_table.redshift",
            "module.vpc.aws_subnet.database",
            "module.vpc.aws_egress_only_internet_gateway.this",
            "module.vpc.aws_route.database_internet_gateway",
            "module.vpc.aws_subnet.outpost",
            "module.vpc.aws_network_acl_rule.public_inbound",
            "module.vpc.aws_route.private_ipv6_egress",
            "module.vpc.aws_route.public_internet_gateway_ipv6",
            "module.vpc.aws_network_acl_rule.database_inbound",
            "module.vpc.aws_redshift_subnet_group.redshift",
            "module.vpc.aws_network_acl_rule.redshift_inbound",
            "module.vpc.aws_route.public_internet_gateway",
            "module.vpc.aws_vpn_gateway.this",
            "module.vpc.aws_vpn_gateway_attachment.this",
            "module.vpc.aws_default_security_group.this",
            "module.vpc.aws_internet_gateway.this",
            "module.vpc.aws_route_table_association.database",
            "module.vpc.aws_subnet.public",
            "module.vpc.aws_route.database_ipv6_egress",
            "module.vpc.aws_route.database_nat_gateway",
            "module.vpc.aws_network_acl.outpost",
            "module.vpc.aws_network_acl_rule.redshift_outbound",
            "module.vpc.aws_customer_gateway.this",
            "module.vpc.aws_default_network_acl.this"
          ]
        }
      ]
    },
    {
      "module": "module.alb",
      "mode": "managed",
      "type": "aws_lb_listener",
      "name": "listener",
      "provider": "provider[\"registry.terraform.io/hashicorp/aws\"]",
      "instances": [
        {
          "index_key": "cms-lb-listeners",
          "schema_version": 0,
          "attributes": {
            "alpn_policy": null,
            "arn": "arn:aws:elasticloadbalancing:ap-northeast-1:718286959245:listener/app/tf-lb-20211027083636768500000002/f3875a7c1ffad954/48abd55bad84aed8",
            "certificate_arn": "",
            "default_action": [
              {
                "authenticate_cognito": [],
                "authenticate_oidc": [],
                "fixed_response": [],
                "forward": [],
                "order": 1,
                "redirect": [],
                "target_group_arn": "arn:aws:elasticloadbalancing:ap-northeast-1:718286959245:targetgroup/tf-20211027084003412800000003/3e23d1263280c816",
                "type": "forward"
              }
            ],
            "id": "arn:aws:elasticloadbalancing:ap-northeast-1:718286959245:listener/app/tf-lb-20211027083636768500000002/f3875a7c1ffad954/48abd55bad84aed8",
            "load_balancer_arn": "arn:aws:elasticloadbalancing:ap-northeast-1:718286959245:loadbalancer/app/tf-lb-20211027083636768500000002/f3875a7c1ffad954",
            "port": 80,
            "protocol": "HTTP",
            "ssl_policy": "",
            "tags": {},
            "tags_all": {},
            "timeouts": null
          },
          "sensitive_attributes": [],
          "private": "eyJlMmJmYjczMC1lY2FhLTExZTYtOGY4OC0zNDM2M2JjN2M0YzAiOnsicmVhZCI6NjAwMDAwMDAwMDAwfX0=",
          "dependencies": [
            "module.vpc.aws_egress_only_internet_gateway.this",
            "module.vpc.aws_iam_policy.vpc_flow_log_cloudwatch",
            "module.vpc.aws_network_acl.redshift",
            "module.vpc.aws_network_acl_rule.elasticache_inbound",
            "module.vpc.aws_route_table_association.elasticache",
            "module.vpc.aws_vpn_gateway_route_propagation.private",
            "module.vpc.aws_db_subnet_group.database",
            "module.vpc.aws_network_acl_rule.intra_outbound",
            "module.vpc.aws_network_acl_rule.public_outbound",
            "module.vpc.aws_subnet.private",
            "module.vpc.aws_subnet.redshift",
            "module.vpc.aws_vpc_dhcp_options.this",
            "module.vpc.aws_eip.nat",
            "module.vpc.aws_network_acl_rule.private_outbound",
            "module.vpc.aws_route.database_internet_gateway",
            "module.vpc.aws_network_acl_rule.outpost_inbound",
            "module.vpc.aws_customer_gateway.this",
            "module.vpc.aws_default_security_group.this",
            "module.vpc.aws_vpn_gateway.this",
            "module.alb.aws_lb.load_balancer",
            "module.vpc.aws_route_table_association.redshift_public",
            "module.vpc.aws_default_network_acl.this",
            "module.vpc.data.aws_iam_policy_document.flow_log_cloudwatch_assume_role",
            "module.vpc.aws_flow_log.this",
            "module.vpc.aws_elasticache_subnet_group.elasticache",
            "module.vpc.aws_network_acl_rule.public_inbound",
            "module.vpc.aws_network_acl_rule.redshift_inbound",
            "module.vpc.aws_redshift_subnet_group.redshift",
            "module.vpc.aws_default_vpc.this",
            "module.vpc.aws_iam_role.vpc_flow_log_cloudwatch",
            "module.vpc.aws_iam_role_policy_attachment.vpc_flow_log_cloudwatch",
            "module.vpc.aws_network_acl_rule.database_inbound",
            "module.vpc.aws_route.database_nat_gateway",
            "module.vpc.aws_route.private_ipv6_egress",
            "module.vpc.aws_subnet.elasticache",
            "module.vpc.aws_vpn_gateway_route_propagation.intra",
            "module.vpc.aws_default_route_table.default",
            "module.vpc.aws_vpn_gateway_route_propagation.public",
            "module.vpc.aws_route_table_association.public",
            "module.vpc.aws_subnet.public",
            "module.vpc.aws_vpc_ipv4_cidr_block_association.this",
            "module.vpc.aws_route_table_association.intra",
            "module.vpc.aws_network_acl.private",
            "module.vpc.aws_network_acl.public",
            "module.vpc.aws_route_table.intra",
            "module.alb.data.aws_vpc.vpc",
            "module.vpc.aws_internet_gateway.this",
            "module.vpc.aws_network_acl.elasticache",
            "module.vpc.aws_network_acl.intra",
            "module.vpc.aws_network_acl_rule.database_outbound",
            "module.vpc.aws_route.private_nat_gateway",
            "module.vpc.aws_route_table.public",
            "module.vpc.aws_route_table_association.database",
            "module.alb.aws_lb_target_group.target_group",
            "module.vpc.aws_nat_gateway.this",
            "module.vpc.aws_network_acl_rule.elasticache_outbound",
            "module.vpc.aws_network_acl_rule.intra_inbound",
            "module.vpc.aws_network_acl_rule.redshift_outbound",
            "module.vpc.aws_route_table.database",
            "module.vpc.aws_route_table.private",
            "module.vpc.aws_vpc.this",
            "module.alb.aws_security_group.default",
            "module.vpc.data.aws_iam_policy_document.vpc_flow_log_cloudwatch",
            "module.vpc.aws_vpc_dhcp_options_association.this",
            "module.vpc.aws_network_acl_rule.outpost_outbound",
            "module.vpc.aws_network_acl_rule.private_inbound",
            "module.vpc.aws_route.database_ipv6_egress",
            "module.vpc.aws_route_table.redshift",
            "module.vpc.aws_subnet.intra",
            "module.vpc.aws_network_acl.outpost",
            "module.vpc.aws_route.public_internet_gateway",
            "module.vpc.aws_route_table.elasticache",
            "module.vpc.aws_subnet.database",
            "module.vpc.aws_subnet.outpost",
            "module.vpc.aws_network_acl.database",
            "module.vpc.aws_route.public_internet_gateway_ipv6",
            "module.vpc.aws_route_table_association.outpost",
            "module.vpc.aws_route_table_association.private",
            "module.vpc.aws_route_table_association.redshift",
            "module.vpc.aws_vpn_gateway_attachment.this",
            "module.vpc.aws_cloudwatch_log_group.flow_log"
          ]
        }
      ]
    },
    {
      "module": "module.alb",
      "mode": "managed",
      "type": "aws_lb_target_group",
      "name": "target_group",
      "provider": "provider[\"registry.terraform.io/hashicorp/aws\"]",
      "instances": [
        {
          "index_key": "cms-lb-target-group",
          "schema_version": 0,
          "attributes": {
            "arn": "arn:aws:elasticloadbalancing:ap-northeast-1:718286959245:targetgroup/tf-20211027084003412800000003/3e23d1263280c816",
            "arn_suffix": "targetgroup/tf-20211027084003412800000003/3e23d1263280c816",
            "deregistration_delay": "300",
            "health_check": [
              {
                "enabled": true,
                "healthy_threshold": 10,
                "interval": 25,
                "matcher": "200",
                "path": "/health",
                "port": "80",
                "protocol": "HTTP",
                "timeout": 5,
                "unhealthy_threshold": 10
              }
            ],
            "id": "arn:aws:elasticloadbalancing:ap-northeast-1:718286959245:targetgroup/tf-20211027084003412800000003/3e23d1263280c816",
            "lambda_multi_value_headers_enabled": false,
            "load_balancing_algorithm_type": "round_robin",
            "name": "tf-20211027084003412800000003",
            "name_prefix": null,
            "port": 80,
            "preserve_client_ip": null,
            "protocol": "HTTP",
            "protocol_version": "HTTP1",
            "proxy_protocol_v2": false,
            "slow_start": 0,
            "stickiness": [
              {
                "cookie_duration": 86400,
                "cookie_name": "",
                "enabled": false,
                "type": "lb_cookie"
              }
            ],
            "tags": {
              "Component": "cms",
              "DeploymentIdentifier": "production",
              "Name": "cms-production-80-HTTP"
            },
            "tags_all": {
              "Component": "cms",
              "DeploymentIdentifier": "production",
              "Name": "cms-production-80-HTTP"
            },
            "target_type": "ip",
            "vpc_id": "vpc-068a7b6b25bf2c661"
          },
          "sensitive_attributes": [],
          "private": "bnVsbA==",
          "dependencies": [
            "module.vpc.aws_network_acl.outpost",
            "module.vpc.aws_network_acl_rule.public_inbound",
            "module.vpc.aws_route_table_association.public",
            "module.vpc.aws_subnet.intra",
            "module.vpc.aws_subnet.outpost",
            "module.vpc.aws_subnet.private",
            "module.vpc.aws_vpn_gateway_route_propagation.public",
            "module.alb.data.aws_vpc.vpc",
            "module.vpc.aws_egress_only_internet_gateway.this",
            "module.vpc.aws_network_acl.intra",
            "module.vpc.aws_network_acl_rule.outpost_inbound",
            "module.vpc.aws_network_acl_rule.redshift_inbound",
            "module.vpc.aws_route.private_ipv6_egress",
            "module.vpc.aws_route_table.intra",
            "module.alb.aws_lb.load_balancer",
            "module.vpc.aws_customer_gateway.this",
            "module.vpc.aws_network_acl_rule.outpost_outbound",
            "module.vpc.aws_network_acl_rule.private_inbound",
            "module.vpc.aws_redshift_subnet_group.redshift",
            "module.vpc.aws_route_table.database",
            "module.alb.aws_security_group.default",
            "module.vpc.aws_internet_gateway.this",
            "module.vpc.aws_network_acl.private",
            "module.vpc.aws_network_acl_rule.private_outbound",
            "module.vpc.aws_route.database_internet_gateway",
            "module.vpc.aws_elasticache_subnet_group.elasticache",
            "module.vpc.aws_iam_policy.vpc_flow_log_cloudwatch",
            "module.vpc.aws_network_acl.redshift",
            "module.vpc.aws_route_table.elasticache",
            "module.vpc.aws_route_table.public",
            "module.vpc.aws_route_table.private",
            "module.vpc.aws_route_table_association.outpost",
            "module.vpc.aws_vpc_dhcp_options_association.this",
            "module.vpc.aws_default_vpc.this",
            "module.vpc.aws_flow_log.this",
            "module.vpc.aws_iam_role.vpc_flow_log_cloudwatch",
            "module.vpc.aws_network_acl_rule.database_outbound",
            "module.vpc.aws_network_acl_rule.elasticache_outbound",
            "module.vpc.aws_network_acl.public",
            "module.vpc.aws_route.public_internet_gateway_ipv6",
            "module.vpc.aws_route_table_association.redshift",
            "module.vpc.aws_subnet.redshift",
            "module.vpc.aws_route.database_nat_gateway",
            "module.vpc.aws_subnet.database",
            "module.vpc.aws_cloudwatch_log_group.flow_log",
            "module.vpc.aws_route_table_association.intra",
            "module.vpc.aws_route_table_association.private",
            "module.vpc.aws_vpc_dhcp_options.this",
            "module.vpc.aws_network_acl.database",
            "module.vpc.aws_route.database_ipv6_egress",
            "module.vpc.aws_route.private_nat_gateway",
            "module.vpc.aws_route_table_association.elasticache",
            "module.vpc.aws_subnet.elasticache",
            "module.vpc.aws_nat_gateway.this",
            "module.vpc.aws_network_acl_rule.intra_outbound",
            "module.vpc.aws_network_acl_rule.redshift_outbound",
            "module.vpc.aws_subnet.public",
            "module.vpc.aws_vpn_gateway_route_propagation.intra",
            "module.vpc.aws_vpn_gateway.this",
            "module.vpc.aws_vpn_gateway_route_propagation.private",
            "module.vpc.aws_default_route_table.default",
            "module.vpc.aws_network_acl.elasticache",
            "module.vpc.aws_network_acl_rule.public_outbound",
            "module.vpc.aws_route_table_association.database",
            "module.vpc.aws_vpc.this",
            "module.vpc.aws_default_network_acl.this",
            "module.vpc.aws_default_security_group.this",
            "module.vpc.aws_network_acl_rule.elasticache_inbound",
            "module.vpc.aws_route_table.redshift",
            "module.vpc.data.aws_iam_policy_document.flow_log_cloudwatch_assume_role",
            "module.vpc.aws_iam_role_policy_attachment.vpc_flow_log_cloudwatch",
            "module.vpc.aws_network_acl_rule.database_inbound",
            "module.vpc.aws_route_table_association.redshift_public",
            "module.vpc.aws_eip.nat",
            "module.vpc.aws_network_acl_rule.intra_inbound",
            "module.vpc.aws_vpc_ipv4_cidr_block_association.this",
            "module.vpc.aws_vpn_gateway_attachment.this",
            "module.vpc.aws_db_subnet_group.database",
            "module.vpc.aws_route.public_internet_gateway",
            "module.vpc.data.aws_iam_policy_document.vpc_flow_log_cloudwatch"
          ]
        }
      ]
    },
    {
      "module": "module.alb",
      "mode": "managed",
      "type": "aws_security_group",
      "name": "default",
      "provider": "provider[\"registry.terraform.io/hashicorp/aws\"]",
      "instances": [
        {
          "index_key": "default",
          "schema_version": 1,
          "attributes": {
            "arn": "arn:aws:ec2:ap-northeast-1:718286959245:security-group/sg-0f0b63aa5760ad672",
            "description": "ALB security group for: cms, deployment: production",
            "egress": [
              {
                "cidr_blocks": [
                  "0.0.0.0/0"
                ],
                "description": "",
                "from_port": 0,
                "ipv6_cidr_blocks": [],
                "prefix_list_ids": [],
                "protocol": "tcp",
                "security_groups": [],
                "self": false,
                "to_port": 65535
              }
            ],
            "id": "sg-0f0b63aa5760ad672",
            "ingress": [
              {
                "cidr_blocks": [
                  "0.0.0.0/0"
                ],
                "description": "",
                "from_port": 80,
                "ipv6_cidr_blocks": [],
                "prefix_list_ids": [],
                "protocol": "tcp",
                "security_groups": [],
                "self": false,
                "to_port": 80
              }
            ],
            "name": "cms-production",
            "name_prefix": "",
            "owner_id": "718286959245",
            "revoke_rules_on_delete": false,
            "tags": {
              "Component": "cms",
              "DeploymentIdentifier": "production",
              "Name": "cms-production"
            },
            "tags_all": {
              "Component": "cms",
              "DeploymentIdentifier": "production",
              "Name": "cms-production"
            },
            "timeouts": null,
            "vpc_id": "vpc-068a7b6b25bf2c661"
          },
          "sensitive_attributes": [],
          "private": "eyJlMmJmYjczMC1lY2FhLTExZTYtOGY4OC0zNDM2M2JjN2M0YzAiOnsiY3JlYXRlIjo2MDAwMDAwMDAwMDAsImRlbGV0ZSI6OTAwMDAwMDAwMDAwfSwic2NoZW1hX3ZlcnNpb24iOiIxIn0=",
          "dependencies": [
            "module.vpc.aws_internet_gateway.this",
            "module.vpc.aws_subnet.public",
            "module.vpc.aws_network_acl_rule.public_outbound",
            "module.vpc.aws_route.database_nat_gateway",
            "module.vpc.aws_route.public_internet_gateway_ipv6",
            "module.vpc.aws_vpn_gateway_route_propagation.private",
            "module.vpc.aws_eip.nat",
            "module.vpc.aws_route.database_ipv6_egress",
            "module.vpc.aws_route_table_association.database",
            "module.vpc.aws_subnet.redshift",
            "module.vpc.aws_egress_only_internet_gateway.this",
            "module.vpc.aws_nat_gateway.this",
            "module.vpc.aws_route.public_internet_gateway",
            "module.vpc.data.aws_iam_policy_document.flow_log_cloudwatch_assume_role",
            "module.vpc.aws_vpc_dhcp_options_association.this",
            "module.vpc.aws_route.private_ipv6_egress",
            "module.vpc.aws_route_table_association.public",
            "module.vpc.aws_subnet.elasticache",
            "module.vpc.aws_subnet.intra",
            "module.vpc.aws_iam_policy.vpc_flow_log_cloudwatch",
            "module.vpc.aws_route_table_association.private",
            "module.vpc.aws_vpn_gateway_attachment.this",
            "module.vpc.aws_network_acl_rule.intra_inbound",
            "module.vpc.aws_network_acl_rule.private_outbound",
            "module.vpc.aws_route_table_association.outpost",
            "module.vpc.aws_subnet.database",
            "module.alb.data.aws_vpc.vpc",
            "module.vpc.aws_default_route_table.default",
            "module.vpc.aws_network_acl.elasticache",
            "module.vpc.aws_network_acl.private",
            "module.vpc.aws_subnet.private",
            "module.vpc.aws_default_vpc.this",
            "module.vpc.aws_redshift_subnet_group.redshift",
            "module.vpc.aws_iam_role.vpc_flow_log_cloudwatch",
            "module.vpc.aws_route_table.database",
            "module.vpc.aws_network_acl.intra",
            "module.vpc.aws_network_acl_rule.private_inbound",
            "module.vpc.aws_subnet.outpost",
            "module.vpc.aws_vpc_dhcp_options.this",
            "module.vpc.aws_elasticache_subnet_group.elasticache",
            "module.vpc.aws_network_acl_rule.database_inbound",
            "module.vpc.aws_network_acl_rule.outpost_inbound",
            "module.vpc.aws_route_table.redshift",
            "module.vpc.aws_network_acl.public",
            "module.vpc.aws_network_acl.redshift",
            "module.vpc.aws_network_acl_rule.outpost_outbound",
            "module.vpc.aws_network_acl_rule.public_inbound",
            "module.vpc.aws_cloudwatch_log_group.flow_log",
            "module.vpc.aws_customer_gateway.this",
            "module.vpc.aws_network_acl.database",
            "module.vpc.aws_network_acl.outpost",
            "module.vpc.data.aws_iam_policy_document.vpc_flow_log_cloudwatch",
            "module.vpc.aws_network_acl_rule.redshift_inbound",
            "module.vpc.aws_route.private_nat_gateway",
            "module.vpc.aws_route_table.elasticache",
            "module.vpc.aws_route_table_association.redshift_public",
            "module.vpc.aws_route_table.private",
            "module.vpc.aws_iam_role_policy_attachment.vpc_flow_log_cloudwatch",
            "module.vpc.aws_network_acl_rule.elasticache_inbound",
            "module.vpc.aws_network_acl_rule.intra_outbound",
            "module.vpc.aws_network_acl_rule.redshift_outbound",
            "module.vpc.aws_route_table.intra",
            "module.vpc.aws_route_table_association.elasticache",
            "module.vpc.aws_vpc_ipv4_cidr_block_association.this",
            "module.vpc.aws_vpn_gateway.this",
            "module.vpc.aws_default_network_acl.this",
            "module.vpc.aws_flow_log.this",
            "module.vpc.aws_network_acl_rule.database_outbound",
            "module.vpc.aws_network_acl_rule.elasticache_outbound",
            "module.vpc.aws_vpn_gateway_route_propagation.public",
            "module.vpc.aws_default_security_group.this",
            "module.vpc.aws_route_table_association.intra",
            "module.vpc.aws_route_table_association.redshift",
            "module.vpc.aws_vpn_gateway_route_propagation.intra",
            "module.vpc.aws_db_subnet_group.database",
            "module.vpc.aws_route.database_internet_gateway",
            "module.vpc.aws_route_table.public",
            "module.vpc.aws_vpc.this"
          ]
        }
      ]
    },
    {
      "module": "module.alb",
      "mode": "managed",
      "type": "aws_security_group_rule",
      "name": "default_egress",
      "provider": "provider[\"registry.terraform.io/hashicorp/aws\"]",
      "instances": [
        {
          "index_key": "default",
          "schema_version": 2,
          "attributes": {
            "cidr_blocks": [
              "0.0.0.0/0"
            ],
            "description": "",
            "from_port": 0,
            "id": "sgrule-2299601389",
            "ipv6_cidr_blocks": [],
            "prefix_list_ids": [],
            "protocol": "tcp",
            "security_group_id": "sg-0f0b63aa5760ad672",
            "self": false,
            "source_security_group_id": null,
            "to_port": 65535,
            "type": "egress"
          },
          "sensitive_attributes": [],
          "private": "eyJzY2hlbWFfdmVyc2lvbiI6IjIifQ==",
          "dependencies": [
            "module.vpc.aws_nat_gateway.this",
            "module.vpc.aws_network_acl.outpost",
            "module.vpc.aws_network_acl_rule.private_inbound",
            "module.vpc.aws_network_acl_rule.public_outbound",
            "module.vpc.aws_vpn_gateway_route_propagation.intra",
            "module.vpc.aws_iam_policy.vpc_flow_log_cloudwatch",
            "module.vpc.aws_network_acl_rule.intra_inbound",
            "module.vpc.aws_network_acl_rule.outpost_outbound",
            "module.vpc.aws_network_acl_rule.public_inbound",
            "module.vpc.aws_route_table_association.intra",
            "module.vpc.aws_route_table_association.redshift",
            "module.vpc.aws_subnet.private",
            "module.vpc.aws_vpn_gateway_route_propagation.private",
            "module.vpc.aws_egress_only_internet_gateway.this",
            "module.vpc.aws_route.database_ipv6_egress",
            "module.vpc.aws_route_table.public",
            "module.vpc.aws_network_acl_rule.elasticache_inbound",
            "module.vpc.aws_network_acl.public",
            "module.vpc.aws_route_table_association.elasticache",
            "module.vpc.aws_route_table_association.private",
            "module.vpc.aws_network_acl.private",
            "module.vpc.aws_redshift_subnet_group.redshift",
            "module.vpc.aws_route.private_nat_gateway",
            "module.vpc.aws_route_table_association.database",
            "module.vpc.aws_vpc.this",
            "module.vpc.aws_flow_log.this",
            "module.vpc.aws_subnet.redshift",
            "module.vpc.aws_network_acl_rule.database_inbound",
            "module.vpc.aws_route.public_internet_gateway",
            "module.vpc.aws_route_table.private",
            "module.vpc.aws_route_table_association.public",
            "module.vpc.aws_route_table_association.redshift_public",
            "module.vpc.aws_subnet.database",
            "module.vpc.aws_network_acl_rule.database_outbound",
            "module.vpc.aws_vpn_gateway_route_propagation.public",
            "module.vpc.aws_subnet.public",
            "module.alb.data.aws_vpc.vpc",
            "module.vpc.aws_customer_gateway.this",
            "module.vpc.aws_network_acl_rule.outpost_inbound",
            "module.vpc.aws_route.private_ipv6_egress",
            "module.vpc.aws_vpn_gateway.this",
            "module.alb.aws_security_group.default",
            "module.vpc.aws_subnet.intra",
            "module.vpc.aws_vpc_dhcp_options.this",
            "module.vpc.aws_vpc_ipv4_cidr_block_association.this",
            "module.vpc.data.aws_iam_policy_document.flow_log_cloudwatch_assume_role",
            "module.vpc.aws_route_table.database",
            "module.vpc.aws_network_acl.redshift",
            "module.vpc.aws_internet_gateway.this",
            "module.vpc.aws_route.database_internet_gateway",
            "module.vpc.aws_vpn_gateway_attachment.this",
            "module.vpc.aws_elasticache_subnet_group.elasticache",
            "module.vpc.aws_iam_role.vpc_flow_log_cloudwatch",
            "module.vpc.aws_iam_role_policy_attachment.vpc_flow_log_cloudwatch",
            "module.vpc.aws_network_acl.elasticache",
            "module.vpc.aws_network_acl_rule.intra_outbound",
            "module.vpc.aws_network_acl_rule.redshift_outbound",
            "module.vpc.aws_route.public_internet_gateway_ipv6",
            "module.vpc.aws_route_table.intra",
            "module.vpc.aws_eip.nat",
            "module.vpc.aws_vpc_dhcp_options_association.this",
            "module.vpc.aws_subnet.elasticache",
            "module.vpc.aws_default_network_acl.this",
            "module.vpc.aws_default_route_table.default",
            "module.vpc.aws_network_acl.database",
            "module.vpc.aws_network_acl.intra",
            "module.vpc.aws_network_acl_rule.elasticache_outbound",
            "module.vpc.aws_route.database_nat_gateway",
            "module.vpc.aws_db_subnet_group.database",
            "module.vpc.aws_default_security_group.this",
            "module.vpc.aws_network_acl_rule.private_outbound",
            "module.vpc.aws_route_table.elasticache",
            "module.vpc.aws_route_table.redshift",
            "module.vpc.aws_subnet.outpost",
            "module.vpc.aws_cloudwatch_log_group.flow_log",
            "module.vpc.aws_network_acl_rule.redshift_inbound",
            "module.vpc.aws_route_table_association.outpost",
            "module.vpc.data.aws_iam_policy_document.vpc_flow_log_cloudwatch",
            "module.vpc.aws_default_vpc.this"
          ]
        }
      ]
    },
    {
      "module": "module.alb",
      "mode": "managed",
      "type": "aws_security_group_rule",
      "name": "default_ingress",
      "provider": "provider[\"registry.terraform.io/hashicorp/aws\"]",
      "instances": [
        {
          "index_key": "cms-lb-listeners",
          "schema_version": 2,
          "attributes": {
            "cidr_blocks": [
              "0.0.0.0/0"
            ],
            "description": "",
            "from_port": 80,
            "id": "sgrule-1431343690",
            "ipv6_cidr_blocks": [],
            "prefix_list_ids": [],
            "protocol": "tcp",
            "security_group_id": "sg-0f0b63aa5760ad672",
            "self": false,
            "source_security_group_id": null,
            "to_port": 80,
            "type": "ingress"
          },
          "sensitive_attributes": [],
          "private": "eyJzY2hlbWFfdmVyc2lvbiI6IjIifQ==",
          "dependencies": [
            "module.vpc.aws_internet_gateway.this",
            "module.vpc.aws_network_acl.public",
            "module.vpc.aws_route.database_ipv6_egress",
            "module.vpc.aws_route_table_association.redshift_public",
            "module.vpc.aws_vpn_gateway_route_propagation.public",
            "module.vpc.aws_iam_policy.vpc_flow_log_cloudwatch",
            "module.vpc.aws_nat_gateway.this",
            "module.vpc.aws_network_acl.redshift",
            "module.vpc.aws_network_acl_rule.private_inbound",
            "module.vpc.aws_default_vpc.this",
            "module.vpc.aws_network_acl_rule.redshift_outbound",
            "module.vpc.aws_network_acl.outpost",
            "module.vpc.aws_redshift_subnet_group.redshift",
            "module.vpc.aws_route.private_nat_gateway",
            "module.vpc.aws_cloudwatch_log_group.flow_log",
            "module.vpc.aws_network_acl.elasticache",
            "module.vpc.aws_route_table.redshift",
            "module.vpc.aws_vpn_gateway_route_propagation.intra",
            "module.vpc.aws_vpn_gateway_route_propagation.private",
            "module.vpc.aws_db_subnet_group.database",
            "module.vpc.aws_route_table_association.database",
            "module.vpc.aws_default_network_acl.this",
            "module.vpc.aws_network_acl_rule.intra_inbound",
            "module.vpc.aws_network_acl_rule.private_outbound",
            "module.vpc.aws_route_table.intra",
            "module.vpc.aws_subnet.database",
            "module.vpc.aws_vpc_dhcp_options_association.this",
            "module.vpc.data.aws_iam_policy_document.flow_log_cloudwatch_assume_role",
            "module.vpc.aws_network_acl.database",
            "module.vpc.aws_network_acl.intra",
            "module.vpc.aws_network_acl_rule.database_inbound",
            "module.vpc.aws_route_table.database",
            "module.vpc.aws_route_table.private",
            "module.vpc.aws_egress_only_internet_gateway.this",
            "module.vpc.aws_default_security_group.this",
            "module.vpc.aws_flow_log.this",
            "module.vpc.aws_network_acl_rule.elasticache_inbound",
            "module.vpc.aws_network_acl_rule.elasticache_outbound",
            "module.vpc.aws_network_acl_rule.intra_outbound",
            "module.vpc.aws_network_acl_rule.outpost_outbound",
            "module.vpc.aws_route.database_nat_gateway",
            "module.vpc.aws_customer_gateway.this",
            "module.vpc.aws_network_acl_rule.outpost_inbound",
            "module.vpc.aws_route.private_ipv6_egress",
            "module.vpc.aws_route_table_association.public",
            "module.vpc.aws_route_table_association.redshift",
            "module.vpc.aws_vpc.this",
            "module.vpc.aws_vpc_dhcp_options.this",
            "module.vpc.aws_vpn_gateway.this",
            "module.vpc.aws_default_route_table.default",
            "module.vpc.data.aws_iam_policy_document.vpc_flow_log_cloudwatch",
            "module.vpc.aws_vpn_gateway_attachment.this",
            "module.vpc.aws_network_acl_rule.redshift_inbound",
            "module.vpc.aws_route.public_internet_gateway_ipv6",
            "module.alb.aws_security_group.default",
            "module.vpc.aws_iam_role_policy_attachment.vpc_flow_log_cloudwatch",
            "module.vpc.aws_route.public_internet_gateway",
            "module.vpc.aws_route_table_association.elasticache",
            "module.vpc.aws_route_table_association.outpost",
            "module.vpc.aws_subnet.public",
            "module.vpc.aws_iam_role.vpc_flow_log_cloudwatch",
            "module.vpc.aws_elasticache_subnet_group.elasticache",
            "module.vpc.aws_network_acl_rule.public_outbound",
            "module.vpc.aws_route_table.elasticache",
            "module.vpc.aws_route_table_association.private",
            "module.vpc.aws_subnet.elasticache",
            "module.vpc.aws_subnet.outpost",
            "module.alb.data.aws_vpc.vpc",
            "module.vpc.aws_network_acl_rule.database_outbound",
            "module.vpc.aws_network_acl_rule.public_inbound",
            "module.vpc.aws_route_table.public",
            "module.vpc.aws_route_table_association.intra",
            "module.vpc.aws_subnet.intra",
            "module.vpc.aws_eip.nat",
            "module.vpc.aws_route.database_internet_gateway",
            "module.vpc.aws_subnet.private",
            "module.vpc.aws_subnet.redshift",
            "module.vpc.aws_vpc_ipv4_cidr_block_association.this",
            "module.vpc.aws_network_acl.private"
          ]
        }
      ]
    },
    {
      "module": "module.endpoints",
      "mode": "data",
      "type": "aws_vpc_endpoint_service",
      "name": "this",
      "provider": "provider[\"registry.terraform.io/hashicorp/aws\"]",
      "instances": [
        {
          "index_key": "ecr_api",
          "schema_version": 0,
          "attributes": {
            "acceptance_required": false,
            "arn": "arn:aws:ec2:ap-northeast-1:718286959245:vpc-endpoint-service/vpce-svc-02d53291ba66754ca",
            "availability_zones": [
              "ap-northeast-1a",
              "ap-northeast-1c",
              "ap-northeast-1d"
            ],
            "base_endpoint_dns_names": [
              "api.ecr.ap-northeast-1.vpce.amazonaws.com"
            ],
            "filter": [
              {
                "name": "service-type",
                "values": [
                  "Interface"
                ]
              }
            ],
            "id": "3124162414",
            "manages_vpc_endpoints": false,
            "owner": "amazon",
            "private_dns_name": "api.ecr.ap-northeast-1.amazonaws.com",
            "service": "ecr.api",
            "service_id": "vpce-svc-02d53291ba66754ca",
            "service_name": "com.amazonaws.ap-northeast-1.ecr.api",
            "service_type": "Interface",
            "tags": {},
            "vpc_endpoint_policy_supported": true
          },
          "sensitive_attributes": []
        },
        {
          "index_key": "ecr_dkr",
          "schema_version": 0,
          "attributes": {
            "acceptance_required": false,
            "arn": "arn:aws:ec2:ap-northeast-1:718286959245:vpc-endpoint-service/vpce-svc-079e75972286dd10e",
            "availability_zones": [
              "ap-northeast-1a",
              "ap-northeast-1c",
              "ap-northeast-1d"
            ],
            "base_endpoint_dns_names": [
              "dkr.ecr.ap-northeast-1.vpce.amazonaws.com"
            ],
            "filter": [
              {
                "name": "service-type",
                "values": [
                  "Interface"
                ]
              }
            ],
            "id": "2678992883",
            "manages_vpc_endpoints": false,
            "owner": "amazon",
            "private_dns_name": "*.dkr.ecr.ap-northeast-1.amazonaws.com",
            "service": "ecr.dkr",
            "service_id": "vpce-svc-079e75972286dd10e",
            "service_name": "com.amazonaws.ap-northeast-1.ecr.dkr",
            "service_type": "Interface",
            "tags": {},
            "vpc_endpoint_policy_supported": true
          },
          "sensitive_attributes": []
        },
        {
          "index_key": "lambda",
          "schema_version": 0,
          "attributes": {
            "acceptance_required": false,
            "arn": "arn:aws:ec2:ap-northeast-1:718286959245:vpc-endpoint-service/vpce-svc-0a9b9c985e37d5d52",
            "availability_zones": [
              "ap-northeast-1a",
              "ap-northeast-1c",
              "ap-northeast-1d"
            ],
            "base_endpoint_dns_names": [
              "lambda.ap-northeast-1.vpce.amazonaws.com"
            ],
            "filter": [
              {
                "name": "service-type",
                "values": [
                  "Interface"
                ]
              }
            ],
            "id": "3527540425",
            "manages_vpc_endpoints": false,
            "owner": "amazon",
            "private_dns_name": "lambda.ap-northeast-1.amazonaws.com",
            "service": "lambda",
            "service_id": "vpce-svc-0a9b9c985e37d5d52",
            "service_name": "com.amazonaws.ap-northeast-1.lambda",
            "service_type": "Interface",
            "tags": {},
            "vpc_endpoint_policy_supported": true
          },
          "sensitive_attributes": []
        },
        {
          "index_key": "logs",
          "schema_version": 0,
          "attributes": {
            "acceptance_required": false,
            "arn": "arn:aws:ec2:ap-northeast-1:718286959245:vpc-endpoint-service/vpce-svc-00f34aa62ad54994a",
            "availability_zones": [
              "ap-northeast-1a",
              "ap-northeast-1c",
              "ap-northeast-1d"
            ],
            "base_endpoint_dns_names": [
              "logs.ap-northeast-1.vpce.amazonaws.com"
            ],
            "filter": [
              {
                "name": "service-type",
                "values": [
                  "Interface"
                ]
              }
            ],
            "id": "3976633944",
            "manages_vpc_endpoints": false,
            "owner": "amazon",
            "private_dns_name": "logs.ap-northeast-1.amazonaws.com",
            "service": "logs",
            "service_id": "vpce-svc-00f34aa62ad54994a",
            "service_name": "com.amazonaws.ap-northeast-1.logs",
            "service_type": "Interface",
            "tags": {},
            "vpc_endpoint_policy_supported": true
          },
          "sensitive_attributes": []
        },
        {
          "index_key": "s3",
          "schema_version": 0,
          "attributes": {
            "acceptance_required": false,
            "arn": "arn:aws:ec2:ap-northeast-1:718286959245:vpc-endpoint-service/vpce-svc-093949690e06af6f2",
            "availability_zones": [
              "ap-northeast-1a",
              "ap-northeast-1c",
              "ap-northeast-1d"
            ],
            "base_endpoint_dns_names": [
              "s3.ap-northeast-1.amazonaws.com"
            ],
            "filter": [
              {
                "name": "service-type",
                "values": [
                  "Gateway"
                ]
              }
            ],
            "id": "3691811387",
            "manages_vpc_endpoints": false,
            "owner": "amazon",
            "private_dns_name": "",
            "service": "s3",
            "service_id": "vpce-svc-093949690e06af6f2",
            "service_name": "com.amazonaws.ap-northeast-1.s3",
            "service_type": "Gateway",
            "tags": {},
            "vpc_endpoint_policy_supported": true
          },
          "sensitive_attributes": []
        }
      ]
    },
    {
      "module": "module.endpoints",
      "mode": "managed",
      "type": "aws_vpc_endpoint",
      "name": "this",
      "provider": "provider[\"registry.terraform.io/hashicorp/aws\"]",
      "instances": [
        {
          "index_key": "ecr_api",
          "schema_version": 0,
          "attributes": {
            "arn": "arn:aws:ec2:ap-northeast-1:718286959245:vpc-endpoint/vpce-0d4cdd6d52b59cbd5",
            "auto_accept": null,
            "cidr_blocks": [],
            "dns_entry": [
              {
                "dns_name": "vpce-0d4cdd6d52b59cbd5-g3og65vk.api.ecr.ap-northeast-1.vpce.amazonaws.com",
                "hosted_zone_id": "Z2E726K9Y6RL4W"
              },
              {
                "dns_name": "vpce-0d4cdd6d52b59cbd5-g3og65vk-ap-northeast-1a.api.ecr.ap-northeast-1.vpce.amazonaws.com",
                "hosted_zone_id": "Z2E726K9Y6RL4W"
              },
              {
                "dns_name": "vpce-0d4cdd6d52b59cbd5-g3og65vk-ap-northeast-1c.api.ecr.ap-northeast-1.vpce.amazonaws.com",
                "hosted_zone_id": "Z2E726K9Y6RL4W"
              },
              {
                "dns_name": "api.ecr.ap-northeast-1.amazonaws.com",
                "hosted_zone_id": "Z10411901I0CUBB0MKAEF"
              }
            ],
            "id": "vpce-0d4cdd6d52b59cbd5",
            "network_interface_ids": [
              "eni-048ea463f49fc1418",
              "eni-0cc70d15df9a5581e"
            ],
            "owner_id": "718286959245",
            "policy": "{\"Statement\":[{\"Action\":\"*\",\"Effect\":\"Allow\",\"Principal\":\"*\",\"Resource\":\"*\"}]}",
            "prefix_list_id": null,
            "private_dns_enabled": true,
            "requester_managed": false,
            "route_table_ids": [],
            "security_group_ids": [
              "sg-027fa1195c83b63bd"
            ],
            "service_name": "com.amazonaws.ap-northeast-1.ecr.api",
            "state": "available",
            "subnet_ids": [
              "subnet-0258b9f9e472dd47f",
              "subnet-07c9d129f3316bf5f"
            ],
            "tags": {
              "Environment": "dev",
              "Name": "ap-northeast-1-ecr-api"
            },
            "tags_all": {
              "Environment": "dev",
              "Name": "ap-northeast-1-ecr-api"
            },
            "timeouts": {
              "create": "10m",
              "delete": "10m",
              "update": "10m"
            },
            "vpc_endpoint_type": "Interface",
            "vpc_id": "vpc-068a7b6b25bf2c661"
          },
          "sensitive_attributes": [],
          "private": "eyJlMmJmYjczMC1lY2FhLTExZTYtOGY4OC0zNDM2M2JjN2M0YzAiOnsiY3JlYXRlIjo2MDAwMDAwMDAwMDAsImRlbGV0ZSI6NjAwMDAwMDAwMDAwLCJ1cGRhdGUiOjYwMDAwMDAwMDAwMH19",
          "dependencies": [
            "module.vpc.aws_default_network_acl.this",
            "module.vpc.aws_elasticache_subnet_group.elasticache",
            "module.vpc.aws_network_acl.intra",
            "module.vpc.aws_route_table_association.outpost",
            "module.vpc.aws_route_table_association.public",
            "module.endpoints.data.aws_vpc_endpoint_service.this",
            "module.vpc.aws_cloudwatch_log_group.flow_log",
            "module.vpc.aws_eip.nat",
            "module.vpc.aws_nat_gateway.this",
            "module.vpc.aws_network_acl.outpost",
            "module.vpc.aws_route_table.database",
            "module.vpc.aws_subnet.database",
            "module.vpc.aws_vpn_gateway_route_propagation.public",
            "module.vpc.aws_iam_role_policy_attachment.vpc_flow_log_cloudwatch",
            "module.vpc.aws_route_table.private",
            "module.vpc.aws_route_table_association.intra",
            "module.vpc.data.aws_iam_policy_document.flow_log_cloudwatch_assume_role",
            "module.vpc.aws_network_acl_rule.intra_outbound",
            "module.vpc.aws_route_table.public",
            "module.vpc.aws_network_acl_rule.redshift_inbound",
            "module.vpc.aws_network_acl_rule.redshift_outbound",
            "module.vpc.aws_route_table_association.database",
            "module.vpc.aws_subnet.outpost",
            "module.vpc.aws_vpc_dhcp_options.this",
            "module.vpc.aws_default_security_group.this",
            "module.vpc.aws_network_acl.private",
            "module.vpc.aws_route.public_internet_gateway",
            "module.vpc.aws_customer_gateway.this",
            "module.vpc.aws_network_acl.public",
            "module.vpc.aws_network_acl_rule.elasticache_outbound",
            "module.vpc.aws_route_table_association.elasticache",
            "module.vpc.aws_vpc_dhcp_options_association.this",
            "module.vpc.aws_vpn_gateway_route_propagation.intra",
            "module.vpc.aws_route_table_association.redshift",
            "module.vpc.aws_subnet.elasticache",
            "module.vpc.aws_default_vpc.this",
            "module.vpc.aws_network_acl.database",
            "module.vpc.aws_network_acl_rule.public_inbound",
            "module.vpc.aws_route.database_internet_gateway",
            "module.vpc.aws_subnet.intra",
            "module.vpc.aws_vpn_gateway_attachment.this",
            "module.vpc.data.aws_iam_policy_document.vpc_flow_log_cloudwatch",
            "aws_security_group.sg_endpoint",
            "module.vpc.aws_iam_role.vpc_flow_log_cloudwatch",
            "module.vpc.aws_network_acl_rule.outpost_outbound",
            "module.vpc.aws_network_acl_rule.public_outbound",
            "module.vpc.aws_vpn_gateway_route_propagation.private",
            "module.vpc.aws_db_subnet_group.database",
            "module.vpc.aws_egress_only_internet_gateway.this",
            "module.vpc.aws_subnet.private",
            "module.vpc.aws_subnet.redshift",
            "module.vpc.aws_flow_log.this",
            "module.vpc.aws_network_acl_rule.database_inbound",
            "module.vpc.aws_route.database_ipv6_egress",
            "module.vpc.aws_route.database_nat_gateway",
            "module.vpc.aws_route.private_nat_gateway",
            "module.vpc.aws_route_table.elasticache",
            "module.vpc.aws_route_table_association.private",
            "module.vpc.aws_route_table_association.redshift_public",
            "module.vpc.aws_vpc_ipv4_cidr_block_association.this",
            "module.vpc.aws_vpn_gateway.this",
            "module.vpc.aws_default_route_table.default",
            "module.vpc.aws_network_acl.elasticache",
            "module.vpc.aws_network_acl_rule.intra_inbound",
            "module.vpc.aws_network_acl_rule.outpost_inbound",
            "module.vpc.aws_network_acl.redshift",
            "module.vpc.aws_network_acl_rule.elasticache_inbound",
            "module.vpc.aws_network_acl_rule.private_inbound",
            "module.vpc.aws_route_table.intra",
            "module.vpc.aws_route_table.redshift",
            "module.vpc.aws_subnet.public",
            "module.vpc.aws_iam_policy.vpc_flow_log_cloudwatch",
            "module.vpc.aws_internet_gateway.this",
            "module.vpc.aws_network_acl_rule.database_outbound",
            "module.vpc.aws_network_acl_rule.private_outbound",
            "module.vpc.aws_redshift_subnet_group.redshift",
            "module.vpc.aws_route.private_ipv6_egress",
            "module.vpc.aws_route.public_internet_gateway_ipv6",
            "module.vpc.aws_vpc.this"
          ]
        },
        {
          "index_key": "ecr_dkr",
          "schema_version": 0,
          "attributes": {
            "arn": "arn:aws:ec2:ap-northeast-1:718286959245:vpc-endpoint/vpce-09847224d95f70f94",
            "auto_accept": null,
            "cidr_blocks": [],
            "dns_entry": [
              {
                "dns_name": "vpce-09847224d95f70f94-wlip73kq.dkr.ecr.ap-northeast-1.vpce.amazonaws.com",
                "hosted_zone_id": "Z2E726K9Y6RL4W"
              },
              {
                "dns_name": "vpce-09847224d95f70f94-wlip73kq-ap-northeast-1a.dkr.ecr.ap-northeast-1.vpce.amazonaws.com",
                "hosted_zone_id": "Z2E726K9Y6RL4W"
              },
              {
                "dns_name": "vpce-09847224d95f70f94-wlip73kq-ap-northeast-1c.dkr.ecr.ap-northeast-1.vpce.amazonaws.com",
                "hosted_zone_id": "Z2E726K9Y6RL4W"
              },
              {
                "dns_name": "dkr.ecr.ap-northeast-1.amazonaws.com",
                "hosted_zone_id": "Z03274391YUV1ITWDGJJB"
              },
              {
                "dns_name": "*.dkr.ecr.ap-northeast-1.amazonaws.com",
                "hosted_zone_id": "Z03274391YUV1ITWDGJJB"
              }
            ],
            "id": "vpce-09847224d95f70f94",
            "network_interface_ids": [
              "eni-04ce3af90fb517818",
              "eni-0c9c2f7166321439f"
            ],
            "owner_id": "718286959245",
            "policy": "{\"Statement\":[{\"Action\":\"*\",\"Effect\":\"Allow\",\"Principal\":\"*\",\"Resource\":\"*\"}]}",
            "prefix_list_id": null,
            "private_dns_enabled": true,
            "requester_managed": false,
            "route_table_ids": [],
            "security_group_ids": [
              "sg-027fa1195c83b63bd"
            ],
            "service_name": "com.amazonaws.ap-northeast-1.ecr.dkr",
            "state": "available",
            "subnet_ids": [
              "subnet-0258b9f9e472dd47f",
              "subnet-07c9d129f3316bf5f"
            ],
            "tags": {
              "Environment": "dev",
              "Name": "ap-northeast-1-ecr-dkr"
            },
            "tags_all": {
              "Environment": "dev",
              "Name": "ap-northeast-1-ecr-dkr"
            },
            "timeouts": {
              "create": "10m",
              "delete": "10m",
              "update": "10m"
            },
            "vpc_endpoint_type": "Interface",
            "vpc_id": "vpc-068a7b6b25bf2c661"
          },
          "sensitive_attributes": [],
          "private": "eyJlMmJmYjczMC1lY2FhLTExZTYtOGY4OC0zNDM2M2JjN2M0YzAiOnsiY3JlYXRlIjo2MDAwMDAwMDAwMDAsImRlbGV0ZSI6NjAwMDAwMDAwMDAwLCJ1cGRhdGUiOjYwMDAwMDAwMDAwMH19",
          "dependencies": [
            "module.vpc.aws_egress_only_internet_gateway.this",
            "module.vpc.aws_network_acl.public",
            "module.vpc.aws_subnet.outpost",
            "module.vpc.aws_route_table_association.redshift",
            "module.vpc.aws_subnet.intra",
            "module.vpc.aws_db_subnet_group.database",
            "module.vpc.aws_route.public_internet_gateway",
            "module.vpc.aws_route.public_internet_gateway_ipv6",
            "module.vpc.aws_network_acl.elasticache",
            "module.vpc.aws_network_acl_rule.private_outbound",
            "module.vpc.aws_route_table_association.database",
            "module.vpc.aws_network_acl.outpost",
            "module.vpc.aws_network_acl_rule.database_inbound",
            "module.vpc.aws_network_acl_rule.database_outbound",
            "module.vpc.aws_network_acl_rule.redshift_outbound",
            "module.vpc.aws_route.database_ipv6_egress",
            "module.endpoints.data.aws_vpc_endpoint_service.this",
            "module.vpc.aws_default_route_table.default",
            "module.vpc.aws_network_acl.database",
            "module.vpc.aws_subnet.private",
            "module.vpc.aws_vpn_gateway.this",
            "module.vpc.aws_network_acl_rule.elasticache_outbound",
            "module.vpc.aws_network_acl_rule.outpost_inbound",
            "module.vpc.aws_route_table.public",
            "module.vpc.aws_route_table.elasticache",
            "module.vpc.aws_route_table_association.public",
            "module.vpc.aws_vpc.this",
            "module.vpc.aws_vpn_gateway_route_propagation.intra",
            "aws_security_group.sg_endpoint",
            "module.vpc.aws_iam_role.vpc_flow_log_cloudwatch",
            "module.vpc.aws_network_acl_rule.outpost_outbound",
            "module.vpc.aws_route_table_association.redshift_public",
            "module.vpc.aws_default_vpc.this",
            "module.vpc.aws_network_acl_rule.intra_inbound",
            "module.vpc.aws_redshift_subnet_group.redshift",
            "module.vpc.aws_network_acl_rule.public_outbound",
            "module.vpc.aws_subnet.elasticache",
            "module.vpc.data.aws_iam_policy_document.vpc_flow_log_cloudwatch",
            "module.vpc.aws_route_table.private",
            "module.vpc.aws_subnet.public",
            "module.vpc.aws_default_security_group.this",
            "module.vpc.aws_network_acl.redshift",
            "module.vpc.aws_network_acl_rule.elasticache_inbound",
            "module.vpc.aws_route_table_association.private",
            "module.vpc.aws_nat_gateway.this",
            "module.vpc.aws_network_acl_rule.private_inbound",
            "module.vpc.aws_route_table.database",
            "module.vpc.aws_route_table.intra",
            "module.vpc.aws_route_table_association.elasticache",
            "module.vpc.aws_subnet.redshift",
            "module.vpc.aws_vpc_dhcp_options_association.this",
            "module.vpc.aws_elasticache_subnet_group.elasticache",
            "module.vpc.aws_iam_role_policy_attachment.vpc_flow_log_cloudwatch",
            "module.vpc.aws_route.private_nat_gateway",
            "module.vpc.aws_network_acl_rule.redshift_inbound",
            "module.vpc.aws_eip.nat",
            "module.vpc.aws_internet_gateway.this",
            "module.vpc.aws_network_acl.intra",
            "module.vpc.aws_vpc_ipv4_cidr_block_association.this",
            "module.vpc.aws_iam_policy.vpc_flow_log_cloudwatch",
            "module.vpc.aws_subnet.database",
            "module.vpc.aws_vpc_dhcp_options.this",
            "module.vpc.aws_route.private_ipv6_egress",
            "module.vpc.aws_route_table_association.outpost",
            "module.vpc.aws_vpn_gateway_attachment.this",
            "module.vpc.aws_vpn_gateway_route_propagation.private",
            "module.vpc.aws_vpn_gateway_route_propagation.public",
            "module.vpc.aws_cloudwatch_log_group.flow_log",
            "module.vpc.aws_network_acl_rule.public_inbound",
            "module.vpc.aws_route.database_nat_gateway",
            "module.vpc.aws_route.database_internet_gateway",
            "module.vpc.aws_route_table.redshift",
            "module.vpc.aws_route_table_association.intra",
            "module.vpc.data.aws_iam_policy_document.flow_log_cloudwatch_assume_role",
            "module.vpc.aws_flow_log.this",
            "module.vpc.aws_network_acl.private",
            "module.vpc.aws_network_acl_rule.intra_outbound",
            "module.vpc.aws_customer_gateway.this",
            "module.vpc.aws_default_network_acl.this"
          ]
        },
        {
          "index_key": "lambda",
          "schema_version": 0,
          "attributes": {
            "arn": "arn:aws:ec2:ap-northeast-1:718286959245:vpc-endpoint/vpce-0c7afbcffb71b1ba2",
            "auto_accept": null,
            "cidr_blocks": [],
            "dns_entry": [
              {
                "dns_name": "vpce-0c7afbcffb71b1ba2-j5ly53gf.lambda.ap-northeast-1.vpce.amazonaws.com",
                "hosted_zone_id": "Z2E726K9Y6RL4W"
              },
              {
                "dns_name": "vpce-0c7afbcffb71b1ba2-j5ly53gf-ap-northeast-1a.lambda.ap-northeast-1.vpce.amazonaws.com",
                "hosted_zone_id": "Z2E726K9Y6RL4W"
              },
              {
                "dns_name": "vpce-0c7afbcffb71b1ba2-j5ly53gf-ap-northeast-1c.lambda.ap-northeast-1.vpce.amazonaws.com",
                "hosted_zone_id": "Z2E726K9Y6RL4W"
              },
              {
                "dns_name": "lambda.ap-northeast-1.amazonaws.com",
                "hosted_zone_id": "Z04072892MP7CNN8XUU7"
              }
            ],
            "id": "vpce-0c7afbcffb71b1ba2",
            "network_interface_ids": [
              "eni-084662dec196e14d7",
              "eni-08ada71661939ab9c"
            ],
            "owner_id": "718286959245",
            "policy": "{\"Statement\":[{\"Action\":\"*\",\"Effect\":\"Allow\",\"Principal\":\"*\",\"Resource\":\"*\"}]}",
            "prefix_list_id": null,
            "private_dns_enabled": true,
            "requester_managed": false,
            "route_table_ids": [],
            "security_group_ids": [
              "sg-027fa1195c83b63bd"
            ],
            "service_name": "com.amazonaws.ap-northeast-1.lambda",
            "state": "available",
            "subnet_ids": [
              "subnet-0258b9f9e472dd47f",
              "subnet-07c9d129f3316bf5f"
            ],
            "tags": {
              "Environment": "dev",
              "Name": "ap-northeast-1-lambda"
            },
            "tags_all": {
              "Environment": "dev",
              "Name": "ap-northeast-1-lambda"
            },
            "timeouts": {
              "create": "10m",
              "delete": "10m",
              "update": "10m"
            },
            "vpc_endpoint_type": "Interface",
            "vpc_id": "vpc-068a7b6b25bf2c661"
          },
          "sensitive_attributes": [],
          "private": "eyJlMmJmYjczMC1lY2FhLTExZTYtOGY4OC0zNDM2M2JjN2M0YzAiOnsiY3JlYXRlIjo2MDAwMDAwMDAwMDAsImRlbGV0ZSI6NjAwMDAwMDAwMDAwLCJ1cGRhdGUiOjYwMDAwMDAwMDAwMH19",
          "dependencies": [
            "module.vpc.aws_flow_log.this",
            "module.vpc.aws_network_acl.database",
            "module.vpc.aws_route_table.intra",
            "module.vpc.aws_route_table.public",
            "module.vpc.aws_network_acl_rule.redshift_inbound",
            "module.vpc.aws_route.private_nat_gateway",
            "module.vpc.aws_vpc_dhcp_options_association.this",
            "module.vpc.aws_vpn_gateway_route_propagation.public",
            "module.vpc.aws_iam_role.vpc_flow_log_cloudwatch",
            "module.vpc.aws_nat_gateway.this",
            "module.vpc.aws_network_acl.private",
            "module.vpc.aws_route_table.database",
            "module.vpc.aws_route_table.elasticache",
            "module.vpc.aws_vpc_ipv4_cidr_block_association.this",
            "module.vpc.aws_vpn_gateway.this",
            "module.vpc.aws_vpn_gateway_route_propagation.private",
            "module.vpc.aws_cloudwatch_log_group.flow_log",
            "module.vpc.aws_default_route_table.default",
            "module.vpc.aws_network_acl_rule.database_inbound",
            "module.vpc.aws_route_table.redshift",
            "module.vpc.aws_route_table_association.intra",
            "module.vpc.data.aws_iam_policy_document.flow_log_cloudwatch_assume_role",
            "module.vpc.aws_network_acl_rule.private_outbound",
            "module.vpc.aws_egress_only_internet_gateway.this",
            "module.vpc.aws_eip.nat",
            "module.vpc.aws_internet_gateway.this",
            "module.vpc.aws_network_acl_rule.elasticache_inbound",
            "module.vpc.aws_network_acl_rule.redshift_outbound",
            "module.vpc.aws_route.database_internet_gateway",
            "module.vpc.aws_route.public_internet_gateway",
            "module.vpc.aws_route.public_internet_gateway_ipv6",
            "module.vpc.aws_route_table_association.outpost",
            "module.vpc.aws_route_table_association.public",
            "module.vpc.aws_subnet.outpost",
            "module.vpc.aws_vpn_gateway_route_propagation.intra",
            "module.vpc.aws_default_vpc.this",
            "module.vpc.aws_network_acl_rule.private_inbound",
            "module.vpc.aws_route.database_nat_gateway",
            "module.vpc.aws_route.private_ipv6_egress",
            "module.vpc.aws_subnet.redshift",
            "module.vpc.aws_vpn_gateway_attachment.this",
            "module.vpc.aws_elasticache_subnet_group.elasticache",
            "module.vpc.aws_redshift_subnet_group.redshift",
            "module.vpc.aws_vpc.this",
            "module.vpc.aws_network_acl.public",
            "module.vpc.aws_network_acl_rule.elasticache_outbound",
            "module.vpc.aws_network_acl_rule.public_inbound",
            "module.vpc.aws_network_acl.redshift",
            "module.vpc.aws_network_acl_rule.outpost_inbound",
            "module.vpc.aws_subnet.database",
            "module.vpc.aws_subnet.elasticache",
            "module.vpc.aws_network_acl.intra",
            "module.vpc.aws_network_acl.outpost",
            "module.vpc.aws_network_acl_rule.public_outbound",
            "module.vpc.aws_route_table.private",
            "module.vpc.aws_network_acl_rule.intra_inbound",
            "module.vpc.aws_route.database_ipv6_egress",
            "module.vpc.aws_route_table_association.database",
            "module.vpc.aws_vpc_dhcp_options.this",
            "module.vpc.data.aws_iam_policy_document.vpc_flow_log_cloudwatch",
            "module.vpc.aws_customer_gateway.this",
            "module.vpc.aws_network_acl.elasticache",
            "module.vpc.aws_network_acl_rule.intra_outbound",
            "module.vpc.aws_route_table_association.private",
            "module.vpc.aws_subnet.private",
            "module.vpc.aws_subnet.public",
            "aws_security_group.sg_endpoint",
            "module.endpoints.data.aws_vpc_endpoint_service.this",
            "module.vpc.aws_db_subnet_group.database",
            "module.vpc.aws_default_network_acl.this",
            "module.vpc.aws_network_acl_rule.database_outbound",
            "module.vpc.aws_network_acl_rule.outpost_outbound",
            "module.vpc.aws_route_table_association.redshift_public",
            "module.vpc.aws_default_security_group.this",
            "module.vpc.aws_iam_policy.vpc_flow_log_cloudwatch",
            "module.vpc.aws_subnet.intra",
            "module.vpc.aws_iam_role_policy_attachment.vpc_flow_log_cloudwatch",
            "module.vpc.aws_route_table_association.elasticache",
            "module.vpc.aws_route_table_association.redshift"
          ]
        },
        {
          "index_key": "logs",
          "schema_version": 0,
          "attributes": {
            "arn": "arn:aws:ec2:ap-northeast-1:718286959245:vpc-endpoint/vpce-01e2c6a5d785e4a94",
            "auto_accept": null,
            "cidr_blocks": [],
            "dns_entry": [
              {
                "dns_name": "vpce-01e2c6a5d785e4a94-cbs61wrq.logs.ap-northeast-1.vpce.amazonaws.com",
                "hosted_zone_id": "Z2E726K9Y6RL4W"
              },
              {
                "dns_name": "vpce-01e2c6a5d785e4a94-cbs61wrq-ap-northeast-1a.logs.ap-northeast-1.vpce.amazonaws.com",
                "hosted_zone_id": "Z2E726K9Y6RL4W"
              },
              {
                "dns_name": "vpce-01e2c6a5d785e4a94-cbs61wrq-ap-northeast-1c.logs.ap-northeast-1.vpce.amazonaws.com",
                "hosted_zone_id": "Z2E726K9Y6RL4W"
              },
              {
                "dns_name": "logs.ap-northeast-1.amazonaws.com",
                "hosted_zone_id": "Z03196432A7LDG09OEYON"
              }
            ],
            "id": "vpce-01e2c6a5d785e4a94",
            "network_interface_ids": [
              "eni-043062de216c815bf",
              "eni-099c571341d40ab06"
            ],
            "owner_id": "718286959245",
            "policy": "{\"Statement\":[{\"Action\":\"*\",\"Effect\":\"Allow\",\"Principal\":\"*\",\"Resource\":\"*\"}]}",
            "prefix_list_id": null,
            "private_dns_enabled": true,
            "requester_managed": false,
            "route_table_ids": [],
            "security_group_ids": [
              "sg-027fa1195c83b63bd"
            ],
            "service_name": "com.amazonaws.ap-northeast-1.logs",
            "state": "available",
            "subnet_ids": [
              "subnet-0258b9f9e472dd47f",
              "subnet-07c9d129f3316bf5f"
            ],
            "tags": {
              "Environment": "dev",
              "Name": "ap-northeast-1-logs"
            },
            "tags_all": {
              "Environment": "dev",
              "Name": "ap-northeast-1-logs"
            },
            "timeouts": {
              "create": "10m",
              "delete": "10m",
              "update": "10m"
            },
            "vpc_endpoint_type": "Interface",
            "vpc_id": "vpc-068a7b6b25bf2c661"
          },
          "sensitive_attributes": [],
          "private": "eyJlMmJmYjczMC1lY2FhLTExZTYtOGY4OC0zNDM2M2JjN2M0YzAiOnsiY3JlYXRlIjo2MDAwMDAwMDAwMDAsImRlbGV0ZSI6NjAwMDAwMDAwMDAwLCJ1cGRhdGUiOjYwMDAwMDAwMDAwMH19",
          "dependencies": [
            "module.vpc.aws_route_table_association.outpost",
            "module.vpc.aws_vpn_gateway_route_propagation.public",
            "aws_security_group.sg_endpoint",
            "module.vpc.aws_default_network_acl.this",
            "module.vpc.aws_network_acl.public",
            "module.vpc.aws_network_acl_rule.intra_inbound",
            "module.vpc.aws_redshift_subnet_group.redshift",
            "module.vpc.aws_subnet.elasticache",
            "module.vpc.aws_vpn_gateway_attachment.this",
            "module.vpc.aws_vpn_gateway_route_propagation.intra",
            "module.vpc.aws_flow_log.this",
            "module.vpc.aws_network_acl_rule.database_inbound",
            "module.vpc.aws_route.database_nat_gateway",
            "module.vpc.aws_route_table_association.elasticache",
            "module.vpc.aws_subnet.database",
            "module.vpc.aws_network_acl_rule.redshift_outbound",
            "module.vpc.data.aws_iam_policy_document.vpc_flow_log_cloudwatch",
            "module.vpc.aws_eip.nat",
            "module.vpc.aws_nat_gateway.this",
            "module.vpc.aws_network_acl.database",
            "module.vpc.aws_network_acl_rule.outpost_outbound",
            "module.vpc.aws_network_acl_rule.redshift_inbound",
            "module.vpc.aws_internet_gateway.this",
            "module.vpc.aws_network_acl_rule.intra_outbound",
            "module.vpc.aws_network_acl.outpost",
            "module.vpc.aws_route.database_internet_gateway",
            "module.vpc.aws_route_table.private",
            "module.vpc.aws_subnet.private",
            "module.endpoints.data.aws_vpc_endpoint_service.this",
            "module.vpc.aws_cloudwatch_log_group.flow_log",
            "module.vpc.aws_network_acl.private",
            "module.vpc.aws_network_acl_rule.elasticache_inbound",
            "module.vpc.aws_subnet.outpost",
            "module.vpc.aws_network_acl_rule.database_outbound",
            "module.vpc.aws_route.database_ipv6_egress",
            "module.vpc.aws_vpn_gateway_route_propagation.private",
            "module.vpc.aws_route_table.database",
            "module.vpc.aws_route_table.public",
            "module.vpc.aws_route_table_association.intra",
            "module.vpc.aws_subnet.redshift",
            "module.vpc.aws_default_security_group.this",
            "module.vpc.aws_network_acl_rule.private_inbound",
            "module.vpc.aws_route_table.redshift",
            "module.vpc.aws_route_table_association.public",
            "module.vpc.aws_db_subnet_group.database",
            "module.vpc.aws_iam_policy.vpc_flow_log_cloudwatch",
            "module.vpc.aws_subnet.public",
            "module.vpc.aws_vpn_gateway.this",
            "module.vpc.aws_vpc_ipv4_cidr_block_association.this",
            "module.vpc.aws_network_acl_rule.public_inbound",
            "module.vpc.aws_route.public_internet_gateway",
            "module.vpc.aws_route.public_internet_gateway_ipv6",
            "module.vpc.aws_route_table.elasticache",
            "module.vpc.aws_route_table.intra",
            "module.vpc.data.aws_iam_policy_document.flow_log_cloudwatch_assume_role",
            "module.vpc.aws_customer_gateway.this",
            "module.vpc.aws_route.private_nat_gateway",
            "module.vpc.aws_route_table_association.redshift",
            "module.vpc.aws_subnet.intra",
            "module.vpc.aws_vpc_dhcp_options.this",
            "module.vpc.aws_elasticache_subnet_group.elasticache",
            "module.vpc.aws_network_acl_rule.private_outbound",
            "module.vpc.aws_route_table_association.private",
            "module.vpc.aws_vpc_dhcp_options_association.this",
            "module.vpc.aws_default_vpc.this",
            "module.vpc.aws_egress_only_internet_gateway.this",
            "module.vpc.aws_network_acl.intra",
            "module.vpc.aws_network_acl_rule.elasticache_outbound",
            "module.vpc.aws_route_table_association.database",
            "module.vpc.aws_route_table_association.redshift_public",
            "module.vpc.aws_vpc.this",
            "module.vpc.aws_default_route_table.default",
            "module.vpc.aws_iam_role.vpc_flow_log_cloudwatch",
            "module.vpc.aws_iam_role_policy_attachment.vpc_flow_log_cloudwatch",
            "module.vpc.aws_network_acl_rule.outpost_inbound",
            "module.vpc.aws_network_acl_rule.public_outbound",
            "module.vpc.aws_network_acl.elasticache",
            "module.vpc.aws_network_acl.redshift",
            "module.vpc.aws_route.private_ipv6_egress"
          ]
        },
        {
          "index_key": "s3",
          "schema_version": 0,
          "attributes": {
            "arn": "arn:aws:ec2:ap-northeast-1:718286959245:vpc-endpoint/vpce-09863d3cb493708ca",
            "auto_accept": null,
            "cidr_blocks": [
              "3.5.152.0/21",
              "52.219.0.0/20",
              "52.219.152.0/22",
              "52.219.136.0/22",
              "52.219.16.0/22",
              "52.219.68.0/22",
              "52.219.172.0/22"
            ],
            "dns_entry": [],
            "id": "vpce-09863d3cb493708ca",
            "network_interface_ids": [],
            "owner_id": "718286959245",
            "policy": "{\"Statement\":[{\"Action\":\"*\",\"Effect\":\"Allow\",\"Principal\":\"*\",\"Resource\":\"*\"}],\"Version\":\"2008-10-17\"}",
            "prefix_list_id": "pl-61a54008",
            "private_dns_enabled": false,
            "requester_managed": false,
            "route_table_ids": [
              "rtb-0401892c6d4859da9",
              "rtb-07243699876435fff"
            ],
            "security_group_ids": [],
            "service_name": "com.amazonaws.ap-northeast-1.s3",
            "state": "available",
            "subnet_ids": [],
            "tags": {
              "Environment": "dev",
              "Name": "ap-northeast-1-s3"
            },
            "tags_all": {
              "Environment": "dev",
              "Name": "ap-northeast-1-s3"
            },
            "timeouts": {
              "create": "10m",
              "delete": "10m",
              "update": "10m"
            },
            "vpc_endpoint_type": "Gateway",
            "vpc_id": "vpc-068a7b6b25bf2c661"
          },
          "sensitive_attributes": [],
          "private": "eyJlMmJmYjczMC1lY2FhLTExZTYtOGY4OC0zNDM2M2JjN2M0YzAiOnsiY3JlYXRlIjo2MDAwMDAwMDAwMDAsImRlbGV0ZSI6NjAwMDAwMDAwMDAwLCJ1cGRhdGUiOjYwMDAwMDAwMDAwMH19",
          "dependencies": [
            "module.vpc.aws_network_acl.private",
            "module.vpc.aws_network_acl_rule.outpost_outbound",
            "module.vpc.aws_network_acl_rule.redshift_outbound",
            "module.vpc.aws_route.private_ipv6_egress",
            "module.vpc.aws_vpn_gateway_route_propagation.intra",
            "module.vpc.aws_iam_role_policy_attachment.vpc_flow_log_cloudwatch",
            "module.vpc.aws_route_table.database",
            "module.vpc.aws_subnet.redshift",
            "module.vpc.aws_egress_only_internet_gateway.this",
            "module.vpc.aws_flow_log.this",
            "module.vpc.aws_network_acl_rule.elasticache_outbound",
            "module.vpc.aws_subnet.elasticache",
            "module.vpc.aws_vpc_ipv4_cidr_block_association.this",
            "module.vpc.aws_db_subnet_group.database",
            "module.vpc.aws_network_acl_rule.public_inbound",
            "module.vpc.aws_route_table_association.database",
            "module.vpc.aws_route_table_association.private",
            "module.vpc.aws_vpn_gateway.this",
            "module.vpc.aws_vpn_gateway_route_propagation.public",
            "module.vpc.aws_network_acl_rule.intra_inbound",
            "module.vpc.aws_route_table.redshift",
            "module.vpc.aws_redshift_subnet_group.redshift",
            "module.vpc.aws_network_acl.elasticache",
            "module.vpc.aws_route_table_association.elasticache",
            "module.vpc.aws_cloudwatch_log_group.flow_log",
            "module.vpc.aws_network_acl_rule.redshift_inbound",
            "module.vpc.aws_route.private_nat_gateway",
            "module.vpc.aws_route_table_association.intra",
            "module.vpc.aws_route_table_association.public",
            "module.vpc.aws_subnet.database",
            "module.vpc.aws_subnet.private",
            "module.vpc.aws_iam_policy.vpc_flow_log_cloudwatch",
            "module.vpc.aws_internet_gateway.this",
            "module.vpc.aws_network_acl_rule.intra_outbound",
            "module.vpc.aws_route_table_association.redshift_public",
            "module.vpc.aws_subnet.intra",
            "module.vpc.aws_default_vpc.this",
            "module.vpc.aws_iam_role.vpc_flow_log_cloudwatch",
            "module.vpc.aws_network_acl.redshift",
            "module.vpc.aws_network_acl_rule.private_outbound",
            "module.vpc.aws_route_table_association.outpost",
            "module.vpc.aws_vpc_dhcp_options.this",
            "module.vpc.aws_vpc_dhcp_options_association.this",
            "module.vpc.aws_default_network_acl.this",
            "module.vpc.aws_route.public_internet_gateway_ipv6",
            "aws_security_group.sg_endpoint",
            "module.vpc.aws_nat_gateway.this",
            "module.vpc.aws_network_acl.database",
            "module.vpc.aws_network_acl.public",
            "module.vpc.aws_route.database_internet_gateway",
            "module.vpc.aws_route.database_nat_gateway",
            "module.vpc.data.aws_iam_policy_document.flow_log_cloudwatch_assume_role",
            "module.vpc.aws_customer_gateway.this",
            "module.vpc.aws_network_acl_rule.database_outbound",
            "module.vpc.aws_subnet.public",
            "module.vpc.aws_vpn_gateway_attachment.this",
            "module.vpc.data.aws_iam_policy_document.vpc_flow_log_cloudwatch",
            "module.vpc.aws_default_security_group.this",
            "module.vpc.aws_network_acl_rule.public_outbound",
            "module.vpc.aws_route_table.elasticache",
            "module.vpc.aws_route_table.private",
            "module.vpc.aws_vpn_gateway_route_propagation.private",
            "module.vpc.aws_network_acl_rule.private_inbound",
            "module.vpc.aws_route_table_association.redshift",
            "module.vpc.aws_subnet.outpost",
            "module.vpc.aws_route_table.intra",
            "module.vpc.aws_default_route_table.default",
            "module.vpc.aws_network_acl_rule.database_inbound",
            "module.vpc.aws_network_acl_rule.outpost_inbound",
            "module.endpoints.data.aws_vpc_endpoint_service.this",
            "module.vpc.aws_elasticache_subnet_group.elasticache",
            "module.vpc.aws_network_acl.intra",
            "module.vpc.aws_network_acl.outpost",
            "module.vpc.aws_network_acl_rule.elasticache_inbound",
            "module.vpc.aws_route.database_ipv6_egress",
            "module.vpc.aws_route.public_internet_gateway",
            "module.vpc.aws_route_table.public",
            "module.vpc.aws_eip.nat",
            "module.vpc.aws_vpc.this"
          ]
        }
      ]
    },
    {
      "module": "module.eventbridge",
      "mode": "data",
      "type": "aws_iam_policy_document",
      "name": "assume_role",
      "provider": "provider[\"registry.terraform.io/hashicorp/aws\"]",
      "instances": [
        {
          "index_key": 0,
          "schema_version": 0,
          "attributes": {
            "id": "2423734833",
            "json": "{\n  \"Version\": \"2012-10-17\",\n  \"Statement\": [\n    {\n      \"Sid\": \"\",\n      \"Effect\": \"Allow\",\n      \"Action\": \"sts:AssumeRole\",\n      \"Principal\": {\n        \"Service\": \"events.amazonaws.com\"\n      }\n    }\n  ]\n}",
            "override_json": null,
            "override_policy_documents": null,
            "policy_id": null,
            "source_json": null,
            "source_policy_documents": null,
            "statement": [
              {
                "actions": [
                  "sts:AssumeRole"
                ],
                "condition": [],
                "effect": "Allow",
                "not_actions": [],
                "not_principals": [],
                "not_resources": [],
                "principals": [
                  {
                    "identifiers": [
                      "events.amazonaws.com"
                    ],
                    "type": "Service"
                  }
                ],
                "resources": [],
                "sid": ""
              }
            ],
            "version": "2012-10-17"
          },
          "sensitive_attributes": []
        }
      ]
    },
    {
      "module": "module.eventbridge",
      "mode": "managed",
      "type": "aws_cloudwatch_event_bus",
      "name": "this",
      "provider": "provider[\"registry.terraform.io/hashicorp/aws\"]",
      "instances": []
    },
    {
      "module": "module.eventbridge",
      "mode": "managed",
      "type": "aws_cloudwatch_event_rule",
      "name": "this",
      "provider": "provider[\"registry.terraform.io/hashicorp/aws\"]",
      "instances": [
        {
          "index_key": "media-convert",
          "schema_version": 0,
          "attributes": {
            "arn": "arn:aws:events:ap-northeast-1:718286959245:rule/media-convert-rule",
            "description": "Capture media convert status changes",
            "event_bus_name": "default",
            "event_pattern": "{\"detail\":{\"status\":[\"COMPLETE\",\"ERROR\"]},\"detail-type\":[\"MediaConvert Job State Change\"],\"source\":[\"aws.mediaconvert\"]}",
            "id": "media-convert-rule",
            "is_enabled": true,
            "name": "media-convert-rule",
            "name_prefix": "",
            "role_arn": "",
            "schedule_expression": "",
            "tags": {
              "Name": "media-convert-rule"
            },
            "tags_all": {
              "Name": "media-convert-rule"
            }
          },
          "sensitive_attributes": [],
          "private": "bnVsbA==",
          "dependencies": [
            "aws_lambda_function.cloudwatch_media_convert",
            "module.eventbridge.aws_cloudwatch_event_bus.this",
            "module.eventbridge.aws_iam_role.eventbridge",
            "module.eventbridge.data.aws_iam_policy_document.assume_role"
          ]
        }
      ]
    },
    {
      "module": "module.eventbridge",
      "mode": "managed",
      "type": "aws_cloudwatch_event_target",
      "name": "this",
      "provider": "provider[\"registry.terraform.io/hashicorp/aws\"]",
      "instances": [
        {
          "index_key": "media-convert",
          "schema_version": 1,
          "attributes": {
            "arn": "arn:aws:lambda:ap-northeast-1:718286959245:function:CloudWatchMediaConvert",
            "batch_target": [],
            "dead_letter_config": [],
            "ecs_target": [],
            "event_bus_name": "default",
            "http_target": [],
            "id": "media-convert-rule-terraform-20211103063457551900000001",
            "input": "",
            "input_path": "",
            "input_transformer": [],
            "kinesis_target": [],
            "redshift_target": [],
            "retry_policy": [],
            "role_arn": "",
            "rule": "media-convert-rule",
            "run_command_targets": [],
            "sqs_target": [],
            "target_id": "terraform-20211103063457551900000001"
          },
          "sensitive_attributes": [],
          "private": "eyJzY2hlbWFfdmVyc2lvbiI6IjEifQ==",
          "dependencies": [
            "aws_lambda_function.cloudwatch_media_convert",
            "module.eventbridge.aws_cloudwatch_event_bus.this",
            "module.eventbridge.aws_cloudwatch_event_rule.this",
            "module.eventbridge.aws_iam_role.eventbridge",
            "module.eventbridge.data.aws_iam_policy_document.assume_role"
          ]
        }
      ]
    },
    {
      "module": "module.eventbridge",
      "mode": "managed",
      "type": "aws_iam_role",
      "name": "eventbridge",
      "provider": "provider[\"registry.terraform.io/hashicorp/aws\"]",
      "instances": [
        {
          "index_key": 0,
          "schema_version": 0,
          "attributes": {
            "arn": "arn:aws:iam::718286959245:role/default",
            "assume_role_policy": "{\"Version\":\"2012-10-17\",\"Statement\":[{\"Sid\":\"\",\"Effect\":\"Allow\",\"Principal\":{\"Service\":\"events.amazonaws.com\"},\"Action\":\"sts:AssumeRole\"}]}",
            "create_date": "2021-11-03T06:34:57Z",
            "description": "",
            "force_detach_policies": true,
            "id": "default",
            "inline_policy": [
              {
                "name": "",
                "policy": ""
              }
            ],
            "managed_policy_arns": [],
            "max_session_duration": 3600,
            "name": "default",
            "name_prefix": "",
            "path": "/",
            "permissions_boundary": null,
            "tags": {
              "Name": "cms-detect-media-convert"
            },
            "tags_all": {
              "Name": "cms-detect-media-convert"
            },
            "unique_id": "AROA2OPJ5GKG4BA7MQGKA"
          },
          "sensitive_attributes": [],
          "private": "bnVsbA==",
          "dependencies": [
            "aws_lambda_function.cloudwatch_media_convert",
            "module.eventbridge.data.aws_iam_policy_document.assume_role"
          ]
        }
      ]
    },
    {
      "module": "module.vpc",
      "mode": "managed",
      "type": "aws_internet_gateway",
      "name": "this",
      "provider": "provider[\"registry.terraform.io/hashicorp/aws\"]",
      "instances": [
        {
          "index_key": 0,
          "schema_version": 0,
          "attributes": {
            "arn": "arn:aws:ec2:ap-northeast-1:718286959245:internet-gateway/igw-0f4f7bb84da995a0a",
            "id": "igw-0f4f7bb84da995a0a",
            "owner_id": "718286959245",
            "tags": {
              "Environment": "dev",
              "Name": "cms-vpc-igw",
              "Terraform": "true"
            },
            "tags_all": {
              "Environment": "dev",
              "Name": "cms-vpc-igw",
              "Terraform": "true"
            },
            "vpc_id": "vpc-068a7b6b25bf2c661"
          },
          "sensitive_attributes": [],
          "private": "bnVsbA==",
          "dependencies": [
            "module.vpc.aws_vpc.this",
            "module.vpc.aws_vpc_ipv4_cidr_block_association.this"
          ]
        }
      ]
    },
    {
      "module": "module.vpc",
      "mode": "managed",
      "type": "aws_route",
      "name": "public_internet_gateway",
      "provider": "provider[\"registry.terraform.io/hashicorp/aws\"]",
      "instances": [
        {
          "index_key": 0,
          "schema_version": 0,
          "attributes": {
            "carrier_gateway_id": "",
            "destination_cidr_block": "0.0.0.0/0",
            "destination_ipv6_cidr_block": "",
            "destination_prefix_list_id": "",
            "egress_only_gateway_id": "",
            "gateway_id": "igw-0f4f7bb84da995a0a",
            "id": "r-rtb-0846e5a948fb131601080289494",
            "instance_id": "",
            "instance_owner_id": "",
            "local_gateway_id": "",
            "nat_gateway_id": "",
            "network_interface_id": "",
            "origin": "CreateRoute",
            "route_table_id": "rtb-0846e5a948fb13160",
            "state": "active",
            "timeouts": {
              "create": "5m",
              "delete": null,
              "update": null
            },
            "transit_gateway_id": "",
            "vpc_endpoint_id": "",
            "vpc_peering_connection_id": ""
          },
          "sensitive_attributes": [],
          "private": "eyJlMmJmYjczMC1lY2FhLTExZTYtOGY4OC0zNDM2M2JjN2M0YzAiOnsiY3JlYXRlIjozMDAwMDAwMDAwMDAsImRlbGV0ZSI6MzAwMDAwMDAwMDAwLCJ1cGRhdGUiOjEyMDAwMDAwMDAwMH19",
          "dependencies": [
            "module.vpc.aws_vpc.this",
            "module.vpc.aws_vpc_ipv4_cidr_block_association.this",
            "module.vpc.aws_internet_gateway.this",
            "module.vpc.aws_route_table.public"
          ]
        }
      ]
    },
    {
      "module": "module.vpc",
      "mode": "managed",
      "type": "aws_route_table",
      "name": "private",
      "provider": "provider[\"registry.terraform.io/hashicorp/aws\"]",
      "instances": [
        {
          "index_key": 0,
          "schema_version": 0,
          "attributes": {
            "arn": "arn:aws:ec2:ap-northeast-1:718286959245:route-table/rtb-0401892c6d4859da9",
            "id": "rtb-0401892c6d4859da9",
            "owner_id": "718286959245",
            "propagating_vgws": [],
            "route": [],
            "tags": {
              "Environment": "dev",
              "Name": "cms-vpc-private-route-table",
              "Terraform": "true"
            },
            "tags_all": {
              "Environment": "dev",
              "Name": "cms-vpc-private-route-table",
              "Terraform": "true"
            },
            "timeouts": null,
            "vpc_id": "vpc-068a7b6b25bf2c661"
          },
          "sensitive_attributes": [],
          "private": "eyJlMmJmYjczMC1lY2FhLTExZTYtOGY4OC0zNDM2M2JjN2M0YzAiOnsiY3JlYXRlIjoxMjAwMDAwMDAwMDAsImRlbGV0ZSI6MzAwMDAwMDAwMDAwLCJ1cGRhdGUiOjEyMDAwMDAwMDAwMH19",
          "dependencies": [
            "module.vpc.aws_vpc.this",
            "module.vpc.aws_vpc_ipv4_cidr_block_association.this"
          ]
        },
        {
          "index_key": 1,
          "schema_version": 0,
          "attributes": {
            "arn": "arn:aws:ec2:ap-northeast-1:718286959245:route-table/rtb-07243699876435fff",
            "id": "rtb-07243699876435fff",
            "owner_id": "718286959245",
            "propagating_vgws": [],
            "route": [],
            "tags": {
              "Environment": "dev",
              "Name": "cms-vpc-private-route-table",
              "Terraform": "true"
            },
            "tags_all": {
              "Environment": "dev",
              "Name": "cms-vpc-private-route-table",
              "Terraform": "true"
            },
            "timeouts": null,
            "vpc_id": "vpc-068a7b6b25bf2c661"
          },
          "sensitive_attributes": [],
          "private": "eyJlMmJmYjczMC1lY2FhLTExZTYtOGY4OC0zNDM2M2JjN2M0YzAiOnsiY3JlYXRlIjoxMjAwMDAwMDAwMDAsImRlbGV0ZSI6MzAwMDAwMDAwMDAwLCJ1cGRhdGUiOjEyMDAwMDAwMDAwMH19",
          "dependencies": [
            "module.vpc.aws_vpc.this",
            "module.vpc.aws_vpc_ipv4_cidr_block_association.this"
          ]
        }
      ]
    },
    {
      "module": "module.vpc",
      "mode": "managed",
      "type": "aws_route_table",
      "name": "public",
      "provider": "provider[\"registry.terraform.io/hashicorp/aws\"]",
      "instances": [
        {
          "index_key": 0,
          "schema_version": 0,
          "attributes": {
            "arn": "arn:aws:ec2:ap-northeast-1:718286959245:route-table/rtb-0846e5a948fb13160",
            "id": "rtb-0846e5a948fb13160",
            "owner_id": "718286959245",
            "propagating_vgws": [],
            "route": [
              {
                "carrier_gateway_id": "",
                "cidr_block": "0.0.0.0/0",
                "destination_prefix_list_id": "",
                "egress_only_gateway_id": "",
                "gateway_id": "igw-0f4f7bb84da995a0a",
                "instance_id": "",
                "ipv6_cidr_block": "",
                "local_gateway_id": "",
                "nat_gateway_id": "",
                "network_interface_id": "",
                "transit_gateway_id": "",
                "vpc_endpoint_id": "",
                "vpc_peering_connection_id": ""
              }
            ],
            "tags": {
              "Environment": "dev",
              "Name": "cms-vpc-public-route-table",
              "Terraform": "true"
            },
            "tags_all": {
              "Environment": "dev",
              "Name": "cms-vpc-public-route-table",
              "Terraform": "true"
            },
            "timeouts": null,
            "vpc_id": "vpc-068a7b6b25bf2c661"
          },
          "sensitive_attributes": [],
          "private": "eyJlMmJmYjczMC1lY2FhLTExZTYtOGY4OC0zNDM2M2JjN2M0YzAiOnsiY3JlYXRlIjoxMjAwMDAwMDAwMDAsImRlbGV0ZSI6MzAwMDAwMDAwMDAwLCJ1cGRhdGUiOjEyMDAwMDAwMDAwMH19",
          "dependencies": [
            "module.vpc.aws_vpc_ipv4_cidr_block_association.this",
            "module.vpc.aws_vpc.this"
          ]
        }
      ]
    },
    {
      "module": "module.vpc",
      "mode": "managed",
      "type": "aws_route_table_association",
      "name": "private",
      "provider": "provider[\"registry.terraform.io/hashicorp/aws\"]",
      "instances": [
        {
          "index_key": 0,
          "schema_version": 0,
          "attributes": {
            "gateway_id": "",
            "id": "rtbassoc-0a64cf5699ffe5db6",
            "route_table_id": "rtb-0401892c6d4859da9",
            "subnet_id": "subnet-07c9d129f3316bf5f"
          },
          "sensitive_attributes": [],
          "private": "bnVsbA==",
          "dependencies": [
            "module.vpc.aws_subnet.private",
            "module.vpc.aws_vpc.this",
            "module.vpc.aws_vpc_ipv4_cidr_block_association.this",
            "module.vpc.aws_route_table.private"
          ]
        },
        {
          "index_key": 1,
          "schema_version": 0,
          "attributes": {
            "gateway_id": "",
            "id": "rtbassoc-09caa7a6f2d6adf96",
            "route_table_id": "rtb-07243699876435fff",
            "subnet_id": "subnet-0258b9f9e472dd47f"
          },
          "sensitive_attributes": [],
          "private": "bnVsbA==",
          "dependencies": [
            "module.vpc.aws_route_table.private",
            "module.vpc.aws_subnet.private",
            "module.vpc.aws_vpc.this",
            "module.vpc.aws_vpc_ipv4_cidr_block_association.this"
          ]
        }
      ]
    },
    {
      "module": "module.vpc",
      "mode": "managed",
      "type": "aws_route_table_association",
      "name": "public",
      "provider": "provider[\"registry.terraform.io/hashicorp/aws\"]",
      "instances": [
        {
          "index_key": 0,
          "schema_version": 0,
          "attributes": {
            "gateway_id": "",
            "id": "rtbassoc-002271c5bfcf4bd31",
            "route_table_id": "rtb-0846e5a948fb13160",
            "subnet_id": "subnet-0c0381e5e01e1c8a2"
          },
          "sensitive_attributes": [],
          "private": "bnVsbA==",
          "dependencies": [
            "module.vpc.aws_subnet.public",
            "module.vpc.aws_vpc.this",
            "module.vpc.aws_vpc_ipv4_cidr_block_association.this",
            "module.vpc.aws_route_table.public"
          ]
        },
        {
          "index_key": 1,
          "schema_version": 0,
          "attributes": {
            "gateway_id": "",
            "id": "rtbassoc-0ccdd36300b09e03c",
            "route_table_id": "rtb-0846e5a948fb13160",
            "subnet_id": "subnet-0d7603d0148f8fd57"
          },
          "sensitive_attributes": [],
          "private": "bnVsbA==",
          "dependencies": [
            "module.vpc.aws_vpc.this",
            "module.vpc.aws_vpc_ipv4_cidr_block_association.this",
            "module.vpc.aws_route_table.public",
            "module.vpc.aws_subnet.public"
          ]
        }
      ]
    },
    {
      "module": "module.vpc",
      "mode": "managed",
      "type": "aws_subnet",
      "name": "private",
      "provider": "provider[\"registry.terraform.io/hashicorp/aws\"]",
      "instances": [
        {
          "index_key": 0,
          "schema_version": 1,
          "attributes": {
            "arn": "arn:aws:ec2:ap-northeast-1:718286959245:subnet/subnet-07c9d129f3316bf5f",
            "assign_ipv6_address_on_creation": false,
            "availability_zone": "ap-northeast-1a",
            "availability_zone_id": "apne1-az4",
            "cidr_block": "10.0.1.0/24",
            "customer_owned_ipv4_pool": "",
            "id": "subnet-07c9d129f3316bf5f",
            "ipv6_cidr_block": "",
            "ipv6_cidr_block_association_id": "",
            "map_customer_owned_ip_on_launch": false,
            "map_public_ip_on_launch": false,
            "outpost_arn": "",
            "owner_id": "718286959245",
            "tags": {
              "Environment": "dev",
              "Name": "cms-vpc-private-subnet",
              "Terraform": "true"
            },
            "tags_all": {
              "Environment": "dev",
              "Name": "cms-vpc-private-subnet",
              "Terraform": "true"
            },
            "timeouts": null,
            "vpc_id": "vpc-068a7b6b25bf2c661"
          },
          "sensitive_attributes": [],
          "private": "eyJlMmJmYjczMC1lY2FhLTExZTYtOGY4OC0zNDM2M2JjN2M0YzAiOnsiY3JlYXRlIjo2MDAwMDAwMDAwMDAsImRlbGV0ZSI6MTIwMDAwMDAwMDAwMH0sInNjaGVtYV92ZXJzaW9uIjoiMSJ9",
          "dependencies": [
            "module.vpc.aws_vpc.this",
            "module.vpc.aws_vpc_ipv4_cidr_block_association.this"
          ]
        },
        {
          "index_key": 1,
          "schema_version": 1,
          "attributes": {
            "arn": "arn:aws:ec2:ap-northeast-1:718286959245:subnet/subnet-0258b9f9e472dd47f",
            "assign_ipv6_address_on_creation": false,
            "availability_zone": "ap-northeast-1c",
            "availability_zone_id": "apne1-az1",
            "cidr_block": "10.0.2.0/24",
            "customer_owned_ipv4_pool": "",
            "id": "subnet-0258b9f9e472dd47f",
            "ipv6_cidr_block": "",
            "ipv6_cidr_block_association_id": "",
            "map_customer_owned_ip_on_launch": false,
            "map_public_ip_on_launch": false,
            "outpost_arn": "",
            "owner_id": "718286959245",
            "tags": {
              "Environment": "dev",
              "Name": "cms-vpc-private-subnet",
              "Terraform": "true"
            },
            "tags_all": {
              "Environment": "dev",
              "Name": "cms-vpc-private-subnet",
              "Terraform": "true"
            },
            "timeouts": null,
            "vpc_id": "vpc-068a7b6b25bf2c661"
          },
          "sensitive_attributes": [],
          "private": "eyJlMmJmYjczMC1lY2FhLTExZTYtOGY4OC0zNDM2M2JjN2M0YzAiOnsiY3JlYXRlIjo2MDAwMDAwMDAwMDAsImRlbGV0ZSI6MTIwMDAwMDAwMDAwMH0sInNjaGVtYV92ZXJzaW9uIjoiMSJ9",
          "dependencies": [
            "module.vpc.aws_vpc.this",
            "module.vpc.aws_vpc_ipv4_cidr_block_association.this"
          ]
        }
      ]
    },
    {
      "module": "module.vpc",
      "mode": "managed",
      "type": "aws_subnet",
      "name": "public",
      "provider": "provider[\"registry.terraform.io/hashicorp/aws\"]",
      "instances": [
        {
          "index_key": 0,
          "schema_version": 1,
          "attributes": {
            "arn": "arn:aws:ec2:ap-northeast-1:718286959245:subnet/subnet-0c0381e5e01e1c8a2",
            "assign_ipv6_address_on_creation": false,
            "availability_zone": "ap-northeast-1a",
            "availability_zone_id": "apne1-az4",
            "cidr_block": "10.0.101.0/24",
            "customer_owned_ipv4_pool": "",
            "id": "subnet-0c0381e5e01e1c8a2",
            "ipv6_cidr_block": "",
            "ipv6_cidr_block_association_id": "",
            "map_customer_owned_ip_on_launch": false,
            "map_public_ip_on_launch": true,
            "outpost_arn": "",
            "owner_id": "718286959245",
            "tags": {
              "Environment": "dev",
              "Name": "cms-vpc-public-subnet",
              "Terraform": "true"
            },
            "tags_all": {
              "Environment": "dev",
              "Name": "cms-vpc-public-subnet",
              "Terraform": "true"
            },
            "timeouts": null,
            "vpc_id": "vpc-068a7b6b25bf2c661"
          },
          "sensitive_attributes": [],
          "private": "eyJlMmJmYjczMC1lY2FhLTExZTYtOGY4OC0zNDM2M2JjN2M0YzAiOnsiY3JlYXRlIjo2MDAwMDAwMDAwMDAsImRlbGV0ZSI6MTIwMDAwMDAwMDAwMH0sInNjaGVtYV92ZXJzaW9uIjoiMSJ9",
          "dependencies": [
            "module.vpc.aws_vpc.this",
            "module.vpc.aws_vpc_ipv4_cidr_block_association.this"
          ]
        },
        {
          "index_key": 1,
          "schema_version": 1,
          "attributes": {
            "arn": "arn:aws:ec2:ap-northeast-1:718286959245:subnet/subnet-0d7603d0148f8fd57",
            "assign_ipv6_address_on_creation": false,
            "availability_zone": "ap-northeast-1c",
            "availability_zone_id": "apne1-az1",
            "cidr_block": "10.0.102.0/24",
            "customer_owned_ipv4_pool": "",
            "id": "subnet-0d7603d0148f8fd57",
            "ipv6_cidr_block": "",
            "ipv6_cidr_block_association_id": "",
            "map_customer_owned_ip_on_launch": false,
            "map_public_ip_on_launch": true,
            "outpost_arn": "",
            "owner_id": "718286959245",
            "tags": {
              "Environment": "dev",
              "Name": "cms-vpc-public-subnet",
              "Terraform": "true"
            },
            "tags_all": {
              "Environment": "dev",
              "Name": "cms-vpc-public-subnet",
              "Terraform": "true"
            },
            "timeouts": null,
            "vpc_id": "vpc-068a7b6b25bf2c661"
          },
          "sensitive_attributes": [],
          "private": "eyJlMmJmYjczMC1lY2FhLTExZTYtOGY4OC0zNDM2M2JjN2M0YzAiOnsiY3JlYXRlIjo2MDAwMDAwMDAwMDAsImRlbGV0ZSI6MTIwMDAwMDAwMDAwMH0sInNjaGVtYV92ZXJzaW9uIjoiMSJ9",
          "dependencies": [
            "module.vpc.aws_vpc_ipv4_cidr_block_association.this",
            "module.vpc.aws_vpc.this"
          ]
        }
      ]
    },
    {
      "module": "module.vpc",
      "mode": "managed",
      "type": "aws_vpc",
      "name": "this",
      "provider": "provider[\"registry.terraform.io/hashicorp/aws\"]",
      "instances": [
        {
          "index_key": 0,
          "schema_version": 1,
          "attributes": {
            "arn": "arn:aws:ec2:ap-northeast-1:718286959245:vpc/vpc-068a7b6b25bf2c661",
            "assign_generated_ipv6_cidr_block": false,
            "cidr_block": "10.0.0.0/16",
            "default_network_acl_id": "acl-01e3fd500c10e3b09",
            "default_route_table_id": "rtb-00bf0e51bb7a01447",
            "default_security_group_id": "sg-06d9a00fe2ff63d02",
            "dhcp_options_id": "dopt-0ff03709bb0b71417",
            "enable_classiclink": false,
            "enable_classiclink_dns_support": false,
            "enable_dns_hostnames": true,
            "enable_dns_support": true,
            "id": "vpc-068a7b6b25bf2c661",
            "instance_tenancy": "default",
            "ipv6_association_id": "",
            "ipv6_cidr_block": "",
            "main_route_table_id": "rtb-00bf0e51bb7a01447",
            "owner_id": "718286959245",
            "tags": {
              "Environment": "dev",
              "Name": "cms-vpc",
              "Terraform": "true"
            },
            "tags_all": {
              "Environment": "dev",
              "Name": "cms-vpc",
              "Terraform": "true"
            }
          },
          "sensitive_attributes": [],
          "private": "eyJzY2hlbWFfdmVyc2lvbiI6IjEifQ=="
        }
      ]
    }
  ]
}
