{
  "version": 4,
  "terraform_version": "1.0.6",
  "serial": 352,
  "lineage": "495a0811-f6b9-e9bc-5cd8-232cff26c90c",
  "outputs": {
    "debugger": {
      "value": {
        "cms-lb-target-group": {
          "arn": "arn:aws:elasticloadbalancing:ap-northeast-1:718286959245:targetgroup/tf-20211015051813812100000002/0c2e44f89b4ac392",
          "arn_suffix": "targetgroup/tf-20211015051813812100000002/0c2e44f89b4ac392",
          "id": "arn:aws:elasticloadbalancing:ap-northeast-1:718286959245:targetgroup/tf-20211015051813812100000002/0c2e44f89b4ac392",
          "name": "tf-20211015051813812100000002"
        }
      },
      "type": [
        "object",
        {
          "cms-lb-target-group": [
            "object",
            {
              "arn": "string",
              "arn_suffix": "string",
              "id": "string",
              "name": "string"
            }
          ]
        }
      ]
    }
  },
  "resources": [
    {
      "mode": "data",
      "type": "archive_file",
      "name": "zip",
      "provider": "provider[\"registry.terraform.io/hashicorp/archive\"]",
      "instances": [
        {
          "schema_version": 0,
          "attributes": {
            "excludes": null,
            "id": "a6e5d6f107ba5c4ed05ee7b6d5e9e53b5aa1208f",
            "output_base64sha256": "wpip831vxUg8D6cSVvesDZ6XoQKHpgzs9G9chK22vl4=",
            "output_file_mode": null,
            "output_md5": "7af3ae6632a1ff736560c3a64e67e2e4",
            "output_path": "./src/out/SendEmail.Lambda.zip",
            "output_sha": "a6e5d6f107ba5c4ed05ee7b6d5e9e53b5aa1208f",
            "output_size": 1416,
            "source": [],
            "source_content": null,
            "source_content_filename": null,
            "source_dir": "./src/SendEmail.Lambda/",
            "source_file": null,
            "type": "zip"
          },
          "sensitive_attributes": []
        }
      ]
    },
    {
      "mode": "managed",
      "type": "aws_ecs_cluster",
      "name": "cluster",
      "provider": "provider[\"registry.terraform.io/hashicorp/aws\"]",
      "instances": [
        {
          "schema_version": 0,
          "attributes": {
            "arn": "arn:aws:ecs:ap-northeast-1:718286959245:cluster/cms-cluster",
            "capacity_providers": [],
            "configuration": [],
            "default_capacity_provider_strategy": [],
            "id": "arn:aws:ecs:ap-northeast-1:718286959245:cluster/cms-cluster",
            "name": "cms-cluster",
            "setting": [
              {
                "name": "containerInsights",
                "value": "disabled"
              }
            ],
            "tags": {
              "Enviroment": "dev",
              "Name": "cms-cluster"
            },
            "tags_all": {
              "Enviroment": "dev",
              "Name": "cms-cluster"
            }
          },
          "sensitive_attributes": [],
          "private": "bnVsbA=="
        }
      ]
    },
    {
      "mode": "managed",
      "type": "aws_ecs_task_definition",
      "name": "hello_world_task_definition",
      "provider": "provider[\"registry.terraform.io/hashicorp/aws\"]",
      "instances": [
        {
          "schema_version": 1,
          "attributes": {
            "arn": "arn:aws:ecs:ap-northeast-1:718286959245:task-definition/cms-task-definition:4",
            "container_definitions": "[{\"cpu\":256,\"environment\":[],\"essential\":true,\"image\":\"718286959245.dkr.ecr.ap-northeast-1.amazonaws.com/deploy-demo:latest\",\"memory\":512,\"mountPoints\":[],\"name\":\"hello-world\",\"portMappings\":[{\"containerPort\":80,\"hostPort\":80,\"protocol\":\"tcp\"}],\"volumesFrom\":[]}]",
            "cpu": "1024",
            "ephemeral_storage": [],
            "execution_role_arn": "arn:aws:iam::718286959245:role/cms-task-execution-role",
            "family": "cms-task-definition",
            "id": "cms-task-definition",
            "inference_accelerator": [],
            "ipc_mode": "",
            "memory": "2048",
            "network_mode": "awsvpc",
            "pid_mode": "",
            "placement_constraints": [],
            "proxy_configuration": [],
            "requires_compatibilities": [
              "FARGATE"
            ],
            "revision": 4,
            "tags": {},
            "tags_all": {},
            "task_role_arn": "arn:aws:iam::718286959245:role/cms-task-role",
            "volume": []
          },
          "sensitive_attributes": [],
          "private": "eyJzY2hlbWFfdmVyc2lvbiI6IjEifQ==",
          "dependencies": [
            "aws_iam_role.task_execution_role",
            "aws_iam_role.task_role",
            "aws_iam_role_policy_attachment.ecs_execution_policy_attachment"
          ]
        }
      ]
    },
    {
      "mode": "managed",
      "type": "aws_ecs_task_definition",
      "name": "task_definition",
      "provider": "provider[\"registry.terraform.io/hashicorp/aws\"]",
      "instances": [
        {
          "schema_version": 1,
          "attributes": {
            "arn": "arn:aws:ecs:ap-northeast-1:718286959245:task-definition/cms-api-task-definition:1",
            "container_definitions": "[{\"cpu\":256,\"environment\":[],\"essential\":true,\"image\":\"718286959245.dkr.ecr.ap-northeast-1.amazonaws.com/cms-api:latest\",\"memory\":512,\"mountPoints\":[],\"name\":\"cms-api\",\"portMappings\":[{\"containerPort\":80,\"hostPort\":80,\"protocol\":\"tcp\"}],\"volumesFrom\":[]}]",
            "cpu": "1024",
            "ephemeral_storage": [],
            "execution_role_arn": "arn:aws:iam::718286959245:role/cms-task-execution-role",
            "family": "cms-api-task-definition",
            "id": "cms-api-task-definition",
            "inference_accelerator": [],
            "ipc_mode": "",
            "memory": "2048",
            "network_mode": "awsvpc",
            "pid_mode": "",
            "placement_constraints": [],
            "proxy_configuration": [],
            "requires_compatibilities": [
              "FARGATE"
            ],
            "revision": 1,
            "tags": {},
            "tags_all": {},
            "task_role_arn": "arn:aws:iam::718286959245:role/cms-task-role",
            "volume": []
          },
          "sensitive_attributes": [],
          "private": "eyJzY2hlbWFfdmVyc2lvbiI6IjEifQ==",
          "dependencies": [
            "aws_iam_role.task_execution_role",
            "aws_iam_role.task_role",
            "aws_iam_role_policy_attachment.ecs_execution_policy_attachment"
          ]
        }
      ]
    },
    {
      "mode": "managed",
      "type": "aws_iam_role",
      "name": "lambda_role",
      "provider": "provider[\"registry.terraform.io/hashicorp/aws\"]",
      "instances": [
        {
          "schema_version": 0,
          "attributes": {
            "arn": "arn:aws:iam::718286959245:role/cms-lambda-role",
            "assume_role_policy": "{\"Version\":\"2012-10-17\",\"Statement\":[{\"Sid\":\"\",\"Effect\":\"Allow\",\"Principal\":{\"Service\":\"lambda.amazonaws.com\"},\"Action\":\"sts:AssumeRole\"}]}",
            "create_date": "2021-10-15T08:44:49Z",
            "description": "",
            "force_detach_policies": false,
            "id": "cms-lambda-role",
            "inline_policy": [
              {
                "name": "cms-lambda-role-policy",
                "policy": "{\"Statement\":[{\"Action\":\"ses:SendEmail\",\"Effect\":\"Allow\",\"Resource\":\"*\"}],\"Version\":\"2012-10-17\"}"
              }
            ],
            "managed_policy_arns": [],
            "max_session_duration": 3600,
            "name": "cms-lambda-role",
            "name_prefix": "",
            "path": "/",
            "permissions_boundary": null,
            "tags": {},
            "tags_all": {},
            "unique_id": "AROA2OPJ5GKGQAFXVDBQS"
          },
          "sensitive_attributes": [],
          "private": "bnVsbA=="
        }
      ]
    },
    {
      "mode": "managed",
      "type": "aws_iam_role",
      "name": "task_execution_role",
      "provider": "provider[\"registry.terraform.io/hashicorp/aws\"]",
      "instances": [
        {
          "schema_version": 0,
          "attributes": {
            "arn": "arn:aws:iam::718286959245:role/cms-task-execution-role",
            "assume_role_policy": "{\"Version\":\"2012-10-17\",\"Statement\":[{\"Sid\":\"\",\"Effect\":\"Allow\",\"Principal\":{\"Service\":\"ecs-tasks.amazonaws.com\"},\"Action\":\"sts:AssumeRole\"}]}",
            "create_date": "2021-10-14T06:07:10Z",
            "description": "",
            "force_detach_policies": false,
            "id": "cms-task-execution-role",
            "inline_policy": [
              {
                "name": "",
                "policy": ""
              }
            ],
            "managed_policy_arns": [
              "arn:aws:iam::aws:policy/service-role/AmazonECSTaskExecutionRolePolicy"
            ],
            "max_session_duration": 3600,
            "name": "cms-task-execution-role",
            "name_prefix": "",
            "path": "/",
            "permissions_boundary": null,
            "tags": {},
            "tags_all": {},
            "unique_id": "AROA2OPJ5GKGV7TLFPPSX"
          },
          "sensitive_attributes": [],
          "private": "bnVsbA=="
        }
      ]
    },
    {
      "mode": "managed",
      "type": "aws_iam_role",
      "name": "task_role",
      "provider": "provider[\"registry.terraform.io/hashicorp/aws\"]",
      "instances": [
        {
          "schema_version": 0,
          "attributes": {
            "arn": "arn:aws:iam::718286959245:role/cms-task-role",
            "assume_role_policy": "{\"Version\":\"2012-10-17\",\"Statement\":[{\"Sid\":\"\",\"Effect\":\"Allow\",\"Principal\":{\"Service\":\"ecs-tasks.amazonaws.com\"},\"Action\":\"sts:AssumeRole\"}]}",
            "create_date": "2021-10-14T06:41:34Z",
            "description": "",
            "force_detach_policies": false,
            "id": "cms-task-role",
            "inline_policy": [
              {
                "name": "cms-task-role-policy",
                "policy": "{\"Statement\":[{\"Action\":[\"s3:PutObject\"],\"Effect\":\"Allow\",\"Resource\":\"arn:aws:s3:::cms-server-bucket/*\"},{\"Action\":[\"logs:CreateLogGroup\",\"logs:CreateLogStream\",\"logs:PutLogEvents\",\"logs:DescribeLogGroups\"],\"Effect\":\"Allow\",\"Resource\":\"*\"},{\"Action\":[\"lambda:InvokeFunction\",\"lambda:InvokeAsync\"],\"Effect\":\"Allow\",\"Resource\":\"arn:aws:lambda:ap-northeast-1:718286959245:function:SendEmail\"}],\"Version\":\"2012-10-17\"}"
              }
            ],
            "managed_policy_arns": [],
            "max_session_duration": 3600,
            "name": "cms-task-role",
            "name_prefix": "",
            "path": "/",
            "permissions_boundary": null,
            "tags": {},
            "tags_all": {},
            "unique_id": "AROA2OPJ5GKGQOVERGEZH"
          },
          "sensitive_attributes": [],
          "private": "bnVsbA=="
        }
      ]
    },
    {
      "mode": "managed",
      "type": "aws_iam_role_policy_attachment",
      "name": "ecs_execution_policy_attachment",
      "provider": "provider[\"registry.terraform.io/hashicorp/aws\"]",
      "instances": [
        {
          "schema_version": 0,
          "attributes": {
            "id": "cms-task-execution-role-20211014061951134600000001",
            "policy_arn": "arn:aws:iam::aws:policy/service-role/AmazonECSTaskExecutionRolePolicy",
            "role": "cms-task-execution-role"
          },
          "sensitive_attributes": [],
          "private": "bnVsbA==",
          "dependencies": [
            "aws_iam_role.task_execution_role"
          ]
        }
      ]
    },
    {
      "mode": "managed",
      "type": "aws_lambda_function",
      "name": "sendemail",
      "provider": "provider[\"registry.terraform.io/hashicorp/aws\"]",
      "instances": [
        {
          "schema_version": 0,
          "attributes": {
            "architectures": [
              "x86_64"
            ],
            "arn": "arn:aws:lambda:ap-northeast-1:718286959245:function:SendEmail",
            "code_signing_config_arn": "",
            "dead_letter_config": [],
            "description": "",
            "environment": [],
            "file_system_config": [],
            "filename": "./src/lambda-send-email.zip",
            "function_name": "SendEmail",
            "handler": "aws.lambda.example::aws.lambda.example.EmailService::SendEmail",
            "id": "SendEmail",
            "image_config": [],
            "image_uri": "",
            "invoke_arn": "arn:aws:apigateway:ap-northeast-1:lambda:path/2015-03-31/functions/arn:aws:lambda:ap-northeast-1:718286959245:function:SendEmail/invocations",
            "kms_key_arn": "",
            "last_modified": "2021-10-15T09:18:22.262+0000",
            "layers": null,
            "memory_size": 256,
            "package_type": "Zip",
            "publish": true,
            "qualified_arn": "arn:aws:lambda:ap-northeast-1:718286959245:function:SendEmail:4",
            "reserved_concurrent_executions": -1,
            "role": "arn:aws:iam::718286959245:role/cms-lambda-role",
            "runtime": "dotnetcore3.1",
            "s3_bucket": null,
            "s3_key": null,
            "s3_object_version": null,
            "signing_job_arn": "",
            "signing_profile_version_arn": "",
            "source_code_hash": "w4HEKROLzyr7aEGuXPzaDNRTmqOxXrk8avQqWn/7VOM=",
            "source_code_size": 436112,
            "tags": null,
            "tags_all": {},
            "timeout": 30,
            "timeouts": null,
            "tracing_config": [
              {
                "mode": "PassThrough"
              }
            ],
            "version": "4",
            "vpc_config": []
          },
          "sensitive_attributes": [],
          "private": "eyJlMmJmYjczMC1lY2FhLTExZTYtOGY4OC0zNDM2M2JjN2M0YzAiOnsiY3JlYXRlIjo2MDAwMDAwMDAwMDB9fQ==",
          "dependencies": [
            "aws_iam_role.lambda_role"
          ]
        }
      ]
    },
    {
      "mode": "managed",
      "type": "aws_security_group",
      "name": "sg_ecs_service",
      "provider": "provider[\"registry.terraform.io/hashicorp/aws\"]",
      "instances": [
        {
          "schema_version": 1,
          "attributes": {
            "arn": "arn:aws:ec2:ap-northeast-1:718286959245:security-group/sg-0f97218f935d2f06c",
            "description": "Managed by Terraform",
            "egress": [
              {
                "cidr_blocks": [
                  "0.0.0.0/0"
                ],
                "description": "Allow all",
                "from_port": 0,
                "ipv6_cidr_blocks": [
                  "::/0"
                ],
                "prefix_list_ids": [],
                "protocol": "-1",
                "security_groups": [],
                "self": false,
                "to_port": 0
              }
            ],
            "id": "sg-0f97218f935d2f06c",
            "ingress": [
              {
                "cidr_blocks": [
                  "0.0.0.0/0"
                ],
                "description": "Only allow http 80 port",
                "from_port": 80,
                "ipv6_cidr_blocks": [],
                "prefix_list_ids": [],
                "protocol": "tcp",
                "security_groups": [],
                "self": false,
                "to_port": 80
              }
            ],
            "name": "cms-sg-ecs-service",
            "name_prefix": "",
            "owner_id": "718286959245",
            "revoke_rules_on_delete": false,
            "tags": {
              "Name": "cms-sg-ecs-service"
            },
            "tags_all": {
              "Name": "cms-sg-ecs-service"
            },
            "timeouts": null,
            "vpc_id": "vpc-068a7b6b25bf2c661"
          },
          "sensitive_attributes": [],
          "private": "eyJlMmJmYjczMC1lY2FhLTExZTYtOGY4OC0zNDM2M2JjN2M0YzAiOnsiY3JlYXRlIjo2MDAwMDAwMDAwMDAsImRlbGV0ZSI6OTAwMDAwMDAwMDAwfSwic2NoZW1hX3ZlcnNpb24iOiIxIn0=",
          "dependencies": [
            "module.vpc.aws_iam_role_policy_attachment.vpc_flow_log_cloudwatch",
            "module.vpc.aws_nat_gateway.this",
            "module.vpc.aws_network_acl.intra",
            "module.vpc.aws_network_acl_rule.database_outbound",
            "module.vpc.aws_route.public_internet_gateway",
            "module.vpc.aws_route_table.intra",
            "module.vpc.aws_route_table_association.redshift_public",
            "module.vpc.aws_customer_gateway.this",
            "module.vpc.aws_eip.nat",
            "module.vpc.aws_route_table.redshift",
            "module.vpc.aws_route_table_association.database",
            "module.vpc.aws_network_acl_rule.private_inbound",
            "module.vpc.aws_network_acl_rule.public_outbound",
            "module.vpc.aws_subnet.public",
            "module.vpc.aws_default_vpc.this",
            "module.vpc.aws_route.database_nat_gateway",
            "module.vpc.aws_route.private_ipv6_egress",
            "module.vpc.aws_subnet.redshift",
            "module.vpc.aws_default_network_acl.this",
            "module.vpc.aws_elasticache_subnet_group.elasticache",
            "module.vpc.aws_network_acl.private",
            "module.vpc.aws_vpc_dhcp_options_association.this",
            "module.vpc.aws_vpn_gateway_route_propagation.public",
            "module.vpc.aws_network_acl.public",
            "module.vpc.aws_network_acl_rule.public_inbound",
            "module.vpc.aws_vpc_dhcp_options.this",
            "module.vpc.aws_cloudwatch_log_group.flow_log",
            "module.vpc.aws_route.database_ipv6_egress",
            "module.vpc.aws_route_table_association.elasticache",
            "module.vpc.aws_route_table_association.intra",
            "module.vpc.data.aws_iam_policy_document.vpc_flow_log_cloudwatch",
            "module.vpc.aws_db_subnet_group.database",
            "module.vpc.aws_default_security_group.this",
            "module.vpc.aws_flow_log.this",
            "module.vpc.aws_vpn_gateway.this",
            "module.vpc.aws_route_table_association.private",
            "module.vpc.aws_internet_gateway.this",
            "module.vpc.aws_network_acl.redshift",
            "module.vpc.aws_network_acl_rule.database_inbound",
            "module.vpc.aws_network_acl_rule.redshift_inbound",
            "module.vpc.aws_network_acl_rule.redshift_outbound",
            "module.vpc.aws_route.public_internet_gateway_ipv6",
            "module.vpc.aws_route_table.public",
            "module.vpc.aws_route_table_association.redshift",
            "module.vpc.aws_vpc_ipv4_cidr_block_association.this",
            "module.vpc.aws_vpn_gateway_attachment.this",
            "module.vpc.aws_vpn_gateway_route_propagation.private",
            "module.vpc.aws_vpc.this",
            "module.vpc.aws_iam_role.vpc_flow_log_cloudwatch",
            "module.vpc.aws_network_acl.database",
            "module.vpc.aws_network_acl_rule.elasticache_outbound",
            "module.vpc.aws_route.private_nat_gateway",
            "module.vpc.aws_route_table_association.outpost",
            "module.vpc.aws_subnet.elasticache",
            "module.vpc.aws_subnet.outpost",
            "module.vpc.aws_default_route_table.default",
            "module.vpc.aws_network_acl_rule.outpost_inbound",
            "module.vpc.aws_subnet.intra",
            "module.vpc.aws_iam_policy.vpc_flow_log_cloudwatch",
            "module.vpc.aws_network_acl_rule.intra_outbound",
            "module.vpc.aws_route_table.database",
            "module.vpc.data.aws_iam_policy_document.flow_log_cloudwatch_assume_role",
            "module.vpc.aws_egress_only_internet_gateway.this",
            "module.vpc.aws_network_acl_rule.outpost_outbound",
            "module.vpc.aws_redshift_subnet_group.redshift",
            "module.vpc.aws_network_acl.elasticache",
            "module.vpc.aws_network_acl.outpost",
            "module.vpc.aws_network_acl_rule.private_outbound",
            "module.vpc.aws_route_table_association.public",
            "module.vpc.aws_subnet.private",
            "module.vpc.aws_route.database_internet_gateway",
            "module.vpc.aws_subnet.database",
            "module.vpc.aws_vpn_gateway_route_propagation.intra",
            "module.vpc.aws_network_acl_rule.elasticache_inbound",
            "module.vpc.aws_network_acl_rule.intra_inbound",
            "module.vpc.aws_route_table.elasticache",
            "module.vpc.aws_route_table.private"
          ]
        }
      ]
    },
    {
      "mode": "managed",
      "type": "aws_security_group",
      "name": "sg_endpoint",
      "provider": "provider[\"registry.terraform.io/hashicorp/aws\"]",
      "instances": [
        {
          "schema_version": 1,
          "attributes": {
            "arn": "arn:aws:ec2:ap-northeast-1:718286959245:security-group/sg-0592daac56ae97e67",
            "description": "Managed by Terraform",
            "egress": [
              {
                "cidr_blocks": [
                  "0.0.0.0/0"
                ],
                "description": "Allow all",
                "from_port": 0,
                "ipv6_cidr_blocks": [
                  "::/0"
                ],
                "prefix_list_ids": [],
                "protocol": "-1",
                "security_groups": [],
                "self": false,
                "to_port": 0
              }
            ],
            "id": "sg-0592daac56ae97e67",
            "ingress": [
              {
                "cidr_blocks": [
                  "10.0.0.0/16"
                ],
                "description": "Only allow cms-vpc cidr",
                "from_port": 0,
                "ipv6_cidr_blocks": [],
                "prefix_list_ids": [],
                "protocol": "-1",
                "security_groups": [],
                "self": false,
                "to_port": 0
              }
            ],
            "name": "cms-sg-endpoint",
            "name_prefix": "",
            "owner_id": "718286959245",
            "revoke_rules_on_delete": false,
            "tags": {
              "Name": "cms-sg-endpoint"
            },
            "tags_all": {
              "Name": "cms-sg-endpoint"
            },
            "timeouts": null,
            "vpc_id": "vpc-068a7b6b25bf2c661"
          },
          "sensitive_attributes": [],
          "private": "eyJlMmJmYjczMC1lY2FhLTExZTYtOGY4OC0zNDM2M2JjN2M0YzAiOnsiY3JlYXRlIjo2MDAwMDAwMDAwMDAsImRlbGV0ZSI6OTAwMDAwMDAwMDAwfSwic2NoZW1hX3ZlcnNpb24iOiIxIn0=",
          "dependencies": [
            "module.vpc.aws_network_acl_rule.intra_outbound",
            "module.vpc.aws_network_acl_rule.outpost_outbound",
            "module.vpc.aws_route.public_internet_gateway",
            "module.vpc.aws_route_table.private",
            "module.vpc.aws_nat_gateway.this",
            "module.vpc.aws_network_acl.private",
            "module.vpc.aws_route_table_association.intra",
            "module.vpc.aws_subnet.intra",
            "module.vpc.aws_vpn_gateway_route_propagation.private",
            "module.vpc.aws_eip.nat",
            "module.vpc.aws_vpc.this",
            "module.vpc.aws_route.public_internet_gateway_ipv6",
            "module.vpc.aws_route.database_nat_gateway",
            "module.vpc.aws_route_table.elasticache",
            "module.vpc.aws_vpc_ipv4_cidr_block_association.this",
            "module.vpc.aws_network_acl_rule.elasticache_outbound",
            "module.vpc.aws_default_route_table.default",
            "module.vpc.aws_network_acl_rule.elasticache_inbound",
            "module.vpc.aws_network_acl_rule.private_inbound",
            "module.vpc.aws_route_table_association.outpost",
            "module.vpc.aws_cloudwatch_log_group.flow_log",
            "module.vpc.aws_network_acl.intra",
            "module.vpc.aws_network_acl_rule.public_inbound",
            "module.vpc.aws_redshift_subnet_group.redshift",
            "module.vpc.aws_route.private_nat_gateway",
            "module.vpc.aws_route_table_association.database",
            "module.vpc.aws_elasticache_subnet_group.elasticache",
            "module.vpc.aws_vpn_gateway_attachment.this",
            "module.vpc.aws_route.private_ipv6_egress",
            "module.vpc.aws_network_acl_rule.public_outbound",
            "module.vpc.aws_network_acl_rule.redshift_outbound",
            "module.vpc.aws_route.database_internet_gateway",
            "module.vpc.aws_route.database_ipv6_egress",
            "module.vpc.aws_route_table.database",
            "module.vpc.aws_iam_role_policy_attachment.vpc_flow_log_cloudwatch",
            "module.vpc.aws_route_table_association.redshift",
            "module.vpc.aws_subnet.elasticache",
            "module.vpc.aws_vpc_dhcp_options.this",
            "module.vpc.aws_vpc_dhcp_options_association.this",
            "module.vpc.aws_vpn_gateway_route_propagation.intra",
            "module.vpc.data.aws_iam_policy_document.vpc_flow_log_cloudwatch",
            "module.vpc.aws_route_table.redshift",
            "module.vpc.aws_default_vpc.this",
            "module.vpc.aws_network_acl_rule.database_outbound",
            "module.vpc.aws_network_acl_rule.intra_inbound",
            "module.vpc.aws_network_acl_rule.private_outbound",
            "module.vpc.aws_network_acl_rule.redshift_inbound",
            "module.vpc.aws_subnet.outpost",
            "module.vpc.aws_subnet.private",
            "module.vpc.aws_default_network_acl.this",
            "module.vpc.aws_network_acl.public",
            "module.vpc.aws_network_acl_rule.outpost_inbound",
            "module.vpc.aws_route_table_association.elasticache",
            "module.vpc.data.aws_iam_policy_document.flow_log_cloudwatch_assume_role",
            "module.vpc.aws_network_acl.outpost",
            "module.vpc.aws_network_acl.elasticache",
            "module.vpc.aws_iam_role.vpc_flow_log_cloudwatch",
            "module.vpc.aws_route_table_association.public",
            "module.vpc.aws_subnet.database",
            "module.vpc.aws_vpn_gateway_route_propagation.public",
            "module.vpc.aws_network_acl.redshift",
            "module.vpc.aws_network_acl_rule.database_inbound",
            "module.vpc.aws_subnet.public",
            "module.vpc.aws_egress_only_internet_gateway.this",
            "module.vpc.aws_default_security_group.this",
            "module.vpc.aws_internet_gateway.this",
            "module.vpc.aws_network_acl.database",
            "module.vpc.aws_route_table.public",
            "module.vpc.aws_route_table_association.redshift_public",
            "module.vpc.aws_subnet.redshift",
            "module.vpc.aws_customer_gateway.this",
            "module.vpc.aws_flow_log.this",
            "module.vpc.aws_iam_policy.vpc_flow_log_cloudwatch",
            "module.vpc.aws_route_table.intra",
            "module.vpc.aws_route_table_association.private",
            "module.vpc.aws_vpn_gateway.this",
            "module.vpc.aws_db_subnet_group.database"
          ]
        }
      ]
    },
    {
      "module": "module.alb",
      "mode": "data",
      "type": "aws_vpc",
      "name": "vpc",
      "provider": "provider[\"registry.terraform.io/hashicorp/aws\"]",
      "instances": [
        {
          "schema_version": 0,
          "attributes": {
            "arn": "arn:aws:ec2:ap-northeast-1:718286959245:vpc/vpc-068a7b6b25bf2c661",
            "cidr_block": "10.0.0.0/16",
            "cidr_block_associations": [
              {
                "association_id": "vpc-cidr-assoc-0706c6ca493d34278",
                "cidr_block": "10.0.0.0/16",
                "state": "associated"
              }
            ],
            "default": false,
            "dhcp_options_id": "dopt-0ff03709bb0b71417",
            "enable_dns_hostnames": true,
            "enable_dns_support": true,
            "filter": null,
            "id": "vpc-068a7b6b25bf2c661",
            "instance_tenancy": "default",
            "ipv6_association_id": null,
            "ipv6_cidr_block": null,
            "main_route_table_id": "rtb-00bf0e51bb7a01447",
            "owner_id": "718286959245",
            "state": "available",
            "tags": {
              "Environment": "dev",
              "Name": "cms-vpc",
              "Terraform": "true"
            }
          },
          "sensitive_attributes": []
        }
      ]
    },
    {
      "module": "module.alb",
      "mode": "managed",
      "type": "aws_lb",
      "name": "load_balancer",
      "provider": "provider[\"registry.terraform.io/hashicorp/aws\"]",
      "instances": [
        {
          "schema_version": 0,
          "attributes": {
            "access_logs": [
              {
                "bucket": "",
                "enabled": false,
                "prefix": ""
              }
            ],
            "arn": "arn:aws:elasticloadbalancing:ap-northeast-1:718286959245:loadbalancer/app/tf-lb-20211015052119186300000001/1a4921b590b44cb8",
            "arn_suffix": "app/tf-lb-20211015052119186300000001/1a4921b590b44cb8",
            "customer_owned_ipv4_pool": "",
            "dns_name": "tf-lb-20211015052119186300000001-1486611922.ap-northeast-1.elb.amazonaws.com",
            "drop_invalid_header_fields": false,
            "enable_cross_zone_load_balancing": null,
            "enable_deletion_protection": false,
            "enable_http2": true,
            "id": "arn:aws:elasticloadbalancing:ap-northeast-1:718286959245:loadbalancer/app/tf-lb-20211015052119186300000001/1a4921b590b44cb8",
            "idle_timeout": 60,
            "internal": false,
            "ip_address_type": "ipv4",
            "load_balancer_type": "application",
            "name": "tf-lb-20211015052119186300000001",
            "name_prefix": null,
            "security_groups": [
              "sg-0659a45de1ef2a8d4"
            ],
            "subnet_mapping": [
              {
                "allocation_id": "",
                "ipv6_address": "",
                "outpost_id": "",
                "private_ipv4_address": "",
                "subnet_id": "subnet-0c0381e5e01e1c8a2"
              },
              {
                "allocation_id": "",
                "ipv6_address": "",
                "outpost_id": "",
                "private_ipv4_address": "",
                "subnet_id": "subnet-0d7603d0148f8fd57"
              }
            ],
            "subnets": [
              "subnet-0c0381e5e01e1c8a2",
              "subnet-0d7603d0148f8fd57"
            ],
            "tags": {
              "Component": "cms",
              "DeploymentIdentifier": "production",
              "Name": "cms-production"
            },
            "tags_all": {
              "Component": "cms",
              "DeploymentIdentifier": "production",
              "Name": "cms-production"
            },
            "timeouts": null,
            "vpc_id": "vpc-068a7b6b25bf2c661",
            "zone_id": "Z14GRHDCWA56QT"
          },
          "sensitive_attributes": [],
          "private": "eyJlMmJmYjczMC1lY2FhLTExZTYtOGY4OC0zNDM2M2JjN2M0YzAiOnsiY3JlYXRlIjo2MDAwMDAwMDAwMDAsImRlbGV0ZSI6NjAwMDAwMDAwMDAwLCJ1cGRhdGUiOjYwMDAwMDAwMDAwMH19",
          "dependencies": [
            "module.vpc.aws_network_acl_rule.intra_outbound",
            "module.vpc.aws_subnet.elasticache",
            "module.vpc.aws_default_route_table.default",
            "module.vpc.aws_internet_gateway.this",
            "module.vpc.aws_route_table_association.outpost",
            "module.vpc.aws_subnet.database",
            "module.vpc.aws_network_acl.elasticache",
            "module.vpc.aws_route.public_internet_gateway",
            "module.vpc.aws_route_table.elasticache",
            "module.vpc.aws_route_table_association.intra",
            "module.vpc.aws_vpc_ipv4_cidr_block_association.this",
            "module.vpc.aws_default_network_acl.this",
            "module.vpc.aws_route.database_ipv6_egress",
            "module.vpc.aws_default_vpc.this",
            "module.vpc.aws_network_acl.database",
            "module.vpc.aws_network_acl.intra",
            "module.vpc.aws_network_acl_rule.intra_inbound",
            "module.vpc.aws_network_acl_rule.redshift_inbound",
            "module.vpc.aws_redshift_subnet_group.redshift",
            "module.vpc.aws_cloudwatch_log_group.flow_log",
            "module.vpc.aws_customer_gateway.this",
            "module.vpc.aws_vpc_dhcp_options.this",
            "module.vpc.aws_route.private_nat_gateway",
            "module.vpc.aws_route_table_association.private",
            "module.vpc.data.aws_iam_policy_document.flow_log_cloudwatch_assume_role",
            "module.vpc.aws_eip.nat",
            "module.vpc.aws_network_acl_rule.private_inbound",
            "module.vpc.aws_network_acl_rule.public_outbound",
            "module.vpc.aws_route.database_nat_gateway",
            "module.vpc.aws_route.public_internet_gateway_ipv6",
            "module.vpc.aws_route_table_association.public",
            "module.alb.aws_security_group.default",
            "module.vpc.aws_default_security_group.this",
            "module.vpc.aws_subnet.private",
            "module.vpc.aws_route.private_ipv6_egress",
            "module.vpc.aws_route_table.private",
            "module.vpc.aws_route_table.public",
            "module.alb.data.aws_vpc.vpc",
            "module.vpc.aws_network_acl_rule.elasticache_outbound",
            "module.vpc.aws_network_acl.private",
            "module.vpc.aws_network_acl_rule.outpost_inbound",
            "module.vpc.aws_network_acl.redshift",
            "module.vpc.aws_network_acl_rule.database_outbound",
            "module.vpc.aws_network_acl_rule.redshift_outbound",
            "module.vpc.aws_route_table.intra",
            "module.vpc.aws_subnet.redshift",
            "module.vpc.aws_vpn_gateway_route_propagation.private",
            "module.vpc.aws_iam_policy.vpc_flow_log_cloudwatch",
            "module.vpc.aws_iam_role_policy_attachment.vpc_flow_log_cloudwatch",
            "module.vpc.aws_vpn_gateway_route_propagation.public",
            "module.vpc.aws_network_acl_rule.elasticache_inbound",
            "module.vpc.aws_route_table_association.database",
            "module.vpc.aws_network_acl_rule.private_outbound",
            "module.vpc.aws_route.database_internet_gateway",
            "module.vpc.aws_route_table_association.redshift_public",
            "module.vpc.aws_subnet.outpost",
            "module.vpc.aws_egress_only_internet_gateway.this",
            "module.vpc.aws_iam_role.vpc_flow_log_cloudwatch",
            "module.vpc.aws_subnet.public",
            "module.vpc.aws_vpn_gateway_route_propagation.intra",
            "module.vpc.aws_network_acl.public",
            "module.vpc.aws_network_acl_rule.database_inbound",
            "module.vpc.aws_route_table.redshift",
            "module.vpc.aws_subnet.intra",
            "module.vpc.data.aws_iam_policy_document.vpc_flow_log_cloudwatch",
            "module.vpc.aws_flow_log.this",
            "module.vpc.aws_route_table.database",
            "module.vpc.aws_network_acl.outpost",
            "module.vpc.aws_vpc_dhcp_options_association.this",
            "module.vpc.aws_nat_gateway.this",
            "module.vpc.aws_network_acl_rule.public_inbound",
            "module.vpc.aws_vpc.this",
            "module.vpc.aws_db_subnet_group.database",
            "module.vpc.aws_elasticache_subnet_group.elasticache",
            "module.vpc.aws_route_table_association.redshift",
            "module.vpc.aws_vpn_gateway.this",
            "module.vpc.aws_vpn_gateway_attachment.this",
            "module.vpc.aws_network_acl_rule.outpost_outbound",
            "module.vpc.aws_route_table_association.elasticache"
          ]
        }
      ]
    },
    {
      "module": "module.alb",
      "mode": "managed",
      "type": "aws_lb_listener",
      "name": "listener",
      "provider": "provider[\"registry.terraform.io/hashicorp/aws\"]",
      "instances": [
        {
          "index_key": "cms-lb-listeners",
          "schema_version": 0,
          "attributes": {
            "alpn_policy": null,
            "arn": "arn:aws:elasticloadbalancing:ap-northeast-1:718286959245:listener/app/tf-lb-20211015052119186300000001/1a4921b590b44cb8/b5a751ac54479290",
            "certificate_arn": "",
            "default_action": [
              {
                "authenticate_cognito": [],
                "authenticate_oidc": [],
                "fixed_response": [],
                "forward": [],
                "order": 1,
                "redirect": [],
                "target_group_arn": "arn:aws:elasticloadbalancing:ap-northeast-1:718286959245:targetgroup/tf-20211015051813812100000002/0c2e44f89b4ac392",
                "type": "forward"
              }
            ],
            "id": "arn:aws:elasticloadbalancing:ap-northeast-1:718286959245:listener/app/tf-lb-20211015052119186300000001/1a4921b590b44cb8/b5a751ac54479290",
            "load_balancer_arn": "arn:aws:elasticloadbalancing:ap-northeast-1:718286959245:loadbalancer/app/tf-lb-20211015052119186300000001/1a4921b590b44cb8",
            "port": 80,
            "protocol": "HTTP",
            "ssl_policy": "",
            "tags": {},
            "tags_all": {},
            "timeouts": null
          },
          "sensitive_attributes": [],
          "private": "eyJlMmJmYjczMC1lY2FhLTExZTYtOGY4OC0zNDM2M2JjN2M0YzAiOnsicmVhZCI6NjAwMDAwMDAwMDAwfX0=",
          "dependencies": [
            "module.vpc.aws_default_vpc.this",
            "module.vpc.aws_subnet.intra",
            "module.vpc.aws_route_table.public",
            "module.vpc.aws_subnet.database",
            "module.alb.aws_lb_target_group.target_group",
            "module.vpc.aws_network_acl.redshift",
            "module.vpc.aws_route_table.database",
            "module.vpc.aws_default_network_acl.this",
            "module.vpc.aws_route.database_nat_gateway",
            "module.vpc.aws_vpc_dhcp_options.this",
            "module.vpc.aws_vpc_dhcp_options_association.this",
            "module.vpc.aws_vpc_ipv4_cidr_block_association.this",
            "module.vpc.aws_vpn_gateway_route_propagation.intra",
            "module.vpc.aws_internet_gateway.this",
            "module.vpc.aws_network_acl_rule.intra_inbound",
            "module.vpc.aws_route_table_association.elasticache",
            "module.vpc.aws_network_acl.database",
            "module.vpc.aws_network_acl.intra",
            "module.vpc.aws_network_acl_rule.outpost_inbound",
            "module.vpc.aws_route_table.intra",
            "module.vpc.aws_route_table.private",
            "module.vpc.aws_default_route_table.default",
            "module.vpc.aws_eip.nat",
            "module.vpc.aws_elasticache_subnet_group.elasticache",
            "module.vpc.aws_subnet.private",
            "module.vpc.data.aws_iam_policy_document.vpc_flow_log_cloudwatch",
            "module.vpc.aws_vpn_gateway_route_propagation.public",
            "module.vpc.aws_iam_role_policy_attachment.vpc_flow_log_cloudwatch",
            "module.vpc.aws_network_acl_rule.private_inbound",
            "module.vpc.aws_route.public_internet_gateway",
            "module.vpc.aws_route.private_ipv6_egress",
            "module.vpc.aws_route_table.redshift",
            "module.vpc.aws_route_table_association.public",
            "module.vpc.aws_subnet.outpost",
            "module.vpc.aws_vpn_gateway_attachment.this",
            "module.vpc.aws_network_acl.public",
            "module.vpc.aws_network_acl_rule.private_outbound",
            "module.vpc.aws_network_acl_rule.redshift_inbound",
            "module.vpc.aws_network_acl_rule.public_inbound",
            "module.vpc.aws_route_table_association.redshift_public",
            "module.vpc.aws_subnet.elasticache",
            "module.alb.aws_lb.load_balancer",
            "module.vpc.aws_default_security_group.this",
            "module.vpc.aws_iam_role.vpc_flow_log_cloudwatch",
            "module.vpc.aws_vpn_gateway.this",
            "module.vpc.aws_vpn_gateway_route_propagation.private",
            "module.vpc.aws_network_acl_rule.public_outbound",
            "module.vpc.aws_route_table.elasticache",
            "module.vpc.aws_route_table_association.intra",
            "module.vpc.aws_cloudwatch_log_group.flow_log",
            "module.vpc.aws_network_acl.private",
            "module.vpc.aws_network_acl_rule.intra_outbound",
            "module.vpc.aws_network_acl_rule.redshift_outbound",
            "module.vpc.aws_subnet.public",
            "module.vpc.aws_subnet.redshift",
            "module.vpc.aws_customer_gateway.this",
            "module.vpc.aws_nat_gateway.this",
            "module.vpc.aws_network_acl.outpost",
            "module.vpc.aws_redshift_subnet_group.redshift",
            "module.vpc.aws_route.private_nat_gateway",
            "module.vpc.aws_route_table_association.database",
            "module.vpc.aws_route_table_association.private",
            "module.vpc.aws_vpc.this",
            "module.vpc.aws_iam_policy.vpc_flow_log_cloudwatch",
            "module.vpc.aws_network_acl.elasticache",
            "module.vpc.aws_network_acl_rule.database_outbound",
            "module.vpc.data.aws_iam_policy_document.flow_log_cloudwatch_assume_role",
            "module.alb.aws_security_group.default",
            "module.vpc.aws_egress_only_internet_gateway.this",
            "module.vpc.aws_network_acl_rule.elasticache_outbound",
            "module.vpc.aws_route_table_association.outpost",
            "module.vpc.aws_network_acl_rule.database_inbound",
            "module.vpc.aws_network_acl_rule.outpost_outbound",
            "module.vpc.aws_route.database_ipv6_egress",
            "module.vpc.aws_network_acl_rule.elasticache_inbound",
            "module.vpc.aws_route.database_internet_gateway",
            "module.vpc.aws_route.public_internet_gateway_ipv6",
            "module.vpc.aws_route_table_association.redshift",
            "module.alb.data.aws_vpc.vpc",
            "module.vpc.aws_db_subnet_group.database",
            "module.vpc.aws_flow_log.this"
          ]
        }
      ]
    },
    {
      "module": "module.alb",
      "mode": "managed",
      "type": "aws_lb_target_group",
      "name": "target_group",
      "provider": "provider[\"registry.terraform.io/hashicorp/aws\"]",
      "instances": [
        {
          "index_key": "cms-lb-target-group",
          "schema_version": 0,
          "attributes": {
            "arn": "arn:aws:elasticloadbalancing:ap-northeast-1:718286959245:targetgroup/tf-20211015051813812100000002/0c2e44f89b4ac392",
            "arn_suffix": "targetgroup/tf-20211015051813812100000002/0c2e44f89b4ac392",
            "deregistration_delay": "300",
            "health_check": [
              {
                "enabled": true,
                "healthy_threshold": 10,
                "interval": 25,
                "matcher": "200",
                "path": "/health",
                "port": "80",
                "protocol": "HTTP",
                "timeout": 5,
                "unhealthy_threshold": 10
              }
            ],
            "id": "arn:aws:elasticloadbalancing:ap-northeast-1:718286959245:targetgroup/tf-20211015051813812100000002/0c2e44f89b4ac392",
            "lambda_multi_value_headers_enabled": false,
            "load_balancing_algorithm_type": "round_robin",
            "name": "tf-20211015051813812100000002",
            "name_prefix": null,
            "port": 80,
            "preserve_client_ip": null,
            "protocol": "HTTP",
            "protocol_version": "HTTP1",
            "proxy_protocol_v2": false,
            "slow_start": 0,
            "stickiness": [
              {
                "cookie_duration": 86400,
                "cookie_name": "",
                "enabled": false,
                "type": "lb_cookie"
              }
            ],
            "tags": {
              "Component": "cms",
              "DeploymentIdentifier": "production",
              "Name": "cms-production-80-HTTP"
            },
            "tags_all": {
              "Component": "cms",
              "DeploymentIdentifier": "production",
              "Name": "cms-production-80-HTTP"
            },
            "target_type": "ip",
            "vpc_id": "vpc-068a7b6b25bf2c661"
          },
          "sensitive_attributes": [],
          "private": "bnVsbA==",
          "dependencies": [
            "module.vpc.aws_iam_role_policy_attachment.vpc_flow_log_cloudwatch",
            "module.vpc.aws_route_table.redshift",
            "module.vpc.aws_vpn_gateway_route_propagation.private",
            "module.vpc.aws_route_table_association.database",
            "module.vpc.aws_db_subnet_group.database",
            "module.vpc.aws_network_acl.public",
            "module.vpc.aws_network_acl_rule.outpost_inbound",
            "module.vpc.aws_network_acl_rule.public_outbound",
            "module.vpc.aws_route.database_ipv6_egress",
            "module.vpc.aws_route.private_nat_gateway",
            "module.vpc.aws_route_table.database",
            "module.vpc.aws_subnet.outpost",
            "module.vpc.aws_subnet.redshift",
            "module.vpc.data.aws_iam_policy_document.vpc_flow_log_cloudwatch",
            "module.vpc.aws_internet_gateway.this",
            "module.vpc.aws_network_acl.elasticache",
            "module.vpc.aws_network_acl.intra",
            "module.vpc.aws_route_table.public",
            "module.vpc.aws_route_table_association.intra",
            "module.vpc.aws_route_table_association.private",
            "module.vpc.aws_subnet.elasticache",
            "module.vpc.aws_eip.nat",
            "module.vpc.aws_flow_log.this",
            "module.vpc.aws_iam_policy.vpc_flow_log_cloudwatch",
            "module.vpc.aws_network_acl_rule.private_outbound",
            "module.vpc.aws_route_table.elasticache",
            "module.vpc.aws_route_table_association.redshift_public",
            "module.vpc.aws_network_acl.redshift",
            "module.vpc.aws_network_acl_rule.database_outbound",
            "module.vpc.aws_route_table_association.public",
            "module.vpc.aws_vpc_dhcp_options_association.this",
            "module.vpc.aws_network_acl.private",
            "module.vpc.aws_subnet.database",
            "module.vpc.aws_vpc_ipv4_cidr_block_association.this",
            "module.vpc.aws_vpn_gateway_route_propagation.public",
            "module.alb.data.aws_vpc.vpc",
            "module.vpc.aws_elasticache_subnet_group.elasticache",
            "module.vpc.aws_network_acl_rule.intra_outbound",
            "module.vpc.aws_network_acl_rule.public_inbound",
            "module.vpc.aws_route.database_internet_gateway",
            "module.vpc.aws_vpc_dhcp_options.this",
            "module.alb.aws_lb.load_balancer",
            "module.vpc.aws_nat_gateway.this",
            "module.vpc.aws_network_acl.database",
            "module.vpc.aws_network_acl_rule.intra_inbound",
            "module.alb.aws_security_group.default",
            "module.vpc.aws_network_acl_rule.database_inbound",
            "module.vpc.aws_route.database_nat_gateway",
            "module.vpc.aws_route.public_internet_gateway_ipv6",
            "module.vpc.aws_vpn_gateway.this",
            "module.vpc.aws_vpn_gateway_route_propagation.intra",
            "module.vpc.aws_subnet.public",
            "module.vpc.aws_egress_only_internet_gateway.this",
            "module.vpc.aws_network_acl_rule.elasticache_inbound",
            "module.vpc.aws_network_acl_rule.redshift_inbound",
            "module.vpc.aws_redshift_subnet_group.redshift",
            "module.vpc.aws_route_table_association.elasticache",
            "module.vpc.aws_subnet.intra",
            "module.vpc.aws_subnet.private",
            "module.vpc.aws_customer_gateway.this",
            "module.vpc.aws_network_acl_rule.elasticache_outbound",
            "module.vpc.aws_network_acl_rule.outpost_outbound",
            "module.vpc.aws_network_acl_rule.redshift_outbound",
            "module.vpc.aws_vpn_gateway_attachment.this",
            "module.vpc.aws_network_acl.outpost",
            "module.vpc.aws_network_acl_rule.private_inbound",
            "module.vpc.aws_route_table.private",
            "module.vpc.aws_vpc.this",
            "module.vpc.aws_cloudwatch_log_group.flow_log",
            "module.vpc.aws_default_security_group.this",
            "module.vpc.aws_route.public_internet_gateway",
            "module.vpc.data.aws_iam_policy_document.flow_log_cloudwatch_assume_role",
            "module.vpc.aws_route_table_association.redshift",
            "module.vpc.aws_default_network_acl.this",
            "module.vpc.aws_default_route_table.default",
            "module.vpc.aws_default_vpc.this",
            "module.vpc.aws_iam_role.vpc_flow_log_cloudwatch",
            "module.vpc.aws_route.private_ipv6_egress",
            "module.vpc.aws_route_table.intra",
            "module.vpc.aws_route_table_association.outpost"
          ]
        }
      ]
    },
    {
      "module": "module.alb",
      "mode": "managed",
      "type": "aws_security_group",
      "name": "default",
      "provider": "provider[\"registry.terraform.io/hashicorp/aws\"]",
      "instances": [
        {
          "index_key": "default",
          "schema_version": 1,
          "attributes": {
            "arn": "arn:aws:ec2:ap-northeast-1:718286959245:security-group/sg-0659a45de1ef2a8d4",
            "description": "ALB security group for: cms, deployment: production",
            "egress": [
              {
                "cidr_blocks": [
                  "0.0.0.0/0"
                ],
                "description": "",
                "from_port": 0,
                "ipv6_cidr_blocks": [],
                "prefix_list_ids": [],
                "protocol": "tcp",
                "security_groups": [],
                "self": false,
                "to_port": 65535
              }
            ],
            "id": "sg-0659a45de1ef2a8d4",
            "ingress": [
              {
                "cidr_blocks": [
                  "0.0.0.0/0"
                ],
                "description": "",
                "from_port": 80,
                "ipv6_cidr_blocks": [],
                "prefix_list_ids": [],
                "protocol": "tcp",
                "security_groups": [],
                "self": false,
                "to_port": 80
              }
            ],
            "name": "cms-production",
            "name_prefix": "",
            "owner_id": "718286959245",
            "revoke_rules_on_delete": false,
            "tags": {
              "Component": "cms",
              "DeploymentIdentifier": "production",
              "Name": "cms-production"
            },
            "tags_all": {
              "Component": "cms",
              "DeploymentIdentifier": "production",
              "Name": "cms-production"
            },
            "timeouts": null,
            "vpc_id": "vpc-068a7b6b25bf2c661"
          },
          "sensitive_attributes": [],
          "private": "eyJlMmJmYjczMC1lY2FhLTExZTYtOGY4OC0zNDM2M2JjN2M0YzAiOnsiY3JlYXRlIjo2MDAwMDAwMDAwMDAsImRlbGV0ZSI6OTAwMDAwMDAwMDAwfSwic2NoZW1hX3ZlcnNpb24iOiIxIn0=",
          "dependencies": [
            "module.vpc.aws_vpn_gateway_route_propagation.public",
            "module.vpc.aws_redshift_subnet_group.redshift",
            "module.vpc.aws_route_table_association.private",
            "module.vpc.aws_vpc_dhcp_options_association.this",
            "module.vpc.aws_cloudwatch_log_group.flow_log",
            "module.vpc.aws_network_acl.intra",
            "module.vpc.aws_network_acl.database",
            "module.vpc.aws_network_acl_rule.database_inbound",
            "module.vpc.aws_route_table.elasticache",
            "module.vpc.aws_route_table_association.redshift_public",
            "module.vpc.aws_subnet.database",
            "module.vpc.aws_db_subnet_group.database",
            "module.vpc.aws_eip.nat",
            "module.vpc.aws_iam_role_policy_attachment.vpc_flow_log_cloudwatch",
            "module.vpc.aws_subnet.intra",
            "module.vpc.aws_network_acl.redshift",
            "module.vpc.aws_network_acl_rule.elasticache_outbound",
            "module.vpc.aws_route_table_association.public",
            "module.vpc.aws_subnet.redshift",
            "module.vpc.aws_default_vpc.this",
            "module.vpc.aws_flow_log.this",
            "module.vpc.aws_internet_gateway.this",
            "module.vpc.aws_network_acl_rule.redshift_inbound",
            "module.vpc.aws_network_acl_rule.redshift_outbound",
            "module.vpc.aws_route.database_ipv6_egress",
            "module.vpc.aws_route_table.redshift",
            "module.vpc.aws_network_acl.private",
            "module.vpc.aws_network_acl_rule.elasticache_inbound",
            "module.vpc.aws_route_table.public",
            "module.vpc.aws_network_acl_rule.public_inbound",
            "module.vpc.aws_route.public_internet_gateway_ipv6",
            "module.vpc.aws_route_table_association.redshift",
            "module.vpc.aws_vpc_ipv4_cidr_block_association.this",
            "module.vpc.aws_default_route_table.default",
            "module.vpc.aws_elasticache_subnet_group.elasticache",
            "module.vpc.aws_iam_policy.vpc_flow_log_cloudwatch",
            "module.vpc.aws_vpc.this",
            "module.vpc.aws_vpc_dhcp_options.this",
            "module.alb.data.aws_vpc.vpc",
            "module.vpc.aws_network_acl_rule.intra_inbound",
            "module.vpc.aws_route.private_nat_gateway",
            "module.vpc.aws_vpn_gateway.this",
            "module.vpc.aws_vpn_gateway_route_propagation.intra",
            "module.vpc.aws_vpn_gateway_route_propagation.private",
            "module.vpc.aws_network_acl_rule.outpost_outbound",
            "module.vpc.aws_network_acl_rule.private_outbound",
            "module.vpc.aws_route_table_association.intra",
            "module.vpc.aws_route_table.private",
            "module.vpc.aws_subnet.outpost",
            "module.vpc.aws_default_security_group.this",
            "module.vpc.aws_egress_only_internet_gateway.this",
            "module.vpc.aws_network_acl_rule.database_outbound",
            "module.vpc.aws_route_table.intra",
            "module.vpc.data.aws_iam_policy_document.flow_log_cloudwatch_assume_role",
            "module.vpc.aws_nat_gateway.this",
            "module.vpc.aws_network_acl_rule.outpost_inbound",
            "module.vpc.aws_network_acl_rule.public_outbound",
            "module.vpc.aws_subnet.public",
            "module.vpc.data.aws_iam_policy_document.vpc_flow_log_cloudwatch",
            "module.vpc.aws_network_acl_rule.private_inbound",
            "module.vpc.aws_route.database_internet_gateway",
            "module.vpc.aws_route_table_association.database",
            "module.vpc.aws_default_network_acl.this",
            "module.vpc.aws_route.public_internet_gateway",
            "module.vpc.aws_vpn_gateway_attachment.this",
            "module.vpc.aws_network_acl.public",
            "module.vpc.aws_route_table.database",
            "module.vpc.aws_subnet.private",
            "module.vpc.aws_subnet.elasticache",
            "module.vpc.aws_route.database_nat_gateway",
            "module.vpc.aws_route_table_association.elasticache",
            "module.vpc.aws_route_table_association.outpost",
            "module.vpc.aws_network_acl.outpost",
            "module.vpc.aws_network_acl_rule.intra_outbound",
            "module.vpc.aws_route.private_ipv6_egress",
            "module.vpc.aws_customer_gateway.this",
            "module.vpc.aws_iam_role.vpc_flow_log_cloudwatch",
            "module.vpc.aws_network_acl.elasticache"
          ]
        }
      ]
    },
    {
      "module": "module.alb",
      "mode": "managed",
      "type": "aws_security_group_rule",
      "name": "default_egress",
      "provider": "provider[\"registry.terraform.io/hashicorp/aws\"]",
      "instances": [
        {
          "index_key": "default",
          "schema_version": 2,
          "attributes": {
            "cidr_blocks": [
              "0.0.0.0/0"
            ],
            "description": "",
            "from_port": 0,
            "id": "sgrule-2183178773",
            "ipv6_cidr_blocks": [],
            "prefix_list_ids": [],
            "protocol": "tcp",
            "security_group_id": "sg-0659a45de1ef2a8d4",
            "self": false,
            "source_security_group_id": null,
            "to_port": 65535,
            "type": "egress"
          },
          "sensitive_attributes": [],
          "private": "eyJzY2hlbWFfdmVyc2lvbiI6IjIifQ==",
          "dependencies": [
            "module.vpc.aws_network_acl_rule.public_outbound",
            "module.vpc.aws_subnet.database",
            "module.vpc.aws_vpc_dhcp_options_association.this",
            "module.alb.data.aws_vpc.vpc",
            "module.vpc.aws_route_table_association.elasticache",
            "module.vpc.aws_iam_role.vpc_flow_log_cloudwatch",
            "module.vpc.aws_network_acl_rule.intra_outbound",
            "module.vpc.aws_network_acl_rule.outpost_inbound",
            "module.vpc.aws_route_table.private",
            "module.vpc.aws_route_table_association.redshift",
            "module.vpc.aws_internet_gateway.this",
            "module.vpc.aws_eip.nat",
            "module.vpc.aws_network_acl_rule.public_inbound",
            "module.vpc.aws_network_acl_rule.redshift_inbound",
            "module.vpc.aws_route.private_ipv6_egress",
            "module.vpc.aws_route_table.public",
            "module.vpc.aws_route_table_association.public",
            "module.vpc.aws_route_table_association.redshift_public",
            "module.vpc.aws_customer_gateway.this",
            "module.vpc.aws_network_acl_rule.intra_inbound",
            "module.vpc.aws_route_table.intra",
            "module.vpc.aws_vpn_gateway_route_propagation.public",
            "module.alb.aws_security_group.default",
            "module.vpc.aws_network_acl_rule.private_inbound",
            "module.vpc.aws_route_table.elasticache",
            "module.vpc.aws_network_acl_rule.outpost_outbound",
            "module.vpc.aws_route.database_nat_gateway",
            "module.vpc.aws_route_table.redshift",
            "module.vpc.aws_vpc_dhcp_options.this",
            "module.vpc.aws_cloudwatch_log_group.flow_log",
            "module.vpc.aws_default_security_group.this",
            "module.vpc.aws_iam_role_policy_attachment.vpc_flow_log_cloudwatch",
            "module.vpc.aws_network_acl.elasticache",
            "module.vpc.aws_network_acl_rule.elasticache_outbound",
            "module.vpc.aws_route.database_internet_gateway",
            "module.vpc.aws_route.public_internet_gateway_ipv6",
            "module.vpc.aws_subnet.intra",
            "module.vpc.aws_default_route_table.default",
            "module.vpc.aws_network_acl_rule.database_inbound",
            "module.vpc.aws_route_table_association.outpost",
            "module.vpc.aws_subnet.outpost",
            "module.vpc.aws_network_acl.intra",
            "module.vpc.aws_flow_log.this",
            "module.vpc.aws_network_acl_rule.redshift_outbound",
            "module.vpc.aws_route.database_ipv6_egress",
            "module.vpc.aws_route_table_association.database",
            "module.vpc.aws_default_vpc.this",
            "module.vpc.aws_vpc.this",
            "module.vpc.aws_vpn_gateway_route_propagation.private",
            "module.vpc.aws_subnet.redshift",
            "module.vpc.aws_network_acl_rule.database_outbound",
            "module.vpc.aws_network_acl_rule.elasticache_inbound",
            "module.vpc.aws_route.private_nat_gateway",
            "module.vpc.aws_vpn_gateway_route_propagation.intra",
            "module.vpc.aws_elasticache_subnet_group.elasticache",
            "module.vpc.aws_network_acl.private",
            "module.vpc.aws_network_acl.public",
            "module.vpc.aws_route_table_association.private",
            "module.vpc.aws_subnet.private",
            "module.vpc.aws_vpn_gateway_attachment.this",
            "module.vpc.data.aws_iam_policy_document.flow_log_cloudwatch_assume_role",
            "module.vpc.aws_db_subnet_group.database",
            "module.vpc.aws_network_acl.database",
            "module.vpc.aws_route_table.database",
            "module.vpc.aws_vpc_ipv4_cidr_block_association.this",
            "module.vpc.aws_iam_policy.vpc_flow_log_cloudwatch",
            "module.vpc.aws_redshift_subnet_group.redshift",
            "module.vpc.aws_route_table_association.intra",
            "module.vpc.aws_vpn_gateway.this",
            "module.vpc.aws_network_acl_rule.private_outbound",
            "module.vpc.aws_egress_only_internet_gateway.this",
            "module.vpc.aws_nat_gateway.this",
            "module.vpc.aws_network_acl.outpost",
            "module.vpc.aws_network_acl.redshift",
            "module.vpc.aws_route.public_internet_gateway",
            "module.vpc.aws_subnet.elasticache",
            "module.vpc.aws_subnet.public",
            "module.vpc.aws_default_network_acl.this",
            "module.vpc.data.aws_iam_policy_document.vpc_flow_log_cloudwatch"
          ]
        }
      ]
    },
    {
      "module": "module.alb",
      "mode": "managed",
      "type": "aws_security_group_rule",
      "name": "default_ingress",
      "provider": "provider[\"registry.terraform.io/hashicorp/aws\"]",
      "instances": [
        {
          "index_key": "cms-lb-listeners",
          "schema_version": 2,
          "attributes": {
            "cidr_blocks": [
              "0.0.0.0/0"
            ],
            "description": "",
            "from_port": 80,
            "id": "sgrule-3862813167",
            "ipv6_cidr_blocks": [],
            "prefix_list_ids": [],
            "protocol": "tcp",
            "security_group_id": "sg-0659a45de1ef2a8d4",
            "self": false,
            "source_security_group_id": null,
            "to_port": 80,
            "type": "ingress"
          },
          "sensitive_attributes": [],
          "private": "eyJzY2hlbWFfdmVyc2lvbiI6IjIifQ==",
          "dependencies": [
            "module.vpc.aws_egress_only_internet_gateway.this",
            "module.vpc.aws_redshift_subnet_group.redshift",
            "module.vpc.aws_vpc.this",
            "module.vpc.aws_vpn_gateway_attachment.this",
            "module.vpc.aws_vpn_gateway_route_propagation.private",
            "module.vpc.aws_elasticache_subnet_group.elasticache",
            "module.vpc.aws_subnet.intra",
            "module.vpc.aws_subnet.public",
            "module.alb.data.aws_vpc.vpc",
            "module.vpc.aws_network_acl_rule.public_outbound",
            "module.vpc.aws_route.public_internet_gateway_ipv6",
            "module.vpc.aws_route_table_association.database",
            "module.vpc.aws_route_table_association.outpost",
            "module.vpc.aws_route_table_association.private",
            "module.vpc.aws_customer_gateway.this",
            "module.vpc.aws_eip.nat",
            "module.vpc.aws_iam_policy.vpc_flow_log_cloudwatch",
            "module.vpc.aws_network_acl_rule.database_inbound",
            "module.vpc.aws_route_table.private",
            "module.vpc.aws_route_table_association.intra",
            "module.vpc.aws_default_network_acl.this",
            "module.vpc.aws_network_acl_rule.database_outbound",
            "module.vpc.aws_vpc_ipv4_cidr_block_association.this",
            "module.vpc.aws_vpn_gateway.this",
            "module.vpc.aws_network_acl.redshift",
            "module.vpc.aws_route.database_nat_gateway",
            "module.vpc.aws_route_table_association.redshift",
            "module.vpc.aws_subnet.database",
            "module.vpc.aws_flow_log.this",
            "module.vpc.aws_route.private_nat_gateway",
            "module.vpc.aws_route_table.database",
            "module.vpc.aws_route_table.intra",
            "module.vpc.aws_route_table.public",
            "module.vpc.aws_network_acl.public",
            "module.vpc.aws_vpc_dhcp_options_association.this",
            "module.vpc.aws_network_acl.elasticache",
            "module.vpc.aws_network_acl_rule.outpost_inbound",
            "module.vpc.aws_route.database_ipv6_egress",
            "module.vpc.aws_route.public_internet_gateway",
            "module.vpc.aws_subnet.private",
            "module.vpc.aws_vpn_gateway_route_propagation.intra",
            "module.vpc.aws_route_table_association.redshift_public",
            "module.vpc.aws_vpc_dhcp_options.this",
            "module.vpc.aws_default_vpc.this",
            "module.vpc.aws_internet_gateway.this",
            "module.vpc.aws_network_acl.intra",
            "module.vpc.aws_network_acl.outpost",
            "module.vpc.aws_network_acl_rule.redshift_outbound",
            "module.vpc.aws_route.private_ipv6_egress",
            "module.vpc.data.aws_iam_policy_document.vpc_flow_log_cloudwatch",
            "module.alb.aws_security_group.default",
            "module.vpc.aws_network_acl_rule.elasticache_outbound",
            "module.vpc.aws_subnet.outpost",
            "module.vpc.aws_iam_role.vpc_flow_log_cloudwatch",
            "module.vpc.aws_nat_gateway.this",
            "module.vpc.aws_network_acl_rule.intra_outbound",
            "module.vpc.aws_network_acl_rule.redshift_inbound",
            "module.vpc.aws_route_table.redshift",
            "module.vpc.aws_route_table_association.elasticache",
            "module.vpc.aws_db_subnet_group.database",
            "module.vpc.aws_default_route_table.default",
            "module.vpc.aws_default_security_group.this",
            "module.vpc.aws_iam_role_policy_attachment.vpc_flow_log_cloudwatch",
            "module.vpc.aws_network_acl_rule.elasticache_inbound",
            "module.vpc.aws_network_acl_rule.outpost_outbound",
            "module.vpc.aws_subnet.elasticache",
            "module.vpc.aws_cloudwatch_log_group.flow_log",
            "module.vpc.aws_network_acl.database",
            "module.vpc.aws_network_acl.private",
            "module.vpc.aws_route_table.elasticache",
            "module.vpc.data.aws_iam_policy_document.flow_log_cloudwatch_assume_role",
            "module.vpc.aws_subnet.redshift",
            "module.vpc.aws_vpn_gateway_route_propagation.public",
            "module.vpc.aws_network_acl_rule.intra_inbound",
            "module.vpc.aws_network_acl_rule.private_inbound",
            "module.vpc.aws_network_acl_rule.private_outbound",
            "module.vpc.aws_network_acl_rule.public_inbound",
            "module.vpc.aws_route.database_internet_gateway",
            "module.vpc.aws_route_table_association.public"
          ]
        }
      ]
    },
    {
      "module": "module.lambda_sendemail",
      "mode": "data",
      "type": "aws_iam_policy_document",
      "name": "assume_role",
      "provider": "provider[\"registry.terraform.io/hashicorp/aws\"]",
      "instances": [
        {
          "index_key": 0,
          "schema_version": 0,
          "attributes": {
            "id": "3693445097",
            "json": "{\n  \"Version\": \"2012-10-17\",\n  \"Statement\": [\n    {\n      \"Sid\": \"\",\n      \"Effect\": \"Allow\",\n      \"Action\": \"sts:AssumeRole\",\n      \"Principal\": {\n        \"Service\": \"lambda.amazonaws.com\"\n      }\n    }\n  ]\n}",
            "override_json": null,
            "override_policy_documents": null,
            "policy_id": null,
            "source_json": null,
            "source_policy_documents": null,
            "statement": [
              {
                "actions": [
                  "sts:AssumeRole"
                ],
                "condition": [],
                "effect": "Allow",
                "not_actions": [],
                "not_principals": [],
                "not_resources": [],
                "principals": [
                  {
                    "identifiers": [
                      "lambda.amazonaws.com"
                    ],
                    "type": "Service"
                  }
                ],
                "resources": [],
                "sid": ""
              }
            ],
            "version": "2012-10-17"
          },
          "sensitive_attributes": []
        }
      ]
    },
    {
      "module": "module.lambda_sendemail",
      "mode": "data",
      "type": "aws_iam_policy_document",
      "name": "logs",
      "provider": "provider[\"registry.terraform.io/hashicorp/aws\"]",
      "instances": [
        {
          "index_key": 0,
          "schema_version": 0,
          "attributes": {
            "id": "847171175",
            "json": "{\n  \"Version\": \"2012-10-17\",\n  \"Statement\": [\n    {\n      \"Sid\": \"\",\n      \"Effect\": \"Allow\",\n      \"Action\": [\n        \"logs:PutLogEvents\",\n        \"logs:CreateLogStream\",\n        \"logs:CreateLogGroup\"\n      ],\n      \"Resource\": [\n        \"arn:aws:logs:ap-northeast-1:718286959245:log-group:/aws/lambda/cms-send-email:*:*\",\n        \"arn:aws:logs:ap-northeast-1:718286959245:log-group:/aws/lambda/cms-send-email:*\"\n      ]\n    }\n  ]\n}",
            "override_json": null,
            "override_policy_documents": null,
            "policy_id": null,
            "source_json": null,
            "source_policy_documents": null,
            "statement": [
              {
                "actions": [
                  "logs:CreateLogGroup",
                  "logs:CreateLogStream",
                  "logs:PutLogEvents"
                ],
                "condition": [],
                "effect": "Allow",
                "not_actions": [],
                "not_principals": [],
                "not_resources": [],
                "principals": [],
                "resources": [
                  "arn:aws:logs:ap-northeast-1:718286959245:log-group:/aws/lambda/cms-send-email:*",
                  "arn:aws:logs:ap-northeast-1:718286959245:log-group:/aws/lambda/cms-send-email:*:*"
                ],
                "sid": ""
              }
            ],
            "version": "2012-10-17"
          },
          "sensitive_attributes": []
        }
      ]
    },
    {
      "module": "module.lambda_sendemail",
      "mode": "data",
      "type": "aws_partition",
      "name": "current",
      "provider": "provider[\"registry.terraform.io/hashicorp/aws\"]",
      "instances": [
        {
          "schema_version": 0,
          "attributes": {
            "dns_suffix": "amazonaws.com",
            "id": "aws",
            "partition": "aws",
            "reverse_dns_prefix": "com.amazonaws"
          },
          "sensitive_attributes": []
        }
      ]
    },
    {
      "module": "module.vpc",
      "mode": "managed",
      "type": "aws_internet_gateway",
      "name": "this",
      "provider": "provider[\"registry.terraform.io/hashicorp/aws\"]",
      "instances": [
        {
          "index_key": 0,
          "schema_version": 0,
          "attributes": {
            "arn": "arn:aws:ec2:ap-northeast-1:718286959245:internet-gateway/igw-0f4f7bb84da995a0a",
            "id": "igw-0f4f7bb84da995a0a",
            "owner_id": "718286959245",
            "tags": {
              "Environment": "dev",
              "Name": "cms-vpc-igw",
              "Terraform": "true"
            },
            "tags_all": {
              "Environment": "dev",
              "Name": "cms-vpc-igw",
              "Terraform": "true"
            },
            "vpc_id": "vpc-068a7b6b25bf2c661"
          },
          "sensitive_attributes": [],
          "private": "bnVsbA==",
          "dependencies": [
            "module.vpc.aws_vpc.this",
            "module.vpc.aws_vpc_ipv4_cidr_block_association.this"
          ]
        }
      ]
    },
    {
      "module": "module.vpc",
      "mode": "managed",
      "type": "aws_route",
      "name": "public_internet_gateway",
      "provider": "provider[\"registry.terraform.io/hashicorp/aws\"]",
      "instances": [
        {
          "index_key": 0,
          "schema_version": 0,
          "attributes": {
            "carrier_gateway_id": "",
            "destination_cidr_block": "0.0.0.0/0",
            "destination_ipv6_cidr_block": "",
            "destination_prefix_list_id": "",
            "egress_only_gateway_id": "",
            "gateway_id": "igw-0f4f7bb84da995a0a",
            "id": "r-rtb-039e2d71484cf5f631080289494",
            "instance_id": "",
            "instance_owner_id": "",
            "local_gateway_id": "",
            "nat_gateway_id": "",
            "network_interface_id": "",
            "origin": "CreateRoute",
            "route_table_id": "rtb-039e2d71484cf5f63",
            "state": "active",
            "timeouts": {
              "create": "5m",
              "delete": null,
              "update": null
            },
            "transit_gateway_id": "",
            "vpc_endpoint_id": "",
            "vpc_peering_connection_id": ""
          },
          "sensitive_attributes": [],
          "private": "eyJlMmJmYjczMC1lY2FhLTExZTYtOGY4OC0zNDM2M2JjN2M0YzAiOnsiY3JlYXRlIjozMDAwMDAwMDAwMDAsImRlbGV0ZSI6MzAwMDAwMDAwMDAwLCJ1cGRhdGUiOjEyMDAwMDAwMDAwMH19",
          "dependencies": [
            "module.vpc.aws_internet_gateway.this",
            "module.vpc.aws_route_table.public",
            "module.vpc.aws_vpc.this",
            "module.vpc.aws_vpc_ipv4_cidr_block_association.this"
          ]
        }
      ]
    },
    {
      "module": "module.vpc",
      "mode": "managed",
      "type": "aws_route_table",
      "name": "private",
      "provider": "provider[\"registry.terraform.io/hashicorp/aws\"]",
      "instances": [
        {
          "index_key": 0,
          "schema_version": 0,
          "attributes": {
            "arn": "arn:aws:ec2:ap-northeast-1:718286959245:route-table/rtb-0c3c3b626b6757075",
            "id": "rtb-0c3c3b626b6757075",
            "owner_id": "718286959245",
            "propagating_vgws": [],
            "route": [],
            "tags": {
              "Environment": "dev",
              "Name": "cms-vpc-private-route-table",
              "Terraform": "true"
            },
            "tags_all": {
              "Environment": "dev",
              "Name": "cms-vpc-private-route-table",
              "Terraform": "true"
            },
            "timeouts": null,
            "vpc_id": "vpc-068a7b6b25bf2c661"
          },
          "sensitive_attributes": [],
          "private": "eyJlMmJmYjczMC1lY2FhLTExZTYtOGY4OC0zNDM2M2JjN2M0YzAiOnsiY3JlYXRlIjoxMjAwMDAwMDAwMDAsImRlbGV0ZSI6MzAwMDAwMDAwMDAwLCJ1cGRhdGUiOjEyMDAwMDAwMDAwMH19",
          "dependencies": [
            "module.vpc.aws_vpc.this",
            "module.vpc.aws_vpc_ipv4_cidr_block_association.this"
          ]
        },
        {
          "index_key": 1,
          "schema_version": 0,
          "attributes": {
            "arn": "arn:aws:ec2:ap-northeast-1:718286959245:route-table/rtb-0ef10699f5b724de5",
            "id": "rtb-0ef10699f5b724de5",
            "owner_id": "718286959245",
            "propagating_vgws": [],
            "route": [],
            "tags": {
              "Environment": "dev",
              "Name": "cms-vpc-private-route-table",
              "Terraform": "true"
            },
            "tags_all": {
              "Environment": "dev",
              "Name": "cms-vpc-private-route-table",
              "Terraform": "true"
            },
            "timeouts": null,
            "vpc_id": "vpc-068a7b6b25bf2c661"
          },
          "sensitive_attributes": [],
          "private": "eyJlMmJmYjczMC1lY2FhLTExZTYtOGY4OC0zNDM2M2JjN2M0YzAiOnsiY3JlYXRlIjoxMjAwMDAwMDAwMDAsImRlbGV0ZSI6MzAwMDAwMDAwMDAwLCJ1cGRhdGUiOjEyMDAwMDAwMDAwMH19",
          "dependencies": [
            "module.vpc.aws_vpc.this",
            "module.vpc.aws_vpc_ipv4_cidr_block_association.this"
          ]
        }
      ]
    },
    {
      "module": "module.vpc",
      "mode": "managed",
      "type": "aws_route_table",
      "name": "public",
      "provider": "provider[\"registry.terraform.io/hashicorp/aws\"]",
      "instances": [
        {
          "index_key": 0,
          "schema_version": 0,
          "attributes": {
            "arn": "arn:aws:ec2:ap-northeast-1:718286959245:route-table/rtb-039e2d71484cf5f63",
            "id": "rtb-039e2d71484cf5f63",
            "owner_id": "718286959245",
            "propagating_vgws": [],
            "route": [
              {
                "carrier_gateway_id": "",
                "cidr_block": "0.0.0.0/0",
                "destination_prefix_list_id": "",
                "egress_only_gateway_id": "",
                "gateway_id": "igw-0f4f7bb84da995a0a",
                "instance_id": "",
                "ipv6_cidr_block": "",
                "local_gateway_id": "",
                "nat_gateway_id": "",
                "network_interface_id": "",
                "transit_gateway_id": "",
                "vpc_endpoint_id": "",
                "vpc_peering_connection_id": ""
              }
            ],
            "tags": {
              "Environment": "dev",
              "Name": "cms-vpc-public-route-table",
              "Terraform": "true"
            },
            "tags_all": {
              "Environment": "dev",
              "Name": "cms-vpc-public-route-table",
              "Terraform": "true"
            },
            "timeouts": null,
            "vpc_id": "vpc-068a7b6b25bf2c661"
          },
          "sensitive_attributes": [],
          "private": "eyJlMmJmYjczMC1lY2FhLTExZTYtOGY4OC0zNDM2M2JjN2M0YzAiOnsiY3JlYXRlIjoxMjAwMDAwMDAwMDAsImRlbGV0ZSI6MzAwMDAwMDAwMDAwLCJ1cGRhdGUiOjEyMDAwMDAwMDAwMH19",
          "dependencies": [
            "module.vpc.aws_vpc_ipv4_cidr_block_association.this",
            "module.vpc.aws_vpc.this"
          ]
        }
      ]
    },
    {
      "module": "module.vpc",
      "mode": "managed",
      "type": "aws_route_table_association",
      "name": "private",
      "provider": "provider[\"registry.terraform.io/hashicorp/aws\"]",
      "instances": [
        {
          "index_key": 0,
          "schema_version": 0,
          "attributes": {
            "gateway_id": "",
            "id": "rtbassoc-024ac7461d42d4766",
            "route_table_id": "rtb-0c3c3b626b6757075",
            "subnet_id": "subnet-02903c16a5522f210"
          },
          "sensitive_attributes": [],
          "private": "bnVsbA==",
          "dependencies": [
            "module.vpc.aws_vpc.this",
            "module.vpc.aws_vpc_ipv4_cidr_block_association.this",
            "module.vpc.aws_route_table.private",
            "module.vpc.aws_subnet.private"
          ]
        },
        {
          "index_key": 1,
          "schema_version": 0,
          "attributes": {
            "gateway_id": "",
            "id": "rtbassoc-035d77d987d221237",
            "route_table_id": "rtb-0ef10699f5b724de5",
            "subnet_id": "subnet-0789072a7c5a54cdf"
          },
          "sensitive_attributes": [],
          "private": "bnVsbA==",
          "dependencies": [
            "module.vpc.aws_subnet.private",
            "module.vpc.aws_vpc.this",
            "module.vpc.aws_vpc_ipv4_cidr_block_association.this",
            "module.vpc.aws_route_table.private"
          ]
        }
      ]
    },
    {
      "module": "module.vpc",
      "mode": "managed",
      "type": "aws_route_table_association",
      "name": "public",
      "provider": "provider[\"registry.terraform.io/hashicorp/aws\"]",
      "instances": [
        {
          "index_key": 0,
          "schema_version": 0,
          "attributes": {
            "gateway_id": "",
            "id": "rtbassoc-0d64ac23cb6a8d204",
            "route_table_id": "rtb-039e2d71484cf5f63",
            "subnet_id": "subnet-0c0381e5e01e1c8a2"
          },
          "sensitive_attributes": [],
          "private": "bnVsbA==",
          "dependencies": [
            "module.vpc.aws_route_table.public",
            "module.vpc.aws_subnet.public",
            "module.vpc.aws_vpc.this",
            "module.vpc.aws_vpc_ipv4_cidr_block_association.this"
          ]
        },
        {
          "index_key": 1,
          "schema_version": 0,
          "attributes": {
            "gateway_id": "",
            "id": "rtbassoc-0b5a535fe2e7f7500",
            "route_table_id": "rtb-039e2d71484cf5f63",
            "subnet_id": "subnet-0d7603d0148f8fd57"
          },
          "sensitive_attributes": [],
          "private": "bnVsbA==",
          "dependencies": [
            "module.vpc.aws_route_table.public",
            "module.vpc.aws_subnet.public",
            "module.vpc.aws_vpc.this",
            "module.vpc.aws_vpc_ipv4_cidr_block_association.this"
          ]
        }
      ]
    },
    {
      "module": "module.vpc",
      "mode": "managed",
      "type": "aws_subnet",
      "name": "private",
      "provider": "provider[\"registry.terraform.io/hashicorp/aws\"]",
      "instances": [
        {
          "index_key": 0,
          "schema_version": 1,
          "attributes": {
            "arn": "arn:aws:ec2:ap-northeast-1:718286959245:subnet/subnet-02903c16a5522f210",
            "assign_ipv6_address_on_creation": false,
            "availability_zone": "ap-northeast-1a",
            "availability_zone_id": "apne1-az4",
            "cidr_block": "10.0.1.0/24",
            "customer_owned_ipv4_pool": "",
            "id": "subnet-02903c16a5522f210",
            "ipv6_cidr_block": "",
            "ipv6_cidr_block_association_id": "",
            "map_customer_owned_ip_on_launch": false,
            "map_public_ip_on_launch": false,
            "outpost_arn": "",
            "owner_id": "718286959245",
            "tags": {
              "Environment": "dev",
              "Name": "cms-vpc-private-subnet",
              "Terraform": "true"
            },
            "tags_all": {
              "Environment": "dev",
              "Name": "cms-vpc-private-subnet",
              "Terraform": "true"
            },
            "timeouts": null,
            "vpc_id": "vpc-068a7b6b25bf2c661"
          },
          "sensitive_attributes": [],
          "private": "eyJlMmJmYjczMC1lY2FhLTExZTYtOGY4OC0zNDM2M2JjN2M0YzAiOnsiY3JlYXRlIjo2MDAwMDAwMDAwMDAsImRlbGV0ZSI6MTIwMDAwMDAwMDAwMH0sInNjaGVtYV92ZXJzaW9uIjoiMSJ9",
          "dependencies": [
            "module.vpc.aws_vpc.this",
            "module.vpc.aws_vpc_ipv4_cidr_block_association.this"
          ]
        },
        {
          "index_key": 1,
          "schema_version": 1,
          "attributes": {
            "arn": "arn:aws:ec2:ap-northeast-1:718286959245:subnet/subnet-0789072a7c5a54cdf",
            "assign_ipv6_address_on_creation": false,
            "availability_zone": "ap-northeast-1c",
            "availability_zone_id": "apne1-az1",
            "cidr_block": "10.0.2.0/24",
            "customer_owned_ipv4_pool": "",
            "id": "subnet-0789072a7c5a54cdf",
            "ipv6_cidr_block": "",
            "ipv6_cidr_block_association_id": "",
            "map_customer_owned_ip_on_launch": false,
            "map_public_ip_on_launch": false,
            "outpost_arn": "",
            "owner_id": "718286959245",
            "tags": {
              "Environment": "dev",
              "Name": "cms-vpc-private-subnet",
              "Terraform": "true"
            },
            "tags_all": {
              "Environment": "dev",
              "Name": "cms-vpc-private-subnet",
              "Terraform": "true"
            },
            "timeouts": null,
            "vpc_id": "vpc-068a7b6b25bf2c661"
          },
          "sensitive_attributes": [],
          "private": "eyJlMmJmYjczMC1lY2FhLTExZTYtOGY4OC0zNDM2M2JjN2M0YzAiOnsiY3JlYXRlIjo2MDAwMDAwMDAwMDAsImRlbGV0ZSI6MTIwMDAwMDAwMDAwMH0sInNjaGVtYV92ZXJzaW9uIjoiMSJ9",
          "dependencies": [
            "module.vpc.aws_vpc.this",
            "module.vpc.aws_vpc_ipv4_cidr_block_association.this"
          ]
        }
      ]
    },
    {
      "module": "module.vpc",
      "mode": "managed",
      "type": "aws_subnet",
      "name": "public",
      "provider": "provider[\"registry.terraform.io/hashicorp/aws\"]",
      "instances": [
        {
          "index_key": 0,
          "schema_version": 1,
          "attributes": {
            "arn": "arn:aws:ec2:ap-northeast-1:718286959245:subnet/subnet-0c0381e5e01e1c8a2",
            "assign_ipv6_address_on_creation": false,
            "availability_zone": "ap-northeast-1a",
            "availability_zone_id": "apne1-az4",
            "cidr_block": "10.0.101.0/24",
            "customer_owned_ipv4_pool": "",
            "id": "subnet-0c0381e5e01e1c8a2",
            "ipv6_cidr_block": "",
            "ipv6_cidr_block_association_id": "",
            "map_customer_owned_ip_on_launch": false,
            "map_public_ip_on_launch": true,
            "outpost_arn": "",
            "owner_id": "718286959245",
            "tags": {
              "Environment": "dev",
              "Name": "cms-vpc-public-subnet",
              "Terraform": "true"
            },
            "tags_all": {
              "Environment": "dev",
              "Name": "cms-vpc-public-subnet",
              "Terraform": "true"
            },
            "timeouts": null,
            "vpc_id": "vpc-068a7b6b25bf2c661"
          },
          "sensitive_attributes": [],
          "private": "eyJlMmJmYjczMC1lY2FhLTExZTYtOGY4OC0zNDM2M2JjN2M0YzAiOnsiY3JlYXRlIjo2MDAwMDAwMDAwMDAsImRlbGV0ZSI6MTIwMDAwMDAwMDAwMH0sInNjaGVtYV92ZXJzaW9uIjoiMSJ9",
          "dependencies": [
            "module.vpc.aws_vpc.this",
            "module.vpc.aws_vpc_ipv4_cidr_block_association.this"
          ]
        },
        {
          "index_key": 1,
          "schema_version": 1,
          "attributes": {
            "arn": "arn:aws:ec2:ap-northeast-1:718286959245:subnet/subnet-0d7603d0148f8fd57",
            "assign_ipv6_address_on_creation": false,
            "availability_zone": "ap-northeast-1c",
            "availability_zone_id": "apne1-az1",
            "cidr_block": "10.0.102.0/24",
            "customer_owned_ipv4_pool": "",
            "id": "subnet-0d7603d0148f8fd57",
            "ipv6_cidr_block": "",
            "ipv6_cidr_block_association_id": "",
            "map_customer_owned_ip_on_launch": false,
            "map_public_ip_on_launch": true,
            "outpost_arn": "",
            "owner_id": "718286959245",
            "tags": {
              "Environment": "dev",
              "Name": "cms-vpc-public-subnet",
              "Terraform": "true"
            },
            "tags_all": {
              "Environment": "dev",
              "Name": "cms-vpc-public-subnet",
              "Terraform": "true"
            },
            "timeouts": null,
            "vpc_id": "vpc-068a7b6b25bf2c661"
          },
          "sensitive_attributes": [],
          "private": "eyJlMmJmYjczMC1lY2FhLTExZTYtOGY4OC0zNDM2M2JjN2M0YzAiOnsiY3JlYXRlIjo2MDAwMDAwMDAwMDAsImRlbGV0ZSI6MTIwMDAwMDAwMDAwMH0sInNjaGVtYV92ZXJzaW9uIjoiMSJ9",
          "dependencies": [
            "module.vpc.aws_vpc.this",
            "module.vpc.aws_vpc_ipv4_cidr_block_association.this"
          ]
        }
      ]
    },
    {
      "module": "module.vpc",
      "mode": "managed",
      "type": "aws_vpc",
      "name": "this",
      "provider": "provider[\"registry.terraform.io/hashicorp/aws\"]",
      "instances": [
        {
          "index_key": 0,
          "schema_version": 1,
          "attributes": {
            "arn": "arn:aws:ec2:ap-northeast-1:718286959245:vpc/vpc-068a7b6b25bf2c661",
            "assign_generated_ipv6_cidr_block": false,
            "cidr_block": "10.0.0.0/16",
            "default_network_acl_id": "acl-01e3fd500c10e3b09",
            "default_route_table_id": "rtb-00bf0e51bb7a01447",
            "default_security_group_id": "sg-06d9a00fe2ff63d02",
            "dhcp_options_id": "dopt-0ff03709bb0b71417",
            "enable_classiclink": false,
            "enable_classiclink_dns_support": false,
            "enable_dns_hostnames": true,
            "enable_dns_support": true,
            "id": "vpc-068a7b6b25bf2c661",
            "instance_tenancy": "default",
            "ipv6_association_id": "",
            "ipv6_cidr_block": "",
            "main_route_table_id": "rtb-00bf0e51bb7a01447",
            "owner_id": "718286959245",
            "tags": {
              "Environment": "dev",
              "Name": "cms-vpc",
              "Terraform": "true"
            },
            "tags_all": {
              "Environment": "dev",
              "Name": "cms-vpc",
              "Terraform": "true"
            }
          },
          "sensitive_attributes": [],
          "private": "eyJzY2hlbWFfdmVyc2lvbiI6IjEifQ=="
        }
      ]
    }
  ]
}
