
Microsoft Visual Studio Solution File, Format Version 12.00
# Visual Studio Version 16
VisualStudioVersion = 16.0.31624.102
MinimumVisualStudioVersion = 10.0.40219.1
Project("{9A19103F-16F7-4668-BE54-9A1E7A4F7556}") = "aws.lambda.example", "aws.lambda.example\aws.lambda.example.csproj", "{D49E024B-366C-4612-B1D2-8E21D1D9A903}"
EndProject
Global
	GlobalSection(SolutionConfigurationPlatforms) = preSolution
		Debug|Any CPU = Debug|Any CPU
		Release|Any CPU = Release|Any CPU
	EndGlobalSection
	GlobalSection(ProjectConfigurationPlatforms) = postSolution
		{D49E024B-366C-4612-B1D2-8E21D1D9A903}.Debug|Any CPU.ActiveCfg = Debug|Any CPU
		{D49E024B-366C-4612-B1D2-8E21D1D9A903}.Debug|Any CPU.Build.0 = Debug|Any CPU
		{D49E024B-366C-4612-B1D2-8E21D1D9A903}.Release|Any CPU.ActiveCfg = Release|Any CPU
		{D49E024B-366C-4612-B1D2-8E21D1D9A903}.Release|Any CPU.Build.0 = Release|Any CPU
	EndGlobalSection
	GlobalSection(SolutionProperties) = preSolution
		HideSolutionNode = FALSE
	EndGlobalSection
	GlobalSection(ExtensibilityGlobals) = postSolution
		SolutionGuid = {12BBD545-D73D-48E7-BE1A-579545A03F0E}
	EndGlobalSection
EndGlobal
